
Microsoft Visual Studio Solution File, Format Version 12.00
# Visual Studio 15
VisualStudioVersion = 15.0.26124.0
MinimumVisualStudioVersion = 15.0.26124.0
Project("{2150E333-8FDC-42A3-9474-1A3956D46DE8}") = "Code", "Code", "{115F7604-E6C0-44EF-BAAB-A3E3310916F2}"
EndProject
Project("{FAE04EC0-301F-11D3-BF4B-00C04F79EFBC}") = "PullReqTest.Api", "Code\PullReqTest.Api\PullReqTest.Api.csproj", "{5E91EDCB-39D2-4547-ABD9-7A76F26D9309}"
EndProject
Project("{FAE04EC0-301F-11D3-BF4B-00C04F79EFBC}") = "PullReqTest.Business", "Code\PullReqTest.Business\PullReqTest.Business.csproj", "{01831106-5490-4F0D-ADB7-B194E3026E4B}"
EndProject
Project("{FAE04EC0-301F-11D3-BF4B-00C04F79EFBC}") = "PullReqTest.Data", "Code\PullReqTest.Data\PullReqTest.Data.csproj", "{928E712F-E3B8-45A2-ABCD-F4F5860474E1}"
EndProject
Project("{FAE04EC0-301F-11D3-BF4B-00C04F79EFBC}") = "PullReqTest.Entities", "Code\PullReqTest.Entities\PullReqTest.Entities.csproj", "{D135B9DA-E858-4BD3-8742-5F369506C8EF}"
EndProject
Project("{FAE04EC0-301F-11D3-BF4B-00C04F79EFBC}") = "PullReqTest.Test.Api", "Code\PullReqTest.Test.Api\PullReqTest.Test.Api.csproj", "{C406C21D-9FED-463F-9E28-BAE6BB025678}"
EndProject
Project("{FAE04EC0-301F-11D3-BF4B-00C04F79EFBC}") = "PullReqTest.Test.Business", "Code\PullReqTest.Test.Business\PullReqTest.Test.Business.csproj", "{1515A0C4-1BD2-481D-801A-2B07B8A86F6D}"
EndProject
Project("{FAE04EC0-301F-11D3-BF4B-00C04F79EFBC}") = "PullReqTest.Test.Framework", "Code\PullReqTest.Test.Framework\PullReqTest.Test.Framework.csproj", "{AD45E6E0-64F4-464C-A047-D90D11248BFC}"
EndProject
Project("{2150E333-8FDC-42A3-9474-1A3956D46DE8}") = "Test", "Test", "{AD445CFC-94B5-4392-805C-4B09691EA58A}"
EndProject
Global
	GlobalSection(SolutionConfigurationPlatforms) = preSolution
		Debug|Any CPU = Debug|Any CPU
		Debug|x64 = Debug|x64
		Debug|x86 = Debug|x86
		Release|Any CPU = Release|Any CPU
		Release|x64 = Release|x64
		Release|x86 = Release|x86
	EndGlobalSection
	GlobalSection(SolutionProperties) = preSolution
		HideSolutionNode = FALSE
	EndGlobalSection
	GlobalSection(ProjectConfigurationPlatforms) = postSolution
		{5E91EDCB-39D2-4547-ABD9-7A76F26D9309}.Debug|Any CPU.ActiveCfg = Debug|Any CPU
		{5E91EDCB-39D2-4547-ABD9-7A76F26D9309}.Debug|Any CPU.Build.0 = Debug|Any CPU
		{5E91EDCB-39D2-4547-ABD9-7A76F26D9309}.Debug|x64.ActiveCfg = Debug|Any CPU
		{5E91EDCB-39D2-4547-ABD9-7A76F26D9309}.Debug|x64.Build.0 = Debug|Any CPU
		{5E91EDCB-39D2-4547-ABD9-7A76F26D9309}.Debug|x86.ActiveCfg = Debug|Any CPU
		{5E91EDCB-39D2-4547-ABD9-7A76F26D9309}.Debug|x86.Build.0 = Debug|Any CPU
		{5E91EDCB-39D2-4547-ABD9-7A76F26D9309}.Release|Any CPU.ActiveCfg = Release|Any CPU
		{5E91EDCB-39D2-4547-ABD9-7A76F26D9309}.Release|Any CPU.Build.0 = Release|Any CPU
		{5E91EDCB-39D2-4547-ABD9-7A76F26D9309}.Release|x64.ActiveCfg = Release|Any CPU
		{5E91EDCB-39D2-4547-ABD9-7A76F26D9309}.Release|x64.Build.0 = Release|Any CPU
		{5E91EDCB-39D2-4547-ABD9-7A76F26D9309}.Release|x86.ActiveCfg = Release|Any CPU
		{5E91EDCB-39D2-4547-ABD9-7A76F26D9309}.Release|x86.Build.0 = Release|Any CPU
		{01831106-5490-4F0D-ADB7-B194E3026E4B}.Debug|Any CPU.ActiveCfg = Debug|Any CPU
		{01831106-5490-4F0D-ADB7-B194E3026E4B}.Debug|Any CPU.Build.0 = Debug|Any CPU
		{01831106-5490-4F0D-ADB7-B194E3026E4B}.Debug|x64.ActiveCfg = Debug|Any CPU
		{01831106-5490-4F0D-ADB7-B194E3026E4B}.Debug|x64.Build.0 = Debug|Any CPU
		{01831106-5490-4F0D-ADB7-B194E3026E4B}.Debug|x86.ActiveCfg = Debug|Any CPU
		{01831106-5490-4F0D-ADB7-B194E3026E4B}.Debug|x86.Build.0 = Debug|Any CPU
		{01831106-5490-4F0D-ADB7-B194E3026E4B}.Release|Any CPU.ActiveCfg = Release|Any CPU
		{01831106-5490-4F0D-ADB7-B194E3026E4B}.Release|Any CPU.Build.0 = Release|Any CPU
		{01831106-5490-4F0D-ADB7-B194E3026E4B}.Release|x64.ActiveCfg = Release|Any CPU
		{01831106-5490-4F0D-ADB7-B194E3026E4B}.Release|x64.Build.0 = Release|Any CPU
		{01831106-5490-4F0D-ADB7-B194E3026E4B}.Release|x86.ActiveCfg = Release|Any CPU
		{01831106-5490-4F0D-ADB7-B194E3026E4B}.Release|x86.Build.0 = Release|Any CPU
		{928E712F-E3B8-45A2-ABCD-F4F5860474E1}.Debug|Any CPU.ActiveCfg = Debug|Any CPU
		{928E712F-E3B8-45A2-ABCD-F4F5860474E1}.Debug|Any CPU.Build.0 = Debug|Any CPU
		{928E712F-E3B8-45A2-ABCD-F4F5860474E1}.Debug|x64.ActiveCfg = Debug|Any CPU
		{928E712F-E3B8-45A2-ABCD-F4F5860474E1}.Debug|x64.Build.0 = Debug|Any CPU
		{928E712F-E3B8-45A2-ABCD-F4F5860474E1}.Debug|x86.ActiveCfg = Debug|Any CPU
		{928E712F-E3B8-45A2-ABCD-F4F5860474E1}.Debug|x86.Build.0 = Debug|Any CPU
		{928E712F-E3B8-45A2-ABCD-F4F5860474E1}.Release|Any CPU.ActiveCfg = Release|Any CPU
		{928E712F-E3B8-45A2-ABCD-F4F5860474E1}.Release|Any CPU.Build.0 = Release|Any CPU
		{928E712F-E3B8-45A2-ABCD-F4F5860474E1}.Release|x64.ActiveCfg = Release|Any CPU
		{928E712F-E3B8-45A2-ABCD-F4F5860474E1}.Release|x64.Build.0 = Release|Any CPU
		{928E712F-E3B8-45A2-ABCD-F4F5860474E1}.Release|x86.ActiveCfg = Release|Any CPU
		{928E712F-E3B8-45A2-ABCD-F4F5860474E1}.Release|x86.Build.0 = Release|Any CPU
		{D135B9DA-E858-4BD3-8742-5F369506C8EF}.Debug|Any CPU.ActiveCfg = Debug|Any CPU
		{D135B9DA-E858-4BD3-8742-5F369506C8EF}.Debug|Any CPU.Build.0 = Debug|Any CPU
		{D135B9DA-E858-4BD3-8742-5F369506C8EF}.Debug|x64.ActiveCfg = Debug|Any CPU
		{D135B9DA-E858-4BD3-8742-5F369506C8EF}.Debug|x64.Build.0 = Debug|Any CPU
		{D135B9DA-E858-4BD3-8742-5F369506C8EF}.Debug|x86.ActiveCfg = Debug|Any CPU
		{D135B9DA-E858-4BD3-8742-5F369506C8EF}.Debug|x86.Build.0 = Debug|Any CPU
		{D135B9DA-E858-4BD3-8742-5F369506C8EF}.Release|Any CPU.ActiveCfg = Release|Any CPU
		{D135B9DA-E858-4BD3-8742-5F369506C8EF}.Release|Any CPU.Build.0 = Release|Any CPU
		{D135B9DA-E858-4BD3-8742-5F369506C8EF}.Release|x64.ActiveCfg = Release|Any CPU
		{D135B9DA-E858-4BD3-8742-5F369506C8EF}.Release|x64.Build.0 = Release|Any CPU
		{D135B9DA-E858-4BD3-8742-5F369506C8EF}.Release|x86.ActiveCfg = Release|Any CPU
		{D135B9DA-E858-4BD3-8742-5F369506C8EF}.Release|x86.Build.0 = Release|Any CPU
		{C406C21D-9FED-463F-9E28-BAE6BB025678}.Debug|Any CPU.ActiveCfg = Debug|Any CPU
		{C406C21D-9FED-463F-9E28-BAE6BB025678}.Debug|Any CPU.Build.0 = Debug|Any CPU
		{C406C21D-9FED-463F-9E28-BAE6BB025678}.Debug|x64.ActiveCfg = Debug|Any CPU
		{C406C21D-9FED-463F-9E28-BAE6BB025678}.Debug|x64.Build.0 = Debug|Any CPU
		{C406C21D-9FED-463F-9E28-BAE6BB025678}.Debug|x86.ActiveCfg = Debug|Any CPU
		{C406C21D-9FED-463F-9E28-BAE6BB025678}.Debug|x86.Build.0 = Debug|Any CPU
		{C406C21D-9FED-463F-9E28-BAE6BB025678}.Release|Any CPU.ActiveCfg = Release|Any CPU
		{C406C21D-9FED-463F-9E28-BAE6BB025678}.Release|Any CPU.Build.0 = Release|Any CPU
		{C406C21D-9FED-463F-9E28-BAE6BB025678}.Release|x64.ActiveCfg = Release|Any CPU
		{C406C21D-9FED-463F-9E28-BAE6BB025678}.Release|x64.Build.0 = Release|Any CPU
		{C406C21D-9FED-463F-9E28-BAE6BB025678}.Release|x86.ActiveCfg = Release|Any CPU
		{C406C21D-9FED-463F-9E28-BAE6BB025678}.Release|x86.Build.0 = Release|Any CPU
		{1515A0C4-1BD2-481D-801A-2B07B8A86F6D}.Debug|Any CPU.ActiveCfg = Debug|Any CPU
		{1515A0C4-1BD2-481D-801A-2B07B8A86F6D}.Debug|Any CPU.Build.0 = Debug|Any CPU
		{1515A0C4-1BD2-481D-801A-2B07B8A86F6D}.Debug|x64.ActiveCfg = Debug|Any CPU
		{1515A0C4-1BD2-481D-801A-2B07B8A86F6D}.Debug|x64.Build.0 = Debug|Any CPU
		{1515A0C4-1BD2-481D-801A-2B07B8A86F6D}.Debug|x86.ActiveCfg = Debug|Any CPU
		{1515A0C4-1BD2-481D-801A-2B07B8A86F6D}.Debug|x86.Build.0 = Debug|Any CPU
		{1515A0C4-1BD2-481D-801A-2B07B8A86F6D}.Release|Any CPU.ActiveCfg = Release|Any CPU
		{1515A0C4-1BD2-481D-801A-2B07B8A86F6D}.Release|Any CPU.Build.0 = Release|Any CPU
		{1515A0C4-1BD2-481D-801A-2B07B8A86F6D}.Release|x64.ActiveCfg = Release|Any CPU
		{1515A0C4-1BD2-481D-801A-2B07B8A86F6D}.Release|x64.Build.0 = Release|Any CPU
		{1515A0C4-1BD2-481D-801A-2B07B8A86F6D}.Release|x86.ActiveCfg = Release|Any CPU
		{1515A0C4-1BD2-481D-801A-2B07B8A86F6D}.Release|x86.Build.0 = Release|Any CPU
		{AD45E6E0-64F4-464C-A047-D90D11248BFC}.Debug|Any CPU.ActiveCfg = Debug|Any CPU
		{AD45E6E0-64F4-464C-A047-D90D11248BFC}.Debug|Any CPU.Build.0 = Debug|Any CPU
		{AD45E6E0-64F4-464C-A047-D90D11248BFC}.Debug|x64.ActiveCfg = Debug|Any CPU
		{AD45E6E0-64F4-464C-A047-D90D11248BFC}.Debug|x64.Build.0 = Debug|Any CPU
		{AD45E6E0-64F4-464C-A047-D90D11248BFC}.Debug|x86.ActiveCfg = Debug|Any CPU
		{AD45E6E0-64F4-464C-A047-D90D11248BFC}.Debug|x86.Build.0 = Debug|Any CPU
		{AD45E6E0-64F4-464C-A047-D90D11248BFC}.Release|Any CPU.ActiveCfg = Release|Any CPU
		{AD45E6E0-64F4-464C-A047-D90D11248BFC}.Release|Any CPU.Build.0 = Release|Any CPU
		{AD45E6E0-64F4-464C-A047-D90D11248BFC}.Release|x64.ActiveCfg = Release|Any CPU
		{AD45E6E0-64F4-464C-A047-D90D11248BFC}.Release|x64.Build.0 = Release|Any CPU
		{AD45E6E0-64F4-464C-A047-D90D11248BFC}.Release|x86.ActiveCfg = Release|Any CPU
		{AD45E6E0-64F4-464C-A047-D90D11248BFC}.Release|x86.Build.0 = Release|Any CPU
	EndGlobalSection
	GlobalSection(NestedProjects) = preSolution
		{5E91EDCB-39D2-4547-ABD9-7A76F26D9309} = {115F7604-E6C0-44EF-BAAB-A3E3310916F2}
		{01831106-5490-4F0D-ADB7-B194E3026E4B} = {115F7604-E6C0-44EF-BAAB-A3E3310916F2}
		{928E712F-E3B8-45A2-ABCD-F4F5860474E1} = {115F7604-E6C0-44EF-BAAB-A3E3310916F2}
		{D135B9DA-E858-4BD3-8742-5F369506C8EF} = {115F7604-E6C0-44EF-BAAB-A3E3310916F2}
		{C406C21D-9FED-463F-9E28-BAE6BB025678} = {AD445CFC-94B5-4392-805C-4B09691EA58A}
		{1515A0C4-1BD2-481D-801A-2B07B8A86F6D} = {AD445CFC-94B5-4392-805C-4B09691EA58A}
		{AD45E6E0-64F4-464C-A047-D90D11248BFC} = {AD445CFC-94B5-4392-805C-4B09691EA58A}
	EndGlobalSection
EndGlobal
