
Microsoft Visual Studio Solution File, Format Version 12.00
# Visual Studio 15
VisualStudioVersion = 15.0.26124.0
MinimumVisualStudioVersion = 15.0.26124.0
Project("{2150E333-8FDC-42A3-9474-1A3956D46DE8}") = "Code", "Code", "{E7CF9603-136E-4634-B0EB-9ACA9FFDFD13}"
EndProject
Project("{FAE04EC0-301F-11D3-BF4B-00C04F79EFBC}") = "democomp.Api", "Code\democomp.Api\democomp.Api.csproj", "{F5AF62DE-AF8F-4AE5-B007-8A04F34CE492}"
EndProject
Project("{FAE04EC0-301F-11D3-BF4B-00C04F79EFBC}") = "democomp.Business", "Code\democomp.Business\democomp.Business.csproj", "{C494999D-22D6-40F9-9510-577905EFF9B2}"
EndProject
Project("{FAE04EC0-301F-11D3-BF4B-00C04F79EFBC}") = "democomp.Data", "Code\democomp.Data\democomp.Data.csproj", "{E624D0A5-A93F-42E9-AD43-EBCEB721332F}"
EndProject
Project("{FAE04EC0-301F-11D3-BF4B-00C04F79EFBC}") = "democomp.Entities", "Code\democomp.Entities\democomp.Entities.csproj", "{DDF73B3C-AC3E-4216-994E-EA91092C3BCA}"
EndProject
Project("{FAE04EC0-301F-11D3-BF4B-00C04F79EFBC}") = "democomp.Test.Api", "Code\democomp.Test.Api\democomp.Test.Api.csproj", "{33282FB6-31B6-4040-B982-6F8564B1316C}"
EndProject
Project("{FAE04EC0-301F-11D3-BF4B-00C04F79EFBC}") = "democomp.Test.Business", "Code\democomp.Test.Business\democomp.Test.Business.csproj", "{5D5BCAA6-01EA-4B2B-86CA-EC2D002333BD}"
EndProject
Project("{FAE04EC0-301F-11D3-BF4B-00C04F79EFBC}") = "democomp.Test.Framework", "Code\democomp.Test.Framework\democomp.Test.Framework.csproj", "{F921C8DC-58FD-4DEE-A041-3C5F45252B2C}"
EndProject
Project("{2150E333-8FDC-42A3-9474-1A3956D46DE8}") = "Test", "Test", "{7CAC9E58-7ADD-430E-880F-EDD6B04BF8E6}"
EndProject
Global
	GlobalSection(SolutionConfigurationPlatforms) = preSolution
		Debug|Any CPU = Debug|Any CPU
		Debug|x64 = Debug|x64
		Debug|x86 = Debug|x86
		Release|Any CPU = Release|Any CPU
		Release|x64 = Release|x64
		Release|x86 = Release|x86
	EndGlobalSection
	GlobalSection(SolutionProperties) = preSolution
		HideSolutionNode = FALSE
	EndGlobalSection
	GlobalSection(ProjectConfigurationPlatforms) = postSolution
		{F5AF62DE-AF8F-4AE5-B007-8A04F34CE492}.Debug|Any CPU.ActiveCfg = Debug|Any CPU
		{F5AF62DE-AF8F-4AE5-B007-8A04F34CE492}.Debug|Any CPU.Build.0 = Debug|Any CPU
		{F5AF62DE-AF8F-4AE5-B007-8A04F34CE492}.Debug|x64.ActiveCfg = Debug|Any CPU
		{F5AF62DE-AF8F-4AE5-B007-8A04F34CE492}.Debug|x64.Build.0 = Debug|Any CPU
		{F5AF62DE-AF8F-4AE5-B007-8A04F34CE492}.Debug|x86.ActiveCfg = Debug|Any CPU
		{F5AF62DE-AF8F-4AE5-B007-8A04F34CE492}.Debug|x86.Build.0 = Debug|Any CPU
		{F5AF62DE-AF8F-4AE5-B007-8A04F34CE492}.Release|Any CPU.ActiveCfg = Release|Any CPU
		{F5AF62DE-AF8F-4AE5-B007-8A04F34CE492}.Release|Any CPU.Build.0 = Release|Any CPU
		{F5AF62DE-AF8F-4AE5-B007-8A04F34CE492}.Release|x64.ActiveCfg = Release|Any CPU
		{F5AF62DE-AF8F-4AE5-B007-8A04F34CE492}.Release|x64.Build.0 = Release|Any CPU
		{F5AF62DE-AF8F-4AE5-B007-8A04F34CE492}.Release|x86.ActiveCfg = Release|Any CPU
		{F5AF62DE-AF8F-4AE5-B007-8A04F34CE492}.Release|x86.Build.0 = Release|Any CPU
		{C494999D-22D6-40F9-9510-577905EFF9B2}.Debug|Any CPU.ActiveCfg = Debug|Any CPU
		{C494999D-22D6-40F9-9510-577905EFF9B2}.Debug|Any CPU.Build.0 = Debug|Any CPU
		{C494999D-22D6-40F9-9510-577905EFF9B2}.Debug|x64.ActiveCfg = Debug|Any CPU
		{C494999D-22D6-40F9-9510-577905EFF9B2}.Debug|x64.Build.0 = Debug|Any CPU
		{C494999D-22D6-40F9-9510-577905EFF9B2}.Debug|x86.ActiveCfg = Debug|Any CPU
		{C494999D-22D6-40F9-9510-577905EFF9B2}.Debug|x86.Build.0 = Debug|Any CPU
		{C494999D-22D6-40F9-9510-577905EFF9B2}.Release|Any CPU.ActiveCfg = Release|Any CPU
		{C494999D-22D6-40F9-9510-577905EFF9B2}.Release|Any CPU.Build.0 = Release|Any CPU
		{C494999D-22D6-40F9-9510-577905EFF9B2}.Release|x64.ActiveCfg = Release|Any CPU
		{C494999D-22D6-40F9-9510-577905EFF9B2}.Release|x64.Build.0 = Release|Any CPU
		{C494999D-22D6-40F9-9510-577905EFF9B2}.Release|x86.ActiveCfg = Release|Any CPU
		{C494999D-22D6-40F9-9510-577905EFF9B2}.Release|x86.Build.0 = Release|Any CPU
		{E624D0A5-A93F-42E9-AD43-EBCEB721332F}.Debug|Any CPU.ActiveCfg = Debug|Any CPU
		{E624D0A5-A93F-42E9-AD43-EBCEB721332F}.Debug|Any CPU.Build.0 = Debug|Any CPU
		{E624D0A5-A93F-42E9-AD43-EBCEB721332F}.Debug|x64.ActiveCfg = Debug|Any CPU
		{E624D0A5-A93F-42E9-AD43-EBCEB721332F}.Debug|x64.Build.0 = Debug|Any CPU
		{E624D0A5-A93F-42E9-AD43-EBCEB721332F}.Debug|x86.ActiveCfg = Debug|Any CPU
		{E624D0A5-A93F-42E9-AD43-EBCEB721332F}.Debug|x86.Build.0 = Debug|Any CPU
		{E624D0A5-A93F-42E9-AD43-EBCEB721332F}.Release|Any CPU.ActiveCfg = Release|Any CPU
		{E624D0A5-A93F-42E9-AD43-EBCEB721332F}.Release|Any CPU.Build.0 = Release|Any CPU
		{E624D0A5-A93F-42E9-AD43-EBCEB721332F}.Release|x64.ActiveCfg = Release|Any CPU
		{E624D0A5-A93F-42E9-AD43-EBCEB721332F}.Release|x64.Build.0 = Release|Any CPU
		{E624D0A5-A93F-42E9-AD43-EBCEB721332F}.Release|x86.ActiveCfg = Release|Any CPU
		{E624D0A5-A93F-42E9-AD43-EBCEB721332F}.Release|x86.Build.0 = Release|Any CPU
		{DDF73B3C-AC3E-4216-994E-EA91092C3BCA}.Debug|Any CPU.ActiveCfg = Debug|Any CPU
		{DDF73B3C-AC3E-4216-994E-EA91092C3BCA}.Debug|Any CPU.Build.0 = Debug|Any CPU
		{DDF73B3C-AC3E-4216-994E-EA91092C3BCA}.Debug|x64.ActiveCfg = Debug|Any CPU
		{DDF73B3C-AC3E-4216-994E-EA91092C3BCA}.Debug|x64.Build.0 = Debug|Any CPU
		{DDF73B3C-AC3E-4216-994E-EA91092C3BCA}.Debug|x86.ActiveCfg = Debug|Any CPU
		{DDF73B3C-AC3E-4216-994E-EA91092C3BCA}.Debug|x86.Build.0 = Debug|Any CPU
		{DDF73B3C-AC3E-4216-994E-EA91092C3BCA}.Release|Any CPU.ActiveCfg = Release|Any CPU
		{DDF73B3C-AC3E-4216-994E-EA91092C3BCA}.Release|Any CPU.Build.0 = Release|Any CPU
		{DDF73B3C-AC3E-4216-994E-EA91092C3BCA}.Release|x64.ActiveCfg = Release|Any CPU
		{DDF73B3C-AC3E-4216-994E-EA91092C3BCA}.Release|x64.Build.0 = Release|Any CPU
		{DDF73B3C-AC3E-4216-994E-EA91092C3BCA}.Release|x86.ActiveCfg = Release|Any CPU
		{DDF73B3C-AC3E-4216-994E-EA91092C3BCA}.Release|x86.Build.0 = Release|Any CPU
		{33282FB6-31B6-4040-B982-6F8564B1316C}.Debug|Any CPU.ActiveCfg = Debug|Any CPU
		{33282FB6-31B6-4040-B982-6F8564B1316C}.Debug|Any CPU.Build.0 = Debug|Any CPU
		{33282FB6-31B6-4040-B982-6F8564B1316C}.Debug|x64.ActiveCfg = Debug|Any CPU
		{33282FB6-31B6-4040-B982-6F8564B1316C}.Debug|x64.Build.0 = Debug|Any CPU
		{33282FB6-31B6-4040-B982-6F8564B1316C}.Debug|x86.ActiveCfg = Debug|Any CPU
		{33282FB6-31B6-4040-B982-6F8564B1316C}.Debug|x86.Build.0 = Debug|Any CPU
		{33282FB6-31B6-4040-B982-6F8564B1316C}.Release|Any CPU.ActiveCfg = Release|Any CPU
		{33282FB6-31B6-4040-B982-6F8564B1316C}.Release|Any CPU.Build.0 = Release|Any CPU
		{33282FB6-31B6-4040-B982-6F8564B1316C}.Release|x64.ActiveCfg = Release|Any CPU
		{33282FB6-31B6-4040-B982-6F8564B1316C}.Release|x64.Build.0 = Release|Any CPU
		{33282FB6-31B6-4040-B982-6F8564B1316C}.Release|x86.ActiveCfg = Release|Any CPU
		{33282FB6-31B6-4040-B982-6F8564B1316C}.Release|x86.Build.0 = Release|Any CPU
		{5D5BCAA6-01EA-4B2B-86CA-EC2D002333BD}.Debug|Any CPU.ActiveCfg = Debug|Any CPU
		{5D5BCAA6-01EA-4B2B-86CA-EC2D002333BD}.Debug|Any CPU.Build.0 = Debug|Any CPU
		{5D5BCAA6-01EA-4B2B-86CA-EC2D002333BD}.Debug|x64.ActiveCfg = Debug|Any CPU
		{5D5BCAA6-01EA-4B2B-86CA-EC2D002333BD}.Debug|x64.Build.0 = Debug|Any CPU
		{5D5BCAA6-01EA-4B2B-86CA-EC2D002333BD}.Debug|x86.ActiveCfg = Debug|Any CPU
		{5D5BCAA6-01EA-4B2B-86CA-EC2D002333BD}.Debug|x86.Build.0 = Debug|Any CPU
		{5D5BCAA6-01EA-4B2B-86CA-EC2D002333BD}.Release|Any CPU.ActiveCfg = Release|Any CPU
		{5D5BCAA6-01EA-4B2B-86CA-EC2D002333BD}.Release|Any CPU.Build.0 = Release|Any CPU
		{5D5BCAA6-01EA-4B2B-86CA-EC2D002333BD}.Release|x64.ActiveCfg = Release|Any CPU
		{5D5BCAA6-01EA-4B2B-86CA-EC2D002333BD}.Release|x64.Build.0 = Release|Any CPU
		{5D5BCAA6-01EA-4B2B-86CA-EC2D002333BD}.Release|x86.ActiveCfg = Release|Any CPU
		{5D5BCAA6-01EA-4B2B-86CA-EC2D002333BD}.Release|x86.Build.0 = Release|Any CPU
		{F921C8DC-58FD-4DEE-A041-3C5F45252B2C}.Debug|Any CPU.ActiveCfg = Debug|Any CPU
		{F921C8DC-58FD-4DEE-A041-3C5F45252B2C}.Debug|Any CPU.Build.0 = Debug|Any CPU
		{F921C8DC-58FD-4DEE-A041-3C5F45252B2C}.Debug|x64.ActiveCfg = Debug|Any CPU
		{F921C8DC-58FD-4DEE-A041-3C5F45252B2C}.Debug|x64.Build.0 = Debug|Any CPU
		{F921C8DC-58FD-4DEE-A041-3C5F45252B2C}.Debug|x86.ActiveCfg = Debug|Any CPU
		{F921C8DC-58FD-4DEE-A041-3C5F45252B2C}.Debug|x86.Build.0 = Debug|Any CPU
		{F921C8DC-58FD-4DEE-A041-3C5F45252B2C}.Release|Any CPU.ActiveCfg = Release|Any CPU
		{F921C8DC-58FD-4DEE-A041-3C5F45252B2C}.Release|Any CPU.Build.0 = Release|Any CPU
		{F921C8DC-58FD-4DEE-A041-3C5F45252B2C}.Release|x64.ActiveCfg = Release|Any CPU
		{F921C8DC-58FD-4DEE-A041-3C5F45252B2C}.Release|x64.Build.0 = Release|Any CPU
		{F921C8DC-58FD-4DEE-A041-3C5F45252B2C}.Release|x86.ActiveCfg = Release|Any CPU
		{F921C8DC-58FD-4DEE-A041-3C5F45252B2C}.Release|x86.Build.0 = Release|Any CPU
	EndGlobalSection
	GlobalSection(NestedProjects) = preSolution
		{F5AF62DE-AF8F-4AE5-B007-8A04F34CE492} = {E7CF9603-136E-4634-B0EB-9ACA9FFDFD13}
		{C494999D-22D6-40F9-9510-577905EFF9B2} = {E7CF9603-136E-4634-B0EB-9ACA9FFDFD13}
		{E624D0A5-A93F-42E9-AD43-EBCEB721332F} = {E7CF9603-136E-4634-B0EB-9ACA9FFDFD13}
		{DDF73B3C-AC3E-4216-994E-EA91092C3BCA} = {E7CF9603-136E-4634-B0EB-9ACA9FFDFD13}
		{33282FB6-31B6-4040-B982-6F8564B1316C} = {7CAC9E58-7ADD-430E-880F-EDD6B04BF8E6}
		{5D5BCAA6-01EA-4B2B-86CA-EC2D002333BD} = {7CAC9E58-7ADD-430E-880F-EDD6B04BF8E6}
		{F921C8DC-58FD-4DEE-A041-3C5F45252B2C} = {7CAC9E58-7ADD-430E-880F-EDD6B04BF8E6}
	EndGlobalSection
EndGlobal
