
Microsoft Visual Studio Solution File, Format Version 12.00
# Visual Studio 15
VisualStudioVersion = 15.0.26124.0
MinimumVisualStudioVersion = 15.0.26124.0
Project("{2150E333-8FDC-42A3-9474-1A3956D46DE8}") = "Code", "Code", "{C2A41214-A3AD-44F0-8420-980C62427D0C}"
EndProject
Project("{FAE04EC0-301F-11D3-BF4B-00C04F79EFBC}") = "testtest.Api", "Code\testtest.Api\testtest.Api.csproj", "{182AA08A-CB13-4FAB-A577-FCEC7FE65403}"
EndProject
Project("{FAE04EC0-301F-11D3-BF4B-00C04F79EFBC}") = "testtest.BusinessEntities", "Code\testtest.BusinessEntities\testtest.BusinessEntities.csproj", "{EB23C723-EFC1-465B-831A-D26B82204813}"
EndProject
Project("{FAE04EC0-301F-11D3-BF4B-00C04F79EFBC}") = "testtest.BusinessServices", "Code\testtest.BusinessServices\testtest.BusinessServices.csproj", "{407E7ACE-C239-4228-B21C-92054CFF98A7}"
EndProject
Project("{FAE04EC0-301F-11D3-BF4B-00C04F79EFBC}") = "testtest.Contracts", "Code\testtest.Contracts\testtest.Contracts.csproj", "{3CE968BE-7F11-41F5-8E51-34356B802708}"
EndProject
Project("{FAE04EC0-301F-11D3-BF4B-00C04F79EFBC}") = "testtest.Data", "Code\testtest.Data\testtest.Data.csproj", "{9FDBBB9A-F220-4650-A59B-BAC3748F675B}"
EndProject
Project("{FAE04EC0-301F-11D3-BF4B-00C04F79EFBC}") = "testtest.Test.Api", "Code\testtest.Test.Api\testtest.Test.Api.csproj", "{5A007063-CC9E-46C4-91E5-6987DF6E32D0}"
EndProject
Project("{FAE04EC0-301F-11D3-BF4B-00C04F79EFBC}") = "testtest.Test.Business", "Code\testtest.Test.Business\testtest.Test.Business.csproj", "{B308353A-85F8-42E6-89D2-475F400DFC18}"
EndProject
Project("{FAE04EC0-301F-11D3-BF4B-00C04F79EFBC}") = "testtest.Test.Framework", "Code\testtest.Test.Framework\testtest.Test.Framework.csproj", "{283E26B8-0BE9-43E8-B70A-FC065BF9E82E}"
EndProject
Project("{2150E333-8FDC-42A3-9474-1A3956D46DE8}") = "Test", "Test", "{44365E65-1E59-4A1D-90DD-92D6E7492362}"
EndProject
Global
	GlobalSection(SolutionConfigurationPlatforms) = preSolution
		Debug|Any CPU = Debug|Any CPU
		Debug|x64 = Debug|x64
		Debug|x86 = Debug|x86
		Release|Any CPU = Release|Any CPU
		Release|x64 = Release|x64
		Release|x86 = Release|x86
	EndGlobalSection
	GlobalSection(SolutionProperties) = preSolution
		HideSolutionNode = FALSE
	EndGlobalSection
	GlobalSection(ProjectConfigurationPlatforms) = postSolution
		{182AA08A-CB13-4FAB-A577-FCEC7FE65403}.Debug|Any CPU.ActiveCfg = Debug|Any CPU
		{182AA08A-CB13-4FAB-A577-FCEC7FE65403}.Debug|Any CPU.Build.0 = Debug|Any CPU
		{182AA08A-CB13-4FAB-A577-FCEC7FE65403}.Debug|x64.ActiveCfg = Debug|Any CPU
		{182AA08A-CB13-4FAB-A577-FCEC7FE65403}.Debug|x64.Build.0 = Debug|Any CPU
		{182AA08A-CB13-4FAB-A577-FCEC7FE65403}.Debug|x86.ActiveCfg = Debug|Any CPU
		{182AA08A-CB13-4FAB-A577-FCEC7FE65403}.Debug|x86.Build.0 = Debug|Any CPU
		{182AA08A-CB13-4FAB-A577-FCEC7FE65403}.Release|Any CPU.ActiveCfg = Release|Any CPU
		{182AA08A-CB13-4FAB-A577-FCEC7FE65403}.Release|Any CPU.Build.0 = Release|Any CPU
		{182AA08A-CB13-4FAB-A577-FCEC7FE65403}.Release|x64.ActiveCfg = Release|Any CPU
		{182AA08A-CB13-4FAB-A577-FCEC7FE65403}.Release|x64.Build.0 = Release|Any CPU
		{182AA08A-CB13-4FAB-A577-FCEC7FE65403}.Release|x86.ActiveCfg = Release|Any CPU
		{182AA08A-CB13-4FAB-A577-FCEC7FE65403}.Release|x86.Build.0 = Release|Any CPU
		{EB23C723-EFC1-465B-831A-D26B82204813}.Debug|Any CPU.ActiveCfg = Debug|Any CPU
		{EB23C723-EFC1-465B-831A-D26B82204813}.Debug|Any CPU.Build.0 = Debug|Any CPU
		{EB23C723-EFC1-465B-831A-D26B82204813}.Debug|x64.ActiveCfg = Debug|Any CPU
		{EB23C723-EFC1-465B-831A-D26B82204813}.Debug|x64.Build.0 = Debug|Any CPU
		{EB23C723-EFC1-465B-831A-D26B82204813}.Debug|x86.ActiveCfg = Debug|Any CPU
		{EB23C723-EFC1-465B-831A-D26B82204813}.Debug|x86.Build.0 = Debug|Any CPU
		{EB23C723-EFC1-465B-831A-D26B82204813}.Release|Any CPU.ActiveCfg = Release|Any CPU
		{EB23C723-EFC1-465B-831A-D26B82204813}.Release|Any CPU.Build.0 = Release|Any CPU
		{EB23C723-EFC1-465B-831A-D26B82204813}.Release|x64.ActiveCfg = Release|Any CPU
		{EB23C723-EFC1-465B-831A-D26B82204813}.Release|x64.Build.0 = Release|Any CPU
		{EB23C723-EFC1-465B-831A-D26B82204813}.Release|x86.ActiveCfg = Release|Any CPU
		{EB23C723-EFC1-465B-831A-D26B82204813}.Release|x86.Build.0 = Release|Any CPU
		{407E7ACE-C239-4228-B21C-92054CFF98A7}.Debug|Any CPU.ActiveCfg = Debug|Any CPU
		{407E7ACE-C239-4228-B21C-92054CFF98A7}.Debug|Any CPU.Build.0 = Debug|Any CPU
		{407E7ACE-C239-4228-B21C-92054CFF98A7}.Debug|x64.ActiveCfg = Debug|Any CPU
		{407E7ACE-C239-4228-B21C-92054CFF98A7}.Debug|x64.Build.0 = Debug|Any CPU
		{407E7ACE-C239-4228-B21C-92054CFF98A7}.Debug|x86.ActiveCfg = Debug|Any CPU
		{407E7ACE-C239-4228-B21C-92054CFF98A7}.Debug|x86.Build.0 = Debug|Any CPU
		{407E7ACE-C239-4228-B21C-92054CFF98A7}.Release|Any CPU.ActiveCfg = Release|Any CPU
		{407E7ACE-C239-4228-B21C-92054CFF98A7}.Release|Any CPU.Build.0 = Release|Any CPU
		{407E7ACE-C239-4228-B21C-92054CFF98A7}.Release|x64.ActiveCfg = Release|Any CPU
		{407E7ACE-C239-4228-B21C-92054CFF98A7}.Release|x64.Build.0 = Release|Any CPU
		{407E7ACE-C239-4228-B21C-92054CFF98A7}.Release|x86.ActiveCfg = Release|Any CPU
		{407E7ACE-C239-4228-B21C-92054CFF98A7}.Release|x86.Build.0 = Release|Any CPU
		{3CE968BE-7F11-41F5-8E51-34356B802708}.Debug|Any CPU.ActiveCfg = Debug|Any CPU
		{3CE968BE-7F11-41F5-8E51-34356B802708}.Debug|Any CPU.Build.0 = Debug|Any CPU
		{3CE968BE-7F11-41F5-8E51-34356B802708}.Debug|x64.ActiveCfg = Debug|Any CPU
		{3CE968BE-7F11-41F5-8E51-34356B802708}.Debug|x64.Build.0 = Debug|Any CPU
		{3CE968BE-7F11-41F5-8E51-34356B802708}.Debug|x86.ActiveCfg = Debug|Any CPU
		{3CE968BE-7F11-41F5-8E51-34356B802708}.Debug|x86.Build.0 = Debug|Any CPU
		{3CE968BE-7F11-41F5-8E51-34356B802708}.Release|Any CPU.ActiveCfg = Release|Any CPU
		{3CE968BE-7F11-41F5-8E51-34356B802708}.Release|Any CPU.Build.0 = Release|Any CPU
		{3CE968BE-7F11-41F5-8E51-34356B802708}.Release|x64.ActiveCfg = Release|Any CPU
		{3CE968BE-7F11-41F5-8E51-34356B802708}.Release|x64.Build.0 = Release|Any CPU
		{3CE968BE-7F11-41F5-8E51-34356B802708}.Release|x86.ActiveCfg = Release|Any CPU
		{3CE968BE-7F11-41F5-8E51-34356B802708}.Release|x86.Build.0 = Release|Any CPU
		{9FDBBB9A-F220-4650-A59B-BAC3748F675B}.Debug|Any CPU.ActiveCfg = Debug|Any CPU
		{9FDBBB9A-F220-4650-A59B-BAC3748F675B}.Debug|Any CPU.Build.0 = Debug|Any CPU
		{9FDBBB9A-F220-4650-A59B-BAC3748F675B}.Debug|x64.ActiveCfg = Debug|Any CPU
		{9FDBBB9A-F220-4650-A59B-BAC3748F675B}.Debug|x64.Build.0 = Debug|Any CPU
		{9FDBBB9A-F220-4650-A59B-BAC3748F675B}.Debug|x86.ActiveCfg = Debug|Any CPU
		{9FDBBB9A-F220-4650-A59B-BAC3748F675B}.Debug|x86.Build.0 = Debug|Any CPU
		{9FDBBB9A-F220-4650-A59B-BAC3748F675B}.Release|Any CPU.ActiveCfg = Release|Any CPU
		{9FDBBB9A-F220-4650-A59B-BAC3748F675B}.Release|Any CPU.Build.0 = Release|Any CPU
		{9FDBBB9A-F220-4650-A59B-BAC3748F675B}.Release|x64.ActiveCfg = Release|Any CPU
		{9FDBBB9A-F220-4650-A59B-BAC3748F675B}.Release|x64.Build.0 = Release|Any CPU
		{9FDBBB9A-F220-4650-A59B-BAC3748F675B}.Release|x86.ActiveCfg = Release|Any CPU
		{9FDBBB9A-F220-4650-A59B-BAC3748F675B}.Release|x86.Build.0 = Release|Any CPU
		{5A007063-CC9E-46C4-91E5-6987DF6E32D0}.Debug|Any CPU.ActiveCfg = Debug|Any CPU
		{5A007063-CC9E-46C4-91E5-6987DF6E32D0}.Debug|Any CPU.Build.0 = Debug|Any CPU
		{5A007063-CC9E-46C4-91E5-6987DF6E32D0}.Debug|x64.ActiveCfg = Debug|Any CPU
		{5A007063-CC9E-46C4-91E5-6987DF6E32D0}.Debug|x64.Build.0 = Debug|Any CPU
		{5A007063-CC9E-46C4-91E5-6987DF6E32D0}.Debug|x86.ActiveCfg = Debug|Any CPU
		{5A007063-CC9E-46C4-91E5-6987DF6E32D0}.Debug|x86.Build.0 = Debug|Any CPU
		{5A007063-CC9E-46C4-91E5-6987DF6E32D0}.Release|Any CPU.ActiveCfg = Release|Any CPU
		{5A007063-CC9E-46C4-91E5-6987DF6E32D0}.Release|Any CPU.Build.0 = Release|Any CPU
		{5A007063-CC9E-46C4-91E5-6987DF6E32D0}.Release|x64.ActiveCfg = Release|Any CPU
		{5A007063-CC9E-46C4-91E5-6987DF6E32D0}.Release|x64.Build.0 = Release|Any CPU
		{5A007063-CC9E-46C4-91E5-6987DF6E32D0}.Release|x86.ActiveCfg = Release|Any CPU
		{5A007063-CC9E-46C4-91E5-6987DF6E32D0}.Release|x86.Build.0 = Release|Any CPU
		{B308353A-85F8-42E6-89D2-475F400DFC18}.Debug|Any CPU.ActiveCfg = Debug|Any CPU
		{B308353A-85F8-42E6-89D2-475F400DFC18}.Debug|Any CPU.Build.0 = Debug|Any CPU
		{B308353A-85F8-42E6-89D2-475F400DFC18}.Debug|x64.ActiveCfg = Debug|Any CPU
		{B308353A-85F8-42E6-89D2-475F400DFC18}.Debug|x64.Build.0 = Debug|Any CPU
		{B308353A-85F8-42E6-89D2-475F400DFC18}.Debug|x86.ActiveCfg = Debug|Any CPU
		{B308353A-85F8-42E6-89D2-475F400DFC18}.Debug|x86.Build.0 = Debug|Any CPU
		{B308353A-85F8-42E6-89D2-475F400DFC18}.Release|Any CPU.ActiveCfg = Release|Any CPU
		{B308353A-85F8-42E6-89D2-475F400DFC18}.Release|Any CPU.Build.0 = Release|Any CPU
		{B308353A-85F8-42E6-89D2-475F400DFC18}.Release|x64.ActiveCfg = Release|Any CPU
		{B308353A-85F8-42E6-89D2-475F400DFC18}.Release|x64.Build.0 = Release|Any CPU
		{B308353A-85F8-42E6-89D2-475F400DFC18}.Release|x86.ActiveCfg = Release|Any CPU
		{B308353A-85F8-42E6-89D2-475F400DFC18}.Release|x86.Build.0 = Release|Any CPU
		{283E26B8-0BE9-43E8-B70A-FC065BF9E82E}.Debug|Any CPU.ActiveCfg = Debug|Any CPU
		{283E26B8-0BE9-43E8-B70A-FC065BF9E82E}.Debug|Any CPU.Build.0 = Debug|Any CPU
		{283E26B8-0BE9-43E8-B70A-FC065BF9E82E}.Debug|x64.ActiveCfg = Debug|Any CPU
		{283E26B8-0BE9-43E8-B70A-FC065BF9E82E}.Debug|x64.Build.0 = Debug|Any CPU
		{283E26B8-0BE9-43E8-B70A-FC065BF9E82E}.Debug|x86.ActiveCfg = Debug|Any CPU
		{283E26B8-0BE9-43E8-B70A-FC065BF9E82E}.Debug|x86.Build.0 = Debug|Any CPU
		{283E26B8-0BE9-43E8-B70A-FC065BF9E82E}.Release|Any CPU.ActiveCfg = Release|Any CPU
		{283E26B8-0BE9-43E8-B70A-FC065BF9E82E}.Release|Any CPU.Build.0 = Release|Any CPU
		{283E26B8-0BE9-43E8-B70A-FC065BF9E82E}.Release|x64.ActiveCfg = Release|Any CPU
		{283E26B8-0BE9-43E8-B70A-FC065BF9E82E}.Release|x64.Build.0 = Release|Any CPU
		{283E26B8-0BE9-43E8-B70A-FC065BF9E82E}.Release|x86.ActiveCfg = Release|Any CPU
		{283E26B8-0BE9-43E8-B70A-FC065BF9E82E}.Release|x86.Build.0 = Release|Any CPU
	EndGlobalSection
	GlobalSection(NestedProjects) = preSolution
		{182AA08A-CB13-4FAB-A577-FCEC7FE65403} = {C2A41214-A3AD-44F0-8420-980C62427D0C}
		{EB23C723-EFC1-465B-831A-D26B82204813} = {C2A41214-A3AD-44F0-8420-980C62427D0C}
		{407E7ACE-C239-4228-B21C-92054CFF98A7} = {C2A41214-A3AD-44F0-8420-980C62427D0C}
		{3CE968BE-7F11-41F5-8E51-34356B802708} = {C2A41214-A3AD-44F0-8420-980C62427D0C}
		{9FDBBB9A-F220-4650-A59B-BAC3748F675B} = {C2A41214-A3AD-44F0-8420-980C62427D0C}
		{5A007063-CC9E-46C4-91E5-6987DF6E32D0} = {44365E65-1E59-4A1D-90DD-92D6E7492362}
		{B308353A-85F8-42E6-89D2-475F400DFC18} = {44365E65-1E59-4A1D-90DD-92D6E7492362}
		{283E26B8-0BE9-43E8-B70A-FC065BF9E82E} = {44365E65-1E59-4A1D-90DD-92D6E7492362}
	EndGlobalSection
EndGlobal
