
Microsoft Visual Studio Solution File, Format Version 12.00
# Visual Studio 15
VisualStudioVersion = 15.0.26124.0
MinimumVisualStudioVersion = 15.0.26124.0
Project("{2150E333-8FDC-42A3-9474-1A3956D46DE8}") = "Code", "Code", "{82506E6B-75AC-42B0-8DD0-49040D8492B2}"
EndProject
Project("{FAE04EC0-301F-11D3-BF4B-00C04F79EFBC}") = "createcomp.Api", "Code\createcomp.Api\createcomp.Api.csproj", "{366B37A2-C85F-4E67-AAF0-5574DBA60300}"
EndProject
Project("{FAE04EC0-301F-11D3-BF4B-00C04F79EFBC}") = "createcomp.BusinessEntities", "Code\createcomp.BusinessEntities\createcomp.BusinessEntities.csproj", "{7F90680A-EB38-4115-A003-669C88FA586C}"
EndProject
Project("{FAE04EC0-301F-11D3-BF4B-00C04F79EFBC}") = "createcomp.BusinessServices", "Code\createcomp.BusinessServices\createcomp.BusinessServices.csproj", "{7E5AC5D4-D0EA-42EF-AF8F-40389FDED43C}"
EndProject
Project("{FAE04EC0-301F-11D3-BF4B-00C04F79EFBC}") = "createcomp.Contracts", "Code\createcomp.Contracts\createcomp.Contracts.csproj", "{14549959-F486-4027-9642-8EA856B19B02}"
EndProject
Project("{FAE04EC0-301F-11D3-BF4B-00C04F79EFBC}") = "createcomp.Data", "Code\createcomp.Data\createcomp.Data.csproj", "{9BC28215-5751-436F-A707-23B9F62622EB}"
EndProject
Project("{FAE04EC0-301F-11D3-BF4B-00C04F79EFBC}") = "createcomp.Test.Api", "Code\createcomp.Test.Api\createcomp.Test.Api.csproj", "{885B7768-BC58-41B2-8CB2-A90D344C9CC1}"
EndProject
Project("{FAE04EC0-301F-11D3-BF4B-00C04F79EFBC}") = "createcomp.Test.Business", "Code\createcomp.Test.Business\createcomp.Test.Business.csproj", "{6CAB0EE9-01F7-42E7-9319-3CA323841E8A}"
EndProject
Project("{FAE04EC0-301F-11D3-BF4B-00C04F79EFBC}") = "createcomp.Test.Framework", "Code\createcomp.Test.Framework\createcomp.Test.Framework.csproj", "{36D5EA25-C511-4D2C-8D48-83D356DDE23E}"
EndProject
Project("{2150E333-8FDC-42A3-9474-1A3956D46DE8}") = "Test", "Test", "{E437F355-7BFA-4253-ACE3-A1903310D1EA}"
EndProject
Global
	GlobalSection(SolutionConfigurationPlatforms) = preSolution
		Debug|Any CPU = Debug|Any CPU
		Debug|x64 = Debug|x64
		Debug|x86 = Debug|x86
		Release|Any CPU = Release|Any CPU
		Release|x64 = Release|x64
		Release|x86 = Release|x86
	EndGlobalSection
	GlobalSection(SolutionProperties) = preSolution
		HideSolutionNode = FALSE
	EndGlobalSection
	GlobalSection(ProjectConfigurationPlatforms) = postSolution
		{366B37A2-C85F-4E67-AAF0-5574DBA60300}.Debug|Any CPU.ActiveCfg = Debug|Any CPU
		{366B37A2-C85F-4E67-AAF0-5574DBA60300}.Debug|Any CPU.Build.0 = Debug|Any CPU
		{366B37A2-C85F-4E67-AAF0-5574DBA60300}.Debug|x64.ActiveCfg = Debug|Any CPU
		{366B37A2-C85F-4E67-AAF0-5574DBA60300}.Debug|x64.Build.0 = Debug|Any CPU
		{366B37A2-C85F-4E67-AAF0-5574DBA60300}.Debug|x86.ActiveCfg = Debug|Any CPU
		{366B37A2-C85F-4E67-AAF0-5574DBA60300}.Debug|x86.Build.0 = Debug|Any CPU
		{366B37A2-C85F-4E67-AAF0-5574DBA60300}.Release|Any CPU.ActiveCfg = Release|Any CPU
		{366B37A2-C85F-4E67-AAF0-5574DBA60300}.Release|Any CPU.Build.0 = Release|Any CPU
		{366B37A2-C85F-4E67-AAF0-5574DBA60300}.Release|x64.ActiveCfg = Release|Any CPU
		{366B37A2-C85F-4E67-AAF0-5574DBA60300}.Release|x64.Build.0 = Release|Any CPU
		{366B37A2-C85F-4E67-AAF0-5574DBA60300}.Release|x86.ActiveCfg = Release|Any CPU
		{366B37A2-C85F-4E67-AAF0-5574DBA60300}.Release|x86.Build.0 = Release|Any CPU
		{7F90680A-EB38-4115-A003-669C88FA586C}.Debug|Any CPU.ActiveCfg = Debug|Any CPU
		{7F90680A-EB38-4115-A003-669C88FA586C}.Debug|Any CPU.Build.0 = Debug|Any CPU
		{7F90680A-EB38-4115-A003-669C88FA586C}.Debug|x64.ActiveCfg = Debug|Any CPU
		{7F90680A-EB38-4115-A003-669C88FA586C}.Debug|x64.Build.0 = Debug|Any CPU
		{7F90680A-EB38-4115-A003-669C88FA586C}.Debug|x86.ActiveCfg = Debug|Any CPU
		{7F90680A-EB38-4115-A003-669C88FA586C}.Debug|x86.Build.0 = Debug|Any CPU
		{7F90680A-EB38-4115-A003-669C88FA586C}.Release|Any CPU.ActiveCfg = Release|Any CPU
		{7F90680A-EB38-4115-A003-669C88FA586C}.Release|Any CPU.Build.0 = Release|Any CPU
		{7F90680A-EB38-4115-A003-669C88FA586C}.Release|x64.ActiveCfg = Release|Any CPU
		{7F90680A-EB38-4115-A003-669C88FA586C}.Release|x64.Build.0 = Release|Any CPU
		{7F90680A-EB38-4115-A003-669C88FA586C}.Release|x86.ActiveCfg = Release|Any CPU
		{7F90680A-EB38-4115-A003-669C88FA586C}.Release|x86.Build.0 = Release|Any CPU
		{7E5AC5D4-D0EA-42EF-AF8F-40389FDED43C}.Debug|Any CPU.ActiveCfg = Debug|Any CPU
		{7E5AC5D4-D0EA-42EF-AF8F-40389FDED43C}.Debug|Any CPU.Build.0 = Debug|Any CPU
		{7E5AC5D4-D0EA-42EF-AF8F-40389FDED43C}.Debug|x64.ActiveCfg = Debug|Any CPU
		{7E5AC5D4-D0EA-42EF-AF8F-40389FDED43C}.Debug|x64.Build.0 = Debug|Any CPU
		{7E5AC5D4-D0EA-42EF-AF8F-40389FDED43C}.Debug|x86.ActiveCfg = Debug|Any CPU
		{7E5AC5D4-D0EA-42EF-AF8F-40389FDED43C}.Debug|x86.Build.0 = Debug|Any CPU
		{7E5AC5D4-D0EA-42EF-AF8F-40389FDED43C}.Release|Any CPU.ActiveCfg = Release|Any CPU
		{7E5AC5D4-D0EA-42EF-AF8F-40389FDED43C}.Release|Any CPU.Build.0 = Release|Any CPU
		{7E5AC5D4-D0EA-42EF-AF8F-40389FDED43C}.Release|x64.ActiveCfg = Release|Any CPU
		{7E5AC5D4-D0EA-42EF-AF8F-40389FDED43C}.Release|x64.Build.0 = Release|Any CPU
		{7E5AC5D4-D0EA-42EF-AF8F-40389FDED43C}.Release|x86.ActiveCfg = Release|Any CPU
		{7E5AC5D4-D0EA-42EF-AF8F-40389FDED43C}.Release|x86.Build.0 = Release|Any CPU
		{14549959-F486-4027-9642-8EA856B19B02}.Debug|Any CPU.ActiveCfg = Debug|Any CPU
		{14549959-F486-4027-9642-8EA856B19B02}.Debug|Any CPU.Build.0 = Debug|Any CPU
		{14549959-F486-4027-9642-8EA856B19B02}.Debug|x64.ActiveCfg = Debug|Any CPU
		{14549959-F486-4027-9642-8EA856B19B02}.Debug|x64.Build.0 = Debug|Any CPU
		{14549959-F486-4027-9642-8EA856B19B02}.Debug|x86.ActiveCfg = Debug|Any CPU
		{14549959-F486-4027-9642-8EA856B19B02}.Debug|x86.Build.0 = Debug|Any CPU
		{14549959-F486-4027-9642-8EA856B19B02}.Release|Any CPU.ActiveCfg = Release|Any CPU
		{14549959-F486-4027-9642-8EA856B19B02}.Release|Any CPU.Build.0 = Release|Any CPU
		{14549959-F486-4027-9642-8EA856B19B02}.Release|x64.ActiveCfg = Release|Any CPU
		{14549959-F486-4027-9642-8EA856B19B02}.Release|x64.Build.0 = Release|Any CPU
		{14549959-F486-4027-9642-8EA856B19B02}.Release|x86.ActiveCfg = Release|Any CPU
		{14549959-F486-4027-9642-8EA856B19B02}.Release|x86.Build.0 = Release|Any CPU
		{9BC28215-5751-436F-A707-23B9F62622EB}.Debug|Any CPU.ActiveCfg = Debug|Any CPU
		{9BC28215-5751-436F-A707-23B9F62622EB}.Debug|Any CPU.Build.0 = Debug|Any CPU
		{9BC28215-5751-436F-A707-23B9F62622EB}.Debug|x64.ActiveCfg = Debug|Any CPU
		{9BC28215-5751-436F-A707-23B9F62622EB}.Debug|x64.Build.0 = Debug|Any CPU
		{9BC28215-5751-436F-A707-23B9F62622EB}.Debug|x86.ActiveCfg = Debug|Any CPU
		{9BC28215-5751-436F-A707-23B9F62622EB}.Debug|x86.Build.0 = Debug|Any CPU
		{9BC28215-5751-436F-A707-23B9F62622EB}.Release|Any CPU.ActiveCfg = Release|Any CPU
		{9BC28215-5751-436F-A707-23B9F62622EB}.Release|Any CPU.Build.0 = Release|Any CPU
		{9BC28215-5751-436F-A707-23B9F62622EB}.Release|x64.ActiveCfg = Release|Any CPU
		{9BC28215-5751-436F-A707-23B9F62622EB}.Release|x64.Build.0 = Release|Any CPU
		{9BC28215-5751-436F-A707-23B9F62622EB}.Release|x86.ActiveCfg = Release|Any CPU
		{9BC28215-5751-436F-A707-23B9F62622EB}.Release|x86.Build.0 = Release|Any CPU
		{885B7768-BC58-41B2-8CB2-A90D344C9CC1}.Debug|Any CPU.ActiveCfg = Debug|Any CPU
		{885B7768-BC58-41B2-8CB2-A90D344C9CC1}.Debug|Any CPU.Build.0 = Debug|Any CPU
		{885B7768-BC58-41B2-8CB2-A90D344C9CC1}.Debug|x64.ActiveCfg = Debug|Any CPU
		{885B7768-BC58-41B2-8CB2-A90D344C9CC1}.Debug|x64.Build.0 = Debug|Any CPU
		{885B7768-BC58-41B2-8CB2-A90D344C9CC1}.Debug|x86.ActiveCfg = Debug|Any CPU
		{885B7768-BC58-41B2-8CB2-A90D344C9CC1}.Debug|x86.Build.0 = Debug|Any CPU
		{885B7768-BC58-41B2-8CB2-A90D344C9CC1}.Release|Any CPU.ActiveCfg = Release|Any CPU
		{885B7768-BC58-41B2-8CB2-A90D344C9CC1}.Release|Any CPU.Build.0 = Release|Any CPU
		{885B7768-BC58-41B2-8CB2-A90D344C9CC1}.Release|x64.ActiveCfg = Release|Any CPU
		{885B7768-BC58-41B2-8CB2-A90D344C9CC1}.Release|x64.Build.0 = Release|Any CPU
		{885B7768-BC58-41B2-8CB2-A90D344C9CC1}.Release|x86.ActiveCfg = Release|Any CPU
		{885B7768-BC58-41B2-8CB2-A90D344C9CC1}.Release|x86.Build.0 = Release|Any CPU
		{6CAB0EE9-01F7-42E7-9319-3CA323841E8A}.Debug|Any CPU.ActiveCfg = Debug|Any CPU
		{6CAB0EE9-01F7-42E7-9319-3CA323841E8A}.Debug|Any CPU.Build.0 = Debug|Any CPU
		{6CAB0EE9-01F7-42E7-9319-3CA323841E8A}.Debug|x64.ActiveCfg = Debug|Any CPU
		{6CAB0EE9-01F7-42E7-9319-3CA323841E8A}.Debug|x64.Build.0 = Debug|Any CPU
		{6CAB0EE9-01F7-42E7-9319-3CA323841E8A}.Debug|x86.ActiveCfg = Debug|Any CPU
		{6CAB0EE9-01F7-42E7-9319-3CA323841E8A}.Debug|x86.Build.0 = Debug|Any CPU
		{6CAB0EE9-01F7-42E7-9319-3CA323841E8A}.Release|Any CPU.ActiveCfg = Release|Any CPU
		{6CAB0EE9-01F7-42E7-9319-3CA323841E8A}.Release|Any CPU.Build.0 = Release|Any CPU
		{6CAB0EE9-01F7-42E7-9319-3CA323841E8A}.Release|x64.ActiveCfg = Release|Any CPU
		{6CAB0EE9-01F7-42E7-9319-3CA323841E8A}.Release|x64.Build.0 = Release|Any CPU
		{6CAB0EE9-01F7-42E7-9319-3CA323841E8A}.Release|x86.ActiveCfg = Release|Any CPU
		{6CAB0EE9-01F7-42E7-9319-3CA323841E8A}.Release|x86.Build.0 = Release|Any CPU
		{36D5EA25-C511-4D2C-8D48-83D356DDE23E}.Debug|Any CPU.ActiveCfg = Debug|Any CPU
		{36D5EA25-C511-4D2C-8D48-83D356DDE23E}.Debug|Any CPU.Build.0 = Debug|Any CPU
		{36D5EA25-C511-4D2C-8D48-83D356DDE23E}.Debug|x64.ActiveCfg = Debug|Any CPU
		{36D5EA25-C511-4D2C-8D48-83D356DDE23E}.Debug|x64.Build.0 = Debug|Any CPU
		{36D5EA25-C511-4D2C-8D48-83D356DDE23E}.Debug|x86.ActiveCfg = Debug|Any CPU
		{36D5EA25-C511-4D2C-8D48-83D356DDE23E}.Debug|x86.Build.0 = Debug|Any CPU
		{36D5EA25-C511-4D2C-8D48-83D356DDE23E}.Release|Any CPU.ActiveCfg = Release|Any CPU
		{36D5EA25-C511-4D2C-8D48-83D356DDE23E}.Release|Any CPU.Build.0 = Release|Any CPU
		{36D5EA25-C511-4D2C-8D48-83D356DDE23E}.Release|x64.ActiveCfg = Release|Any CPU
		{36D5EA25-C511-4D2C-8D48-83D356DDE23E}.Release|x64.Build.0 = Release|Any CPU
		{36D5EA25-C511-4D2C-8D48-83D356DDE23E}.Release|x86.ActiveCfg = Release|Any CPU
		{36D5EA25-C511-4D2C-8D48-83D356DDE23E}.Release|x86.Build.0 = Release|Any CPU
	EndGlobalSection
	GlobalSection(NestedProjects) = preSolution
		{366B37A2-C85F-4E67-AAF0-5574DBA60300} = {82506E6B-75AC-42B0-8DD0-49040D8492B2}
		{7F90680A-EB38-4115-A003-669C88FA586C} = {82506E6B-75AC-42B0-8DD0-49040D8492B2}
		{7E5AC5D4-D0EA-42EF-AF8F-40389FDED43C} = {82506E6B-75AC-42B0-8DD0-49040D8492B2}
		{14549959-F486-4027-9642-8EA856B19B02} = {82506E6B-75AC-42B0-8DD0-49040D8492B2}
		{9BC28215-5751-436F-A707-23B9F62622EB} = {82506E6B-75AC-42B0-8DD0-49040D8492B2}
		{885B7768-BC58-41B2-8CB2-A90D344C9CC1} = {E437F355-7BFA-4253-ACE3-A1903310D1EA}
		{6CAB0EE9-01F7-42E7-9319-3CA323841E8A} = {E437F355-7BFA-4253-ACE3-A1903310D1EA}
		{36D5EA25-C511-4D2C-8D48-83D356DDE23E} = {E437F355-7BFA-4253-ACE3-A1903310D1EA}
	EndGlobalSection
EndGlobal
