
Microsoft Visual Studio Solution File, Format Version 12.00
# Visual Studio 15
VisualStudioVersion = 15.0.26124.0
MinimumVisualStudioVersion = 15.0.26124.0
Project("{2150E333-8FDC-42A3-9474-1A3956D46DE8}") = "Code", "Code", "{31987774-3EF8-444C-943C-CD8F00D8422E}"
EndProject
Project("{FAE04EC0-301F-11D3-BF4B-00C04F79EFBC}") = "search.Api", "Code\search.Api\search.Api.csproj", "{FED26851-D969-46ED-8FF6-CD1A976F52BE}"
EndProject
Project("{FAE04EC0-301F-11D3-BF4B-00C04F79EFBC}") = "search.BusinessEntities", "Code\search.BusinessEntities\search.BusinessEntities.csproj", "{413760B5-0F7D-4B82-A787-ED0D182F29AE}"
EndProject
Project("{FAE04EC0-301F-11D3-BF4B-00C04F79EFBC}") = "search.BusinessServices", "Code\search.BusinessServices\search.BusinessServices.csproj", "{56C81F7B-1AC9-436F-B84D-A1F721E207BA}"
EndProject
Project("{FAE04EC0-301F-11D3-BF4B-00C04F79EFBC}") = "search.Contracts", "Code\search.Contracts\search.Contracts.csproj", "{6A756E45-D60D-43BE-AF18-92A84E271386}"
EndProject
Project("{FAE04EC0-301F-11D3-BF4B-00C04F79EFBC}") = "search.Data", "Code\search.Data\search.Data.csproj", "{57CC136D-A106-46AF-AD20-6D58045E5916}"
EndProject
Project("{FAE04EC0-301F-11D3-BF4B-00C04F79EFBC}") = "search.Test.Api", "Code\search.Test.Api\search.Test.Api.csproj", "{0FA62168-4F4A-4A4D-A33C-4667706B298D}"
EndProject
Project("{FAE04EC0-301F-11D3-BF4B-00C04F79EFBC}") = "search.Test.Business", "Code\search.Test.Business\search.Test.Business.csproj", "{1690F310-DA6C-4D47-92F1-0D1967913BA0}"
EndProject
Project("{FAE04EC0-301F-11D3-BF4B-00C04F79EFBC}") = "search.Test.Framework", "Code\search.Test.Framework\search.Test.Framework.csproj", "{67DD78DC-1125-48D9-9A4A-9E3FE42BAFF9}"
EndProject
Project("{2150E333-8FDC-42A3-9474-1A3956D46DE8}") = "Test", "Test", "{A3B6EC02-6CB8-4994-8462-F33E117DF6E3}"
EndProject
Global
	GlobalSection(SolutionConfigurationPlatforms) = preSolution
		Debug|Any CPU = Debug|Any CPU
		Debug|x64 = Debug|x64
		Debug|x86 = Debug|x86
		Release|Any CPU = Release|Any CPU
		Release|x64 = Release|x64
		Release|x86 = Release|x86
	EndGlobalSection
	GlobalSection(SolutionProperties) = preSolution
		HideSolutionNode = FALSE
	EndGlobalSection
	GlobalSection(ProjectConfigurationPlatforms) = postSolution
		{FED26851-D969-46ED-8FF6-CD1A976F52BE}.Debug|Any CPU.ActiveCfg = Debug|Any CPU
		{FED26851-D969-46ED-8FF6-CD1A976F52BE}.Debug|Any CPU.Build.0 = Debug|Any CPU
		{FED26851-D969-46ED-8FF6-CD1A976F52BE}.Debug|x64.ActiveCfg = Debug|Any CPU
		{FED26851-D969-46ED-8FF6-CD1A976F52BE}.Debug|x64.Build.0 = Debug|Any CPU
		{FED26851-D969-46ED-8FF6-CD1A976F52BE}.Debug|x86.ActiveCfg = Debug|Any CPU
		{FED26851-D969-46ED-8FF6-CD1A976F52BE}.Debug|x86.Build.0 = Debug|Any CPU
		{FED26851-D969-46ED-8FF6-CD1A976F52BE}.Release|Any CPU.ActiveCfg = Release|Any CPU
		{FED26851-D969-46ED-8FF6-CD1A976F52BE}.Release|Any CPU.Build.0 = Release|Any CPU
		{FED26851-D969-46ED-8FF6-CD1A976F52BE}.Release|x64.ActiveCfg = Release|Any CPU
		{FED26851-D969-46ED-8FF6-CD1A976F52BE}.Release|x64.Build.0 = Release|Any CPU
		{FED26851-D969-46ED-8FF6-CD1A976F52BE}.Release|x86.ActiveCfg = Release|Any CPU
		{FED26851-D969-46ED-8FF6-CD1A976F52BE}.Release|x86.Build.0 = Release|Any CPU
		{413760B5-0F7D-4B82-A787-ED0D182F29AE}.Debug|Any CPU.ActiveCfg = Debug|Any CPU
		{413760B5-0F7D-4B82-A787-ED0D182F29AE}.Debug|Any CPU.Build.0 = Debug|Any CPU
		{413760B5-0F7D-4B82-A787-ED0D182F29AE}.Debug|x64.ActiveCfg = Debug|Any CPU
		{413760B5-0F7D-4B82-A787-ED0D182F29AE}.Debug|x64.Build.0 = Debug|Any CPU
		{413760B5-0F7D-4B82-A787-ED0D182F29AE}.Debug|x86.ActiveCfg = Debug|Any CPU
		{413760B5-0F7D-4B82-A787-ED0D182F29AE}.Debug|x86.Build.0 = Debug|Any CPU
		{413760B5-0F7D-4B82-A787-ED0D182F29AE}.Release|Any CPU.ActiveCfg = Release|Any CPU
		{413760B5-0F7D-4B82-A787-ED0D182F29AE}.Release|Any CPU.Build.0 = Release|Any CPU
		{413760B5-0F7D-4B82-A787-ED0D182F29AE}.Release|x64.ActiveCfg = Release|Any CPU
		{413760B5-0F7D-4B82-A787-ED0D182F29AE}.Release|x64.Build.0 = Release|Any CPU
		{413760B5-0F7D-4B82-A787-ED0D182F29AE}.Release|x86.ActiveCfg = Release|Any CPU
		{413760B5-0F7D-4B82-A787-ED0D182F29AE}.Release|x86.Build.0 = Release|Any CPU
		{56C81F7B-1AC9-436F-B84D-A1F721E207BA}.Debug|Any CPU.ActiveCfg = Debug|Any CPU
		{56C81F7B-1AC9-436F-B84D-A1F721E207BA}.Debug|Any CPU.Build.0 = Debug|Any CPU
		{56C81F7B-1AC9-436F-B84D-A1F721E207BA}.Debug|x64.ActiveCfg = Debug|Any CPU
		{56C81F7B-1AC9-436F-B84D-A1F721E207BA}.Debug|x64.Build.0 = Debug|Any CPU
		{56C81F7B-1AC9-436F-B84D-A1F721E207BA}.Debug|x86.ActiveCfg = Debug|Any CPU
		{56C81F7B-1AC9-436F-B84D-A1F721E207BA}.Debug|x86.Build.0 = Debug|Any CPU
		{56C81F7B-1AC9-436F-B84D-A1F721E207BA}.Release|Any CPU.ActiveCfg = Release|Any CPU
		{56C81F7B-1AC9-436F-B84D-A1F721E207BA}.Release|Any CPU.Build.0 = Release|Any CPU
		{56C81F7B-1AC9-436F-B84D-A1F721E207BA}.Release|x64.ActiveCfg = Release|Any CPU
		{56C81F7B-1AC9-436F-B84D-A1F721E207BA}.Release|x64.Build.0 = Release|Any CPU
		{56C81F7B-1AC9-436F-B84D-A1F721E207BA}.Release|x86.ActiveCfg = Release|Any CPU
		{56C81F7B-1AC9-436F-B84D-A1F721E207BA}.Release|x86.Build.0 = Release|Any CPU
		{6A756E45-D60D-43BE-AF18-92A84E271386}.Debug|Any CPU.ActiveCfg = Debug|Any CPU
		{6A756E45-D60D-43BE-AF18-92A84E271386}.Debug|Any CPU.Build.0 = Debug|Any CPU
		{6A756E45-D60D-43BE-AF18-92A84E271386}.Debug|x64.ActiveCfg = Debug|Any CPU
		{6A756E45-D60D-43BE-AF18-92A84E271386}.Debug|x64.Build.0 = Debug|Any CPU
		{6A756E45-D60D-43BE-AF18-92A84E271386}.Debug|x86.ActiveCfg = Debug|Any CPU
		{6A756E45-D60D-43BE-AF18-92A84E271386}.Debug|x86.Build.0 = Debug|Any CPU
		{6A756E45-D60D-43BE-AF18-92A84E271386}.Release|Any CPU.ActiveCfg = Release|Any CPU
		{6A756E45-D60D-43BE-AF18-92A84E271386}.Release|Any CPU.Build.0 = Release|Any CPU
		{6A756E45-D60D-43BE-AF18-92A84E271386}.Release|x64.ActiveCfg = Release|Any CPU
		{6A756E45-D60D-43BE-AF18-92A84E271386}.Release|x64.Build.0 = Release|Any CPU
		{6A756E45-D60D-43BE-AF18-92A84E271386}.Release|x86.ActiveCfg = Release|Any CPU
		{6A756E45-D60D-43BE-AF18-92A84E271386}.Release|x86.Build.0 = Release|Any CPU
		{57CC136D-A106-46AF-AD20-6D58045E5916}.Debug|Any CPU.ActiveCfg = Debug|Any CPU
		{57CC136D-A106-46AF-AD20-6D58045E5916}.Debug|Any CPU.Build.0 = Debug|Any CPU
		{57CC136D-A106-46AF-AD20-6D58045E5916}.Debug|x64.ActiveCfg = Debug|Any CPU
		{57CC136D-A106-46AF-AD20-6D58045E5916}.Debug|x64.Build.0 = Debug|Any CPU
		{57CC136D-A106-46AF-AD20-6D58045E5916}.Debug|x86.ActiveCfg = Debug|Any CPU
		{57CC136D-A106-46AF-AD20-6D58045E5916}.Debug|x86.Build.0 = Debug|Any CPU
		{57CC136D-A106-46AF-AD20-6D58045E5916}.Release|Any CPU.ActiveCfg = Release|Any CPU
		{57CC136D-A106-46AF-AD20-6D58045E5916}.Release|Any CPU.Build.0 = Release|Any CPU
		{57CC136D-A106-46AF-AD20-6D58045E5916}.Release|x64.ActiveCfg = Release|Any CPU
		{57CC136D-A106-46AF-AD20-6D58045E5916}.Release|x64.Build.0 = Release|Any CPU
		{57CC136D-A106-46AF-AD20-6D58045E5916}.Release|x86.ActiveCfg = Release|Any CPU
		{57CC136D-A106-46AF-AD20-6D58045E5916}.Release|x86.Build.0 = Release|Any CPU
		{0FA62168-4F4A-4A4D-A33C-4667706B298D}.Debug|Any CPU.ActiveCfg = Debug|Any CPU
		{0FA62168-4F4A-4A4D-A33C-4667706B298D}.Debug|Any CPU.Build.0 = Debug|Any CPU
		{0FA62168-4F4A-4A4D-A33C-4667706B298D}.Debug|x64.ActiveCfg = Debug|Any CPU
		{0FA62168-4F4A-4A4D-A33C-4667706B298D}.Debug|x64.Build.0 = Debug|Any CPU
		{0FA62168-4F4A-4A4D-A33C-4667706B298D}.Debug|x86.ActiveCfg = Debug|Any CPU
		{0FA62168-4F4A-4A4D-A33C-4667706B298D}.Debug|x86.Build.0 = Debug|Any CPU
		{0FA62168-4F4A-4A4D-A33C-4667706B298D}.Release|Any CPU.ActiveCfg = Release|Any CPU
		{0FA62168-4F4A-4A4D-A33C-4667706B298D}.Release|Any CPU.Build.0 = Release|Any CPU
		{0FA62168-4F4A-4A4D-A33C-4667706B298D}.Release|x64.ActiveCfg = Release|Any CPU
		{0FA62168-4F4A-4A4D-A33C-4667706B298D}.Release|x64.Build.0 = Release|Any CPU
		{0FA62168-4F4A-4A4D-A33C-4667706B298D}.Release|x86.ActiveCfg = Release|Any CPU
		{0FA62168-4F4A-4A4D-A33C-4667706B298D}.Release|x86.Build.0 = Release|Any CPU
		{1690F310-DA6C-4D47-92F1-0D1967913BA0}.Debug|Any CPU.ActiveCfg = Debug|Any CPU
		{1690F310-DA6C-4D47-92F1-0D1967913BA0}.Debug|Any CPU.Build.0 = Debug|Any CPU
		{1690F310-DA6C-4D47-92F1-0D1967913BA0}.Debug|x64.ActiveCfg = Debug|Any CPU
		{1690F310-DA6C-4D47-92F1-0D1967913BA0}.Debug|x64.Build.0 = Debug|Any CPU
		{1690F310-DA6C-4D47-92F1-0D1967913BA0}.Debug|x86.ActiveCfg = Debug|Any CPU
		{1690F310-DA6C-4D47-92F1-0D1967913BA0}.Debug|x86.Build.0 = Debug|Any CPU
		{1690F310-DA6C-4D47-92F1-0D1967913BA0}.Release|Any CPU.ActiveCfg = Release|Any CPU
		{1690F310-DA6C-4D47-92F1-0D1967913BA0}.Release|Any CPU.Build.0 = Release|Any CPU
		{1690F310-DA6C-4D47-92F1-0D1967913BA0}.Release|x64.ActiveCfg = Release|Any CPU
		{1690F310-DA6C-4D47-92F1-0D1967913BA0}.Release|x64.Build.0 = Release|Any CPU
		{1690F310-DA6C-4D47-92F1-0D1967913BA0}.Release|x86.ActiveCfg = Release|Any CPU
		{1690F310-DA6C-4D47-92F1-0D1967913BA0}.Release|x86.Build.0 = Release|Any CPU
		{67DD78DC-1125-48D9-9A4A-9E3FE42BAFF9}.Debug|Any CPU.ActiveCfg = Debug|Any CPU
		{67DD78DC-1125-48D9-9A4A-9E3FE42BAFF9}.Debug|Any CPU.Build.0 = Debug|Any CPU
		{67DD78DC-1125-48D9-9A4A-9E3FE42BAFF9}.Debug|x64.ActiveCfg = Debug|Any CPU
		{67DD78DC-1125-48D9-9A4A-9E3FE42BAFF9}.Debug|x64.Build.0 = Debug|Any CPU
		{67DD78DC-1125-48D9-9A4A-9E3FE42BAFF9}.Debug|x86.ActiveCfg = Debug|Any CPU
		{67DD78DC-1125-48D9-9A4A-9E3FE42BAFF9}.Debug|x86.Build.0 = Debug|Any CPU
		{67DD78DC-1125-48D9-9A4A-9E3FE42BAFF9}.Release|Any CPU.ActiveCfg = Release|Any CPU
		{67DD78DC-1125-48D9-9A4A-9E3FE42BAFF9}.Release|Any CPU.Build.0 = Release|Any CPU
		{67DD78DC-1125-48D9-9A4A-9E3FE42BAFF9}.Release|x64.ActiveCfg = Release|Any CPU
		{67DD78DC-1125-48D9-9A4A-9E3FE42BAFF9}.Release|x64.Build.0 = Release|Any CPU
		{67DD78DC-1125-48D9-9A4A-9E3FE42BAFF9}.Release|x86.ActiveCfg = Release|Any CPU
		{67DD78DC-1125-48D9-9A4A-9E3FE42BAFF9}.Release|x86.Build.0 = Release|Any CPU
	EndGlobalSection
	GlobalSection(NestedProjects) = preSolution
		{FED26851-D969-46ED-8FF6-CD1A976F52BE} = {31987774-3EF8-444C-943C-CD8F00D8422E}
		{413760B5-0F7D-4B82-A787-ED0D182F29AE} = {31987774-3EF8-444C-943C-CD8F00D8422E}
		{56C81F7B-1AC9-436F-B84D-A1F721E207BA} = {31987774-3EF8-444C-943C-CD8F00D8422E}
		{6A756E45-D60D-43BE-AF18-92A84E271386} = {31987774-3EF8-444C-943C-CD8F00D8422E}
		{57CC136D-A106-46AF-AD20-6D58045E5916} = {31987774-3EF8-444C-943C-CD8F00D8422E}
		{0FA62168-4F4A-4A4D-A33C-4667706B298D} = {A3B6EC02-6CB8-4994-8462-F33E117DF6E3}
		{1690F310-DA6C-4D47-92F1-0D1967913BA0} = {A3B6EC02-6CB8-4994-8462-F33E117DF6E3}
		{67DD78DC-1125-48D9-9A4A-9E3FE42BAFF9} = {A3B6EC02-6CB8-4994-8462-F33E117DF6E3}
	EndGlobalSection
EndGlobal
