
Microsoft Visual Studio Solution File, Format Version 12.00
# Visual Studio 15
VisualStudioVersion = 15.0.26124.0
MinimumVisualStudioVersion = 15.0.26124.0
Project("{2150E333-8FDC-42A3-9474-1A3956D46DE8}") = "Code", "Code", "{2FD36006-E833-4C9A-8EB3-14D5733F7165}"
EndProject
Project("{FAE04EC0-301F-11D3-BF4B-00C04F79EFBC}") = "khggjbjmn.Api", "Code\khggjbjmn.Api\khggjbjmn.Api.csproj", "{688A4CD1-7F28-407C-87E9-1A87BB4A437A}"
EndProject
Project("{FAE04EC0-301F-11D3-BF4B-00C04F79EFBC}") = "khggjbjmn.BusinessEntities", "Code\khggjbjmn.BusinessEntities\khggjbjmn.BusinessEntities.csproj", "{CBCA41A5-6BEB-4134-BD66-5DAB4692FF44}"
EndProject
Project("{FAE04EC0-301F-11D3-BF4B-00C04F79EFBC}") = "khggjbjmn.BusinessServices", "Code\khggjbjmn.BusinessServices\khggjbjmn.BusinessServices.csproj", "{3EA083C4-457B-4AAF-A393-272E081A9911}"
EndProject
Project("{FAE04EC0-301F-11D3-BF4B-00C04F79EFBC}") = "khggjbjmn.Contracts", "Code\khggjbjmn.Contracts\khggjbjmn.Contracts.csproj", "{3DFE80CC-E87B-4260-9CEE-8328916FBECC}"
EndProject
Project("{FAE04EC0-301F-11D3-BF4B-00C04F79EFBC}") = "khggjbjmn.Data", "Code\khggjbjmn.Data\khggjbjmn.Data.csproj", "{F5B25267-AEA5-407D-B4F2-AB1F77C1E24E}"
EndProject
Project("{FAE04EC0-301F-11D3-BF4B-00C04F79EFBC}") = "khggjbjmn.Test.Api", "Code\khggjbjmn.Test.Api\khggjbjmn.Test.Api.csproj", "{75D5F6A9-184C-4DBE-BC04-2A8C83E62612}"
EndProject
Project("{FAE04EC0-301F-11D3-BF4B-00C04F79EFBC}") = "khggjbjmn.Test.Business", "Code\khggjbjmn.Test.Business\khggjbjmn.Test.Business.csproj", "{AAB0651C-B2BD-4626-B279-1607449944B1}"
EndProject
Project("{FAE04EC0-301F-11D3-BF4B-00C04F79EFBC}") = "khggjbjmn.Test.Framework", "Code\khggjbjmn.Test.Framework\khggjbjmn.Test.Framework.csproj", "{55BC12E2-9C2A-4EE1-AA1D-7B298773CEA5}"
EndProject
Project("{2150E333-8FDC-42A3-9474-1A3956D46DE8}") = "Test", "Test", "{F715EF91-411C-480F-ABD6-5DB0795D8428}"
EndProject
Global
	GlobalSection(SolutionConfigurationPlatforms) = preSolution
		Debug|Any CPU = Debug|Any CPU
		Debug|x64 = Debug|x64
		Debug|x86 = Debug|x86
		Release|Any CPU = Release|Any CPU
		Release|x64 = Release|x64
		Release|x86 = Release|x86
	EndGlobalSection
	GlobalSection(SolutionProperties) = preSolution
		HideSolutionNode = FALSE
	EndGlobalSection
	GlobalSection(ProjectConfigurationPlatforms) = postSolution
		{688A4CD1-7F28-407C-87E9-1A87BB4A437A}.Debug|Any CPU.ActiveCfg = Debug|Any CPU
		{688A4CD1-7F28-407C-87E9-1A87BB4A437A}.Debug|Any CPU.Build.0 = Debug|Any CPU
		{688A4CD1-7F28-407C-87E9-1A87BB4A437A}.Debug|x64.ActiveCfg = Debug|Any CPU
		{688A4CD1-7F28-407C-87E9-1A87BB4A437A}.Debug|x64.Build.0 = Debug|Any CPU
		{688A4CD1-7F28-407C-87E9-1A87BB4A437A}.Debug|x86.ActiveCfg = Debug|Any CPU
		{688A4CD1-7F28-407C-87E9-1A87BB4A437A}.Debug|x86.Build.0 = Debug|Any CPU
		{688A4CD1-7F28-407C-87E9-1A87BB4A437A}.Release|Any CPU.ActiveCfg = Release|Any CPU
		{688A4CD1-7F28-407C-87E9-1A87BB4A437A}.Release|Any CPU.Build.0 = Release|Any CPU
		{688A4CD1-7F28-407C-87E9-1A87BB4A437A}.Release|x64.ActiveCfg = Release|Any CPU
		{688A4CD1-7F28-407C-87E9-1A87BB4A437A}.Release|x64.Build.0 = Release|Any CPU
		{688A4CD1-7F28-407C-87E9-1A87BB4A437A}.Release|x86.ActiveCfg = Release|Any CPU
		{688A4CD1-7F28-407C-87E9-1A87BB4A437A}.Release|x86.Build.0 = Release|Any CPU
		{CBCA41A5-6BEB-4134-BD66-5DAB4692FF44}.Debug|Any CPU.ActiveCfg = Debug|Any CPU
		{CBCA41A5-6BEB-4134-BD66-5DAB4692FF44}.Debug|Any CPU.Build.0 = Debug|Any CPU
		{CBCA41A5-6BEB-4134-BD66-5DAB4692FF44}.Debug|x64.ActiveCfg = Debug|Any CPU
		{CBCA41A5-6BEB-4134-BD66-5DAB4692FF44}.Debug|x64.Build.0 = Debug|Any CPU
		{CBCA41A5-6BEB-4134-BD66-5DAB4692FF44}.Debug|x86.ActiveCfg = Debug|Any CPU
		{CBCA41A5-6BEB-4134-BD66-5DAB4692FF44}.Debug|x86.Build.0 = Debug|Any CPU
		{CBCA41A5-6BEB-4134-BD66-5DAB4692FF44}.Release|Any CPU.ActiveCfg = Release|Any CPU
		{CBCA41A5-6BEB-4134-BD66-5DAB4692FF44}.Release|Any CPU.Build.0 = Release|Any CPU
		{CBCA41A5-6BEB-4134-BD66-5DAB4692FF44}.Release|x64.ActiveCfg = Release|Any CPU
		{CBCA41A5-6BEB-4134-BD66-5DAB4692FF44}.Release|x64.Build.0 = Release|Any CPU
		{CBCA41A5-6BEB-4134-BD66-5DAB4692FF44}.Release|x86.ActiveCfg = Release|Any CPU
		{CBCA41A5-6BEB-4134-BD66-5DAB4692FF44}.Release|x86.Build.0 = Release|Any CPU
		{3EA083C4-457B-4AAF-A393-272E081A9911}.Debug|Any CPU.ActiveCfg = Debug|Any CPU
		{3EA083C4-457B-4AAF-A393-272E081A9911}.Debug|Any CPU.Build.0 = Debug|Any CPU
		{3EA083C4-457B-4AAF-A393-272E081A9911}.Debug|x64.ActiveCfg = Debug|Any CPU
		{3EA083C4-457B-4AAF-A393-272E081A9911}.Debug|x64.Build.0 = Debug|Any CPU
		{3EA083C4-457B-4AAF-A393-272E081A9911}.Debug|x86.ActiveCfg = Debug|Any CPU
		{3EA083C4-457B-4AAF-A393-272E081A9911}.Debug|x86.Build.0 = Debug|Any CPU
		{3EA083C4-457B-4AAF-A393-272E081A9911}.Release|Any CPU.ActiveCfg = Release|Any CPU
		{3EA083C4-457B-4AAF-A393-272E081A9911}.Release|Any CPU.Build.0 = Release|Any CPU
		{3EA083C4-457B-4AAF-A393-272E081A9911}.Release|x64.ActiveCfg = Release|Any CPU
		{3EA083C4-457B-4AAF-A393-272E081A9911}.Release|x64.Build.0 = Release|Any CPU
		{3EA083C4-457B-4AAF-A393-272E081A9911}.Release|x86.ActiveCfg = Release|Any CPU
		{3EA083C4-457B-4AAF-A393-272E081A9911}.Release|x86.Build.0 = Release|Any CPU
		{3DFE80CC-E87B-4260-9CEE-8328916FBECC}.Debug|Any CPU.ActiveCfg = Debug|Any CPU
		{3DFE80CC-E87B-4260-9CEE-8328916FBECC}.Debug|Any CPU.Build.0 = Debug|Any CPU
		{3DFE80CC-E87B-4260-9CEE-8328916FBECC}.Debug|x64.ActiveCfg = Debug|Any CPU
		{3DFE80CC-E87B-4260-9CEE-8328916FBECC}.Debug|x64.Build.0 = Debug|Any CPU
		{3DFE80CC-E87B-4260-9CEE-8328916FBECC}.Debug|x86.ActiveCfg = Debug|Any CPU
		{3DFE80CC-E87B-4260-9CEE-8328916FBECC}.Debug|x86.Build.0 = Debug|Any CPU
		{3DFE80CC-E87B-4260-9CEE-8328916FBECC}.Release|Any CPU.ActiveCfg = Release|Any CPU
		{3DFE80CC-E87B-4260-9CEE-8328916FBECC}.Release|Any CPU.Build.0 = Release|Any CPU
		{3DFE80CC-E87B-4260-9CEE-8328916FBECC}.Release|x64.ActiveCfg = Release|Any CPU
		{3DFE80CC-E87B-4260-9CEE-8328916FBECC}.Release|x64.Build.0 = Release|Any CPU
		{3DFE80CC-E87B-4260-9CEE-8328916FBECC}.Release|x86.ActiveCfg = Release|Any CPU
		{3DFE80CC-E87B-4260-9CEE-8328916FBECC}.Release|x86.Build.0 = Release|Any CPU
		{F5B25267-AEA5-407D-B4F2-AB1F77C1E24E}.Debug|Any CPU.ActiveCfg = Debug|Any CPU
		{F5B25267-AEA5-407D-B4F2-AB1F77C1E24E}.Debug|Any CPU.Build.0 = Debug|Any CPU
		{F5B25267-AEA5-407D-B4F2-AB1F77C1E24E}.Debug|x64.ActiveCfg = Debug|Any CPU
		{F5B25267-AEA5-407D-B4F2-AB1F77C1E24E}.Debug|x64.Build.0 = Debug|Any CPU
		{F5B25267-AEA5-407D-B4F2-AB1F77C1E24E}.Debug|x86.ActiveCfg = Debug|Any CPU
		{F5B25267-AEA5-407D-B4F2-AB1F77C1E24E}.Debug|x86.Build.0 = Debug|Any CPU
		{F5B25267-AEA5-407D-B4F2-AB1F77C1E24E}.Release|Any CPU.ActiveCfg = Release|Any CPU
		{F5B25267-AEA5-407D-B4F2-AB1F77C1E24E}.Release|Any CPU.Build.0 = Release|Any CPU
		{F5B25267-AEA5-407D-B4F2-AB1F77C1E24E}.Release|x64.ActiveCfg = Release|Any CPU
		{F5B25267-AEA5-407D-B4F2-AB1F77C1E24E}.Release|x64.Build.0 = Release|Any CPU
		{F5B25267-AEA5-407D-B4F2-AB1F77C1E24E}.Release|x86.ActiveCfg = Release|Any CPU
		{F5B25267-AEA5-407D-B4F2-AB1F77C1E24E}.Release|x86.Build.0 = Release|Any CPU
		{75D5F6A9-184C-4DBE-BC04-2A8C83E62612}.Debug|Any CPU.ActiveCfg = Debug|Any CPU
		{75D5F6A9-184C-4DBE-BC04-2A8C83E62612}.Debug|Any CPU.Build.0 = Debug|Any CPU
		{75D5F6A9-184C-4DBE-BC04-2A8C83E62612}.Debug|x64.ActiveCfg = Debug|Any CPU
		{75D5F6A9-184C-4DBE-BC04-2A8C83E62612}.Debug|x64.Build.0 = Debug|Any CPU
		{75D5F6A9-184C-4DBE-BC04-2A8C83E62612}.Debug|x86.ActiveCfg = Debug|Any CPU
		{75D5F6A9-184C-4DBE-BC04-2A8C83E62612}.Debug|x86.Build.0 = Debug|Any CPU
		{75D5F6A9-184C-4DBE-BC04-2A8C83E62612}.Release|Any CPU.ActiveCfg = Release|Any CPU
		{75D5F6A9-184C-4DBE-BC04-2A8C83E62612}.Release|Any CPU.Build.0 = Release|Any CPU
		{75D5F6A9-184C-4DBE-BC04-2A8C83E62612}.Release|x64.ActiveCfg = Release|Any CPU
		{75D5F6A9-184C-4DBE-BC04-2A8C83E62612}.Release|x64.Build.0 = Release|Any CPU
		{75D5F6A9-184C-4DBE-BC04-2A8C83E62612}.Release|x86.ActiveCfg = Release|Any CPU
		{75D5F6A9-184C-4DBE-BC04-2A8C83E62612}.Release|x86.Build.0 = Release|Any CPU
		{AAB0651C-B2BD-4626-B279-1607449944B1}.Debug|Any CPU.ActiveCfg = Debug|Any CPU
		{AAB0651C-B2BD-4626-B279-1607449944B1}.Debug|Any CPU.Build.0 = Debug|Any CPU
		{AAB0651C-B2BD-4626-B279-1607449944B1}.Debug|x64.ActiveCfg = Debug|Any CPU
		{AAB0651C-B2BD-4626-B279-1607449944B1}.Debug|x64.Build.0 = Debug|Any CPU
		{AAB0651C-B2BD-4626-B279-1607449944B1}.Debug|x86.ActiveCfg = Debug|Any CPU
		{AAB0651C-B2BD-4626-B279-1607449944B1}.Debug|x86.Build.0 = Debug|Any CPU
		{AAB0651C-B2BD-4626-B279-1607449944B1}.Release|Any CPU.ActiveCfg = Release|Any CPU
		{AAB0651C-B2BD-4626-B279-1607449944B1}.Release|Any CPU.Build.0 = Release|Any CPU
		{AAB0651C-B2BD-4626-B279-1607449944B1}.Release|x64.ActiveCfg = Release|Any CPU
		{AAB0651C-B2BD-4626-B279-1607449944B1}.Release|x64.Build.0 = Release|Any CPU
		{AAB0651C-B2BD-4626-B279-1607449944B1}.Release|x86.ActiveCfg = Release|Any CPU
		{AAB0651C-B2BD-4626-B279-1607449944B1}.Release|x86.Build.0 = Release|Any CPU
		{55BC12E2-9C2A-4EE1-AA1D-7B298773CEA5}.Debug|Any CPU.ActiveCfg = Debug|Any CPU
		{55BC12E2-9C2A-4EE1-AA1D-7B298773CEA5}.Debug|Any CPU.Build.0 = Debug|Any CPU
		{55BC12E2-9C2A-4EE1-AA1D-7B298773CEA5}.Debug|x64.ActiveCfg = Debug|Any CPU
		{55BC12E2-9C2A-4EE1-AA1D-7B298773CEA5}.Debug|x64.Build.0 = Debug|Any CPU
		{55BC12E2-9C2A-4EE1-AA1D-7B298773CEA5}.Debug|x86.ActiveCfg = Debug|Any CPU
		{55BC12E2-9C2A-4EE1-AA1D-7B298773CEA5}.Debug|x86.Build.0 = Debug|Any CPU
		{55BC12E2-9C2A-4EE1-AA1D-7B298773CEA5}.Release|Any CPU.ActiveCfg = Release|Any CPU
		{55BC12E2-9C2A-4EE1-AA1D-7B298773CEA5}.Release|Any CPU.Build.0 = Release|Any CPU
		{55BC12E2-9C2A-4EE1-AA1D-7B298773CEA5}.Release|x64.ActiveCfg = Release|Any CPU
		{55BC12E2-9C2A-4EE1-AA1D-7B298773CEA5}.Release|x64.Build.0 = Release|Any CPU
		{55BC12E2-9C2A-4EE1-AA1D-7B298773CEA5}.Release|x86.ActiveCfg = Release|Any CPU
		{55BC12E2-9C2A-4EE1-AA1D-7B298773CEA5}.Release|x86.Build.0 = Release|Any CPU
	EndGlobalSection
	GlobalSection(NestedProjects) = preSolution
		{688A4CD1-7F28-407C-87E9-1A87BB4A437A} = {2FD36006-E833-4C9A-8EB3-14D5733F7165}
		{CBCA41A5-6BEB-4134-BD66-5DAB4692FF44} = {2FD36006-E833-4C9A-8EB3-14D5733F7165}
		{3EA083C4-457B-4AAF-A393-272E081A9911} = {2FD36006-E833-4C9A-8EB3-14D5733F7165}
		{3DFE80CC-E87B-4260-9CEE-8328916FBECC} = {2FD36006-E833-4C9A-8EB3-14D5733F7165}
		{F5B25267-AEA5-407D-B4F2-AB1F77C1E24E} = {2FD36006-E833-4C9A-8EB3-14D5733F7165}
		{75D5F6A9-184C-4DBE-BC04-2A8C83E62612} = {F715EF91-411C-480F-ABD6-5DB0795D8428}
		{AAB0651C-B2BD-4626-B279-1607449944B1} = {F715EF91-411C-480F-ABD6-5DB0795D8428}
		{55BC12E2-9C2A-4EE1-AA1D-7B298773CEA5} = {F715EF91-411C-480F-ABD6-5DB0795D8428}
	EndGlobalSection
EndGlobal
