
Microsoft Visual Studio Solution File, Format Version 12.00
# Visual Studio 15
VisualStudioVersion = 15.0.26124.0
MinimumVisualStudioVersion = 15.0.26124.0
Project("{2150E333-8FDC-42A3-9474-1A3956D46DE8}") = "Code", "Code", "{572438ED-BD5F-47F4-B463-2BB595E752A6}"
EndProject
Project("{FAE04EC0-301F-11D3-BF4B-00C04F79EFBC}") = "nameeee.Api", "Code\nameeee.Api\nameeee.Api.csproj", "{014752A4-8D70-493E-8F03-F12F97A4EB6E}"
EndProject
Project("{FAE04EC0-301F-11D3-BF4B-00C04F79EFBC}") = "nameeee.BusinessEntities", "Code\nameeee.BusinessEntities\nameeee.BusinessEntities.csproj", "{05CB1A92-412D-4BB3-BBA9-8DB98750F5A8}"
EndProject
Project("{FAE04EC0-301F-11D3-BF4B-00C04F79EFBC}") = "nameeee.BusinessServices", "Code\nameeee.BusinessServices\nameeee.BusinessServices.csproj", "{89D72706-46A4-4BDF-BDF6-9BB61A43407F}"
EndProject
Project("{FAE04EC0-301F-11D3-BF4B-00C04F79EFBC}") = "nameeee.Contracts", "Code\nameeee.Contracts\nameeee.Contracts.csproj", "{75AC6732-B6D8-4A75-941E-965913A23001}"
EndProject
Project("{FAE04EC0-301F-11D3-BF4B-00C04F79EFBC}") = "nameeee.Data", "Code\nameeee.Data\nameeee.Data.csproj", "{2EE2F303-28DC-4415-A8FF-8C308CF0B917}"
EndProject
Project("{FAE04EC0-301F-11D3-BF4B-00C04F79EFBC}") = "nameeee.Test.Api", "Code\nameeee.Test.Api\nameeee.Test.Api.csproj", "{2190945B-3791-48E2-8A79-2C9F724A8307}"
EndProject
Project("{FAE04EC0-301F-11D3-BF4B-00C04F79EFBC}") = "nameeee.Test.Business", "Code\nameeee.Test.Business\nameeee.Test.Business.csproj", "{A12C0FBA-2A6E-4AF2-AFB0-6C22802ECA08}"
EndProject
Project("{FAE04EC0-301F-11D3-BF4B-00C04F79EFBC}") = "nameeee.Test.Framework", "Code\nameeee.Test.Framework\nameeee.Test.Framework.csproj", "{B31464D1-D5D6-4D51-8E35-1D7138B41487}"
EndProject
Project("{2150E333-8FDC-42A3-9474-1A3956D46DE8}") = "Test", "Test", "{4F47E3E1-011A-4695-B80C-DBA28EA1B1CE}"
EndProject
Global
	GlobalSection(SolutionConfigurationPlatforms) = preSolution
		Debug|Any CPU = Debug|Any CPU
		Debug|x64 = Debug|x64
		Debug|x86 = Debug|x86
		Release|Any CPU = Release|Any CPU
		Release|x64 = Release|x64
		Release|x86 = Release|x86
	EndGlobalSection
	GlobalSection(SolutionProperties) = preSolution
		HideSolutionNode = FALSE
	EndGlobalSection
	GlobalSection(ProjectConfigurationPlatforms) = postSolution
		{014752A4-8D70-493E-8F03-F12F97A4EB6E}.Debug|Any CPU.ActiveCfg = Debug|Any CPU
		{014752A4-8D70-493E-8F03-F12F97A4EB6E}.Debug|Any CPU.Build.0 = Debug|Any CPU
		{014752A4-8D70-493E-8F03-F12F97A4EB6E}.Debug|x64.ActiveCfg = Debug|Any CPU
		{014752A4-8D70-493E-8F03-F12F97A4EB6E}.Debug|x64.Build.0 = Debug|Any CPU
		{014752A4-8D70-493E-8F03-F12F97A4EB6E}.Debug|x86.ActiveCfg = Debug|Any CPU
		{014752A4-8D70-493E-8F03-F12F97A4EB6E}.Debug|x86.Build.0 = Debug|Any CPU
		{014752A4-8D70-493E-8F03-F12F97A4EB6E}.Release|Any CPU.ActiveCfg = Release|Any CPU
		{014752A4-8D70-493E-8F03-F12F97A4EB6E}.Release|Any CPU.Build.0 = Release|Any CPU
		{014752A4-8D70-493E-8F03-F12F97A4EB6E}.Release|x64.ActiveCfg = Release|Any CPU
		{014752A4-8D70-493E-8F03-F12F97A4EB6E}.Release|x64.Build.0 = Release|Any CPU
		{014752A4-8D70-493E-8F03-F12F97A4EB6E}.Release|x86.ActiveCfg = Release|Any CPU
		{014752A4-8D70-493E-8F03-F12F97A4EB6E}.Release|x86.Build.0 = Release|Any CPU
		{05CB1A92-412D-4BB3-BBA9-8DB98750F5A8}.Debug|Any CPU.ActiveCfg = Debug|Any CPU
		{05CB1A92-412D-4BB3-BBA9-8DB98750F5A8}.Debug|Any CPU.Build.0 = Debug|Any CPU
		{05CB1A92-412D-4BB3-BBA9-8DB98750F5A8}.Debug|x64.ActiveCfg = Debug|Any CPU
		{05CB1A92-412D-4BB3-BBA9-8DB98750F5A8}.Debug|x64.Build.0 = Debug|Any CPU
		{05CB1A92-412D-4BB3-BBA9-8DB98750F5A8}.Debug|x86.ActiveCfg = Debug|Any CPU
		{05CB1A92-412D-4BB3-BBA9-8DB98750F5A8}.Debug|x86.Build.0 = Debug|Any CPU
		{05CB1A92-412D-4BB3-BBA9-8DB98750F5A8}.Release|Any CPU.ActiveCfg = Release|Any CPU
		{05CB1A92-412D-4BB3-BBA9-8DB98750F5A8}.Release|Any CPU.Build.0 = Release|Any CPU
		{05CB1A92-412D-4BB3-BBA9-8DB98750F5A8}.Release|x64.ActiveCfg = Release|Any CPU
		{05CB1A92-412D-4BB3-BBA9-8DB98750F5A8}.Release|x64.Build.0 = Release|Any CPU
		{05CB1A92-412D-4BB3-BBA9-8DB98750F5A8}.Release|x86.ActiveCfg = Release|Any CPU
		{05CB1A92-412D-4BB3-BBA9-8DB98750F5A8}.Release|x86.Build.0 = Release|Any CPU
		{89D72706-46A4-4BDF-BDF6-9BB61A43407F}.Debug|Any CPU.ActiveCfg = Debug|Any CPU
		{89D72706-46A4-4BDF-BDF6-9BB61A43407F}.Debug|Any CPU.Build.0 = Debug|Any CPU
		{89D72706-46A4-4BDF-BDF6-9BB61A43407F}.Debug|x64.ActiveCfg = Debug|Any CPU
		{89D72706-46A4-4BDF-BDF6-9BB61A43407F}.Debug|x64.Build.0 = Debug|Any CPU
		{89D72706-46A4-4BDF-BDF6-9BB61A43407F}.Debug|x86.ActiveCfg = Debug|Any CPU
		{89D72706-46A4-4BDF-BDF6-9BB61A43407F}.Debug|x86.Build.0 = Debug|Any CPU
		{89D72706-46A4-4BDF-BDF6-9BB61A43407F}.Release|Any CPU.ActiveCfg = Release|Any CPU
		{89D72706-46A4-4BDF-BDF6-9BB61A43407F}.Release|Any CPU.Build.0 = Release|Any CPU
		{89D72706-46A4-4BDF-BDF6-9BB61A43407F}.Release|x64.ActiveCfg = Release|Any CPU
		{89D72706-46A4-4BDF-BDF6-9BB61A43407F}.Release|x64.Build.0 = Release|Any CPU
		{89D72706-46A4-4BDF-BDF6-9BB61A43407F}.Release|x86.ActiveCfg = Release|Any CPU
		{89D72706-46A4-4BDF-BDF6-9BB61A43407F}.Release|x86.Build.0 = Release|Any CPU
		{75AC6732-B6D8-4A75-941E-965913A23001}.Debug|Any CPU.ActiveCfg = Debug|Any CPU
		{75AC6732-B6D8-4A75-941E-965913A23001}.Debug|Any CPU.Build.0 = Debug|Any CPU
		{75AC6732-B6D8-4A75-941E-965913A23001}.Debug|x64.ActiveCfg = Debug|Any CPU
		{75AC6732-B6D8-4A75-941E-965913A23001}.Debug|x64.Build.0 = Debug|Any CPU
		{75AC6732-B6D8-4A75-941E-965913A23001}.Debug|x86.ActiveCfg = Debug|Any CPU
		{75AC6732-B6D8-4A75-941E-965913A23001}.Debug|x86.Build.0 = Debug|Any CPU
		{75AC6732-B6D8-4A75-941E-965913A23001}.Release|Any CPU.ActiveCfg = Release|Any CPU
		{75AC6732-B6D8-4A75-941E-965913A23001}.Release|Any CPU.Build.0 = Release|Any CPU
		{75AC6732-B6D8-4A75-941E-965913A23001}.Release|x64.ActiveCfg = Release|Any CPU
		{75AC6732-B6D8-4A75-941E-965913A23001}.Release|x64.Build.0 = Release|Any CPU
		{75AC6732-B6D8-4A75-941E-965913A23001}.Release|x86.ActiveCfg = Release|Any CPU
		{75AC6732-B6D8-4A75-941E-965913A23001}.Release|x86.Build.0 = Release|Any CPU
		{2EE2F303-28DC-4415-A8FF-8C308CF0B917}.Debug|Any CPU.ActiveCfg = Debug|Any CPU
		{2EE2F303-28DC-4415-A8FF-8C308CF0B917}.Debug|Any CPU.Build.0 = Debug|Any CPU
		{2EE2F303-28DC-4415-A8FF-8C308CF0B917}.Debug|x64.ActiveCfg = Debug|Any CPU
		{2EE2F303-28DC-4415-A8FF-8C308CF0B917}.Debug|x64.Build.0 = Debug|Any CPU
		{2EE2F303-28DC-4415-A8FF-8C308CF0B917}.Debug|x86.ActiveCfg = Debug|Any CPU
		{2EE2F303-28DC-4415-A8FF-8C308CF0B917}.Debug|x86.Build.0 = Debug|Any CPU
		{2EE2F303-28DC-4415-A8FF-8C308CF0B917}.Release|Any CPU.ActiveCfg = Release|Any CPU
		{2EE2F303-28DC-4415-A8FF-8C308CF0B917}.Release|Any CPU.Build.0 = Release|Any CPU
		{2EE2F303-28DC-4415-A8FF-8C308CF0B917}.Release|x64.ActiveCfg = Release|Any CPU
		{2EE2F303-28DC-4415-A8FF-8C308CF0B917}.Release|x64.Build.0 = Release|Any CPU
		{2EE2F303-28DC-4415-A8FF-8C308CF0B917}.Release|x86.ActiveCfg = Release|Any CPU
		{2EE2F303-28DC-4415-A8FF-8C308CF0B917}.Release|x86.Build.0 = Release|Any CPU
		{2190945B-3791-48E2-8A79-2C9F724A8307}.Debug|Any CPU.ActiveCfg = Debug|Any CPU
		{2190945B-3791-48E2-8A79-2C9F724A8307}.Debug|Any CPU.Build.0 = Debug|Any CPU
		{2190945B-3791-48E2-8A79-2C9F724A8307}.Debug|x64.ActiveCfg = Debug|Any CPU
		{2190945B-3791-48E2-8A79-2C9F724A8307}.Debug|x64.Build.0 = Debug|Any CPU
		{2190945B-3791-48E2-8A79-2C9F724A8307}.Debug|x86.ActiveCfg = Debug|Any CPU
		{2190945B-3791-48E2-8A79-2C9F724A8307}.Debug|x86.Build.0 = Debug|Any CPU
		{2190945B-3791-48E2-8A79-2C9F724A8307}.Release|Any CPU.ActiveCfg = Release|Any CPU
		{2190945B-3791-48E2-8A79-2C9F724A8307}.Release|Any CPU.Build.0 = Release|Any CPU
		{2190945B-3791-48E2-8A79-2C9F724A8307}.Release|x64.ActiveCfg = Release|Any CPU
		{2190945B-3791-48E2-8A79-2C9F724A8307}.Release|x64.Build.0 = Release|Any CPU
		{2190945B-3791-48E2-8A79-2C9F724A8307}.Release|x86.ActiveCfg = Release|Any CPU
		{2190945B-3791-48E2-8A79-2C9F724A8307}.Release|x86.Build.0 = Release|Any CPU
		{A12C0FBA-2A6E-4AF2-AFB0-6C22802ECA08}.Debug|Any CPU.ActiveCfg = Debug|Any CPU
		{A12C0FBA-2A6E-4AF2-AFB0-6C22802ECA08}.Debug|Any CPU.Build.0 = Debug|Any CPU
		{A12C0FBA-2A6E-4AF2-AFB0-6C22802ECA08}.Debug|x64.ActiveCfg = Debug|Any CPU
		{A12C0FBA-2A6E-4AF2-AFB0-6C22802ECA08}.Debug|x64.Build.0 = Debug|Any CPU
		{A12C0FBA-2A6E-4AF2-AFB0-6C22802ECA08}.Debug|x86.ActiveCfg = Debug|Any CPU
		{A12C0FBA-2A6E-4AF2-AFB0-6C22802ECA08}.Debug|x86.Build.0 = Debug|Any CPU
		{A12C0FBA-2A6E-4AF2-AFB0-6C22802ECA08}.Release|Any CPU.ActiveCfg = Release|Any CPU
		{A12C0FBA-2A6E-4AF2-AFB0-6C22802ECA08}.Release|Any CPU.Build.0 = Release|Any CPU
		{A12C0FBA-2A6E-4AF2-AFB0-6C22802ECA08}.Release|x64.ActiveCfg = Release|Any CPU
		{A12C0FBA-2A6E-4AF2-AFB0-6C22802ECA08}.Release|x64.Build.0 = Release|Any CPU
		{A12C0FBA-2A6E-4AF2-AFB0-6C22802ECA08}.Release|x86.ActiveCfg = Release|Any CPU
		{A12C0FBA-2A6E-4AF2-AFB0-6C22802ECA08}.Release|x86.Build.0 = Release|Any CPU
		{B31464D1-D5D6-4D51-8E35-1D7138B41487}.Debug|Any CPU.ActiveCfg = Debug|Any CPU
		{B31464D1-D5D6-4D51-8E35-1D7138B41487}.Debug|Any CPU.Build.0 = Debug|Any CPU
		{B31464D1-D5D6-4D51-8E35-1D7138B41487}.Debug|x64.ActiveCfg = Debug|Any CPU
		{B31464D1-D5D6-4D51-8E35-1D7138B41487}.Debug|x64.Build.0 = Debug|Any CPU
		{B31464D1-D5D6-4D51-8E35-1D7138B41487}.Debug|x86.ActiveCfg = Debug|Any CPU
		{B31464D1-D5D6-4D51-8E35-1D7138B41487}.Debug|x86.Build.0 = Debug|Any CPU
		{B31464D1-D5D6-4D51-8E35-1D7138B41487}.Release|Any CPU.ActiveCfg = Release|Any CPU
		{B31464D1-D5D6-4D51-8E35-1D7138B41487}.Release|Any CPU.Build.0 = Release|Any CPU
		{B31464D1-D5D6-4D51-8E35-1D7138B41487}.Release|x64.ActiveCfg = Release|Any CPU
		{B31464D1-D5D6-4D51-8E35-1D7138B41487}.Release|x64.Build.0 = Release|Any CPU
		{B31464D1-D5D6-4D51-8E35-1D7138B41487}.Release|x86.ActiveCfg = Release|Any CPU
		{B31464D1-D5D6-4D51-8E35-1D7138B41487}.Release|x86.Build.0 = Release|Any CPU
	EndGlobalSection
	GlobalSection(NestedProjects) = preSolution
		{014752A4-8D70-493E-8F03-F12F97A4EB6E} = {572438ED-BD5F-47F4-B463-2BB595E752A6}
		{05CB1A92-412D-4BB3-BBA9-8DB98750F5A8} = {572438ED-BD5F-47F4-B463-2BB595E752A6}
		{89D72706-46A4-4BDF-BDF6-9BB61A43407F} = {572438ED-BD5F-47F4-B463-2BB595E752A6}
		{75AC6732-B6D8-4A75-941E-965913A23001} = {572438ED-BD5F-47F4-B463-2BB595E752A6}
		{2EE2F303-28DC-4415-A8FF-8C308CF0B917} = {572438ED-BD5F-47F4-B463-2BB595E752A6}
		{2190945B-3791-48E2-8A79-2C9F724A8307} = {4F47E3E1-011A-4695-B80C-DBA28EA1B1CE}
		{A12C0FBA-2A6E-4AF2-AFB0-6C22802ECA08} = {4F47E3E1-011A-4695-B80C-DBA28EA1B1CE}
		{B31464D1-D5D6-4D51-8E35-1D7138B41487} = {4F47E3E1-011A-4695-B80C-DBA28EA1B1CE}
	EndGlobalSection
EndGlobal
