
Microsoft Visual Studio Solution File, Format Version 12.00
# Visual Studio 15
VisualStudioVersion = 15.0.26124.0
MinimumVisualStudioVersion = 15.0.26124.0
Project("{2150E333-8FDC-42A3-9474-1A3956D46DE8}") = "Code", "Code", "{F0F9F426-3AED-4360-9601-14B30D6348A4}"
EndProject
Project("{FAE04EC0-301F-11D3-BF4B-00C04F79EFBC}") = "NewComp.Api", "Code\NewComp.Api\NewComp.Api.csproj", "{4790147D-2863-48DF-9713-2EB5C25C7B0C}"
EndProject
Project("{FAE04EC0-301F-11D3-BF4B-00C04F79EFBC}") = "NewComp.BusinessEntities", "Code\NewComp.BusinessEntities\NewComp.BusinessEntities.csproj", "{56C7C039-8740-447F-8164-E184D46B307C}"
EndProject
Project("{FAE04EC0-301F-11D3-BF4B-00C04F79EFBC}") = "NewComp.BusinessServices", "Code\NewComp.BusinessServices\NewComp.BusinessServices.csproj", "{FF893BC1-EBF0-4B96-9685-12F347322AD9}"
EndProject
Project("{FAE04EC0-301F-11D3-BF4B-00C04F79EFBC}") = "NewComp.Contracts", "Code\NewComp.Contracts\NewComp.Contracts.csproj", "{F81EC46F-1984-4058-8FDF-8C3721EF40D4}"
EndProject
Project("{FAE04EC0-301F-11D3-BF4B-00C04F79EFBC}") = "NewComp.Data", "Code\NewComp.Data\NewComp.Data.csproj", "{90E2F401-F750-45F5-9B8C-01A55F73B9FD}"
EndProject
Project("{FAE04EC0-301F-11D3-BF4B-00C04F79EFBC}") = "NewComp.Test.Api", "Code\NewComp.Test.Api\NewComp.Test.Api.csproj", "{AB09FCC0-6E25-4782-8BAD-0DF5F73CF183}"
EndProject
Project("{FAE04EC0-301F-11D3-BF4B-00C04F79EFBC}") = "NewComp.Test.Business", "Code\NewComp.Test.Business\NewComp.Test.Business.csproj", "{52F4F024-6D66-40C1-894E-8CD6C3515092}"
EndProject
Project("{FAE04EC0-301F-11D3-BF4B-00C04F79EFBC}") = "NewComp.Test.Framework", "Code\NewComp.Test.Framework\NewComp.Test.Framework.csproj", "{EB84CAAB-816E-4A0C-8C25-FB6AE3023246}"
EndProject
Project("{2150E333-8FDC-42A3-9474-1A3956D46DE8}") = "Test", "Test", "{EC10C8EF-5333-477A-A35C-CE08DF3B3992}"
EndProject
Global
	GlobalSection(SolutionConfigurationPlatforms) = preSolution
		Debug|Any CPU = Debug|Any CPU
		Debug|x64 = Debug|x64
		Debug|x86 = Debug|x86
		Release|Any CPU = Release|Any CPU
		Release|x64 = Release|x64
		Release|x86 = Release|x86
	EndGlobalSection
	GlobalSection(SolutionProperties) = preSolution
		HideSolutionNode = FALSE
	EndGlobalSection
	GlobalSection(ProjectConfigurationPlatforms) = postSolution
		{4790147D-2863-48DF-9713-2EB5C25C7B0C}.Debug|Any CPU.ActiveCfg = Debug|Any CPU
		{4790147D-2863-48DF-9713-2EB5C25C7B0C}.Debug|Any CPU.Build.0 = Debug|Any CPU
		{4790147D-2863-48DF-9713-2EB5C25C7B0C}.Debug|x64.ActiveCfg = Debug|Any CPU
		{4790147D-2863-48DF-9713-2EB5C25C7B0C}.Debug|x64.Build.0 = Debug|Any CPU
		{4790147D-2863-48DF-9713-2EB5C25C7B0C}.Debug|x86.ActiveCfg = Debug|Any CPU
		{4790147D-2863-48DF-9713-2EB5C25C7B0C}.Debug|x86.Build.0 = Debug|Any CPU
		{4790147D-2863-48DF-9713-2EB5C25C7B0C}.Release|Any CPU.ActiveCfg = Release|Any CPU
		{4790147D-2863-48DF-9713-2EB5C25C7B0C}.Release|Any CPU.Build.0 = Release|Any CPU
		{4790147D-2863-48DF-9713-2EB5C25C7B0C}.Release|x64.ActiveCfg = Release|Any CPU
		{4790147D-2863-48DF-9713-2EB5C25C7B0C}.Release|x64.Build.0 = Release|Any CPU
		{4790147D-2863-48DF-9713-2EB5C25C7B0C}.Release|x86.ActiveCfg = Release|Any CPU
		{4790147D-2863-48DF-9713-2EB5C25C7B0C}.Release|x86.Build.0 = Release|Any CPU
		{56C7C039-8740-447F-8164-E184D46B307C}.Debug|Any CPU.ActiveCfg = Debug|Any CPU
		{56C7C039-8740-447F-8164-E184D46B307C}.Debug|Any CPU.Build.0 = Debug|Any CPU
		{56C7C039-8740-447F-8164-E184D46B307C}.Debug|x64.ActiveCfg = Debug|Any CPU
		{56C7C039-8740-447F-8164-E184D46B307C}.Debug|x64.Build.0 = Debug|Any CPU
		{56C7C039-8740-447F-8164-E184D46B307C}.Debug|x86.ActiveCfg = Debug|Any CPU
		{56C7C039-8740-447F-8164-E184D46B307C}.Debug|x86.Build.0 = Debug|Any CPU
		{56C7C039-8740-447F-8164-E184D46B307C}.Release|Any CPU.ActiveCfg = Release|Any CPU
		{56C7C039-8740-447F-8164-E184D46B307C}.Release|Any CPU.Build.0 = Release|Any CPU
		{56C7C039-8740-447F-8164-E184D46B307C}.Release|x64.ActiveCfg = Release|Any CPU
		{56C7C039-8740-447F-8164-E184D46B307C}.Release|x64.Build.0 = Release|Any CPU
		{56C7C039-8740-447F-8164-E184D46B307C}.Release|x86.ActiveCfg = Release|Any CPU
		{56C7C039-8740-447F-8164-E184D46B307C}.Release|x86.Build.0 = Release|Any CPU
		{FF893BC1-EBF0-4B96-9685-12F347322AD9}.Debug|Any CPU.ActiveCfg = Debug|Any CPU
		{FF893BC1-EBF0-4B96-9685-12F347322AD9}.Debug|Any CPU.Build.0 = Debug|Any CPU
		{FF893BC1-EBF0-4B96-9685-12F347322AD9}.Debug|x64.ActiveCfg = Debug|Any CPU
		{FF893BC1-EBF0-4B96-9685-12F347322AD9}.Debug|x64.Build.0 = Debug|Any CPU
		{FF893BC1-EBF0-4B96-9685-12F347322AD9}.Debug|x86.ActiveCfg = Debug|Any CPU
		{FF893BC1-EBF0-4B96-9685-12F347322AD9}.Debug|x86.Build.0 = Debug|Any CPU
		{FF893BC1-EBF0-4B96-9685-12F347322AD9}.Release|Any CPU.ActiveCfg = Release|Any CPU
		{FF893BC1-EBF0-4B96-9685-12F347322AD9}.Release|Any CPU.Build.0 = Release|Any CPU
		{FF893BC1-EBF0-4B96-9685-12F347322AD9}.Release|x64.ActiveCfg = Release|Any CPU
		{FF893BC1-EBF0-4B96-9685-12F347322AD9}.Release|x64.Build.0 = Release|Any CPU
		{FF893BC1-EBF0-4B96-9685-12F347322AD9}.Release|x86.ActiveCfg = Release|Any CPU
		{FF893BC1-EBF0-4B96-9685-12F347322AD9}.Release|x86.Build.0 = Release|Any CPU
		{F81EC46F-1984-4058-8FDF-8C3721EF40D4}.Debug|Any CPU.ActiveCfg = Debug|Any CPU
		{F81EC46F-1984-4058-8FDF-8C3721EF40D4}.Debug|Any CPU.Build.0 = Debug|Any CPU
		{F81EC46F-1984-4058-8FDF-8C3721EF40D4}.Debug|x64.ActiveCfg = Debug|Any CPU
		{F81EC46F-1984-4058-8FDF-8C3721EF40D4}.Debug|x64.Build.0 = Debug|Any CPU
		{F81EC46F-1984-4058-8FDF-8C3721EF40D4}.Debug|x86.ActiveCfg = Debug|Any CPU
		{F81EC46F-1984-4058-8FDF-8C3721EF40D4}.Debug|x86.Build.0 = Debug|Any CPU
		{F81EC46F-1984-4058-8FDF-8C3721EF40D4}.Release|Any CPU.ActiveCfg = Release|Any CPU
		{F81EC46F-1984-4058-8FDF-8C3721EF40D4}.Release|Any CPU.Build.0 = Release|Any CPU
		{F81EC46F-1984-4058-8FDF-8C3721EF40D4}.Release|x64.ActiveCfg = Release|Any CPU
		{F81EC46F-1984-4058-8FDF-8C3721EF40D4}.Release|x64.Build.0 = Release|Any CPU
		{F81EC46F-1984-4058-8FDF-8C3721EF40D4}.Release|x86.ActiveCfg = Release|Any CPU
		{F81EC46F-1984-4058-8FDF-8C3721EF40D4}.Release|x86.Build.0 = Release|Any CPU
		{90E2F401-F750-45F5-9B8C-01A55F73B9FD}.Debug|Any CPU.ActiveCfg = Debug|Any CPU
		{90E2F401-F750-45F5-9B8C-01A55F73B9FD}.Debug|Any CPU.Build.0 = Debug|Any CPU
		{90E2F401-F750-45F5-9B8C-01A55F73B9FD}.Debug|x64.ActiveCfg = Debug|Any CPU
		{90E2F401-F750-45F5-9B8C-01A55F73B9FD}.Debug|x64.Build.0 = Debug|Any CPU
		{90E2F401-F750-45F5-9B8C-01A55F73B9FD}.Debug|x86.ActiveCfg = Debug|Any CPU
		{90E2F401-F750-45F5-9B8C-01A55F73B9FD}.Debug|x86.Build.0 = Debug|Any CPU
		{90E2F401-F750-45F5-9B8C-01A55F73B9FD}.Release|Any CPU.ActiveCfg = Release|Any CPU
		{90E2F401-F750-45F5-9B8C-01A55F73B9FD}.Release|Any CPU.Build.0 = Release|Any CPU
		{90E2F401-F750-45F5-9B8C-01A55F73B9FD}.Release|x64.ActiveCfg = Release|Any CPU
		{90E2F401-F750-45F5-9B8C-01A55F73B9FD}.Release|x64.Build.0 = Release|Any CPU
		{90E2F401-F750-45F5-9B8C-01A55F73B9FD}.Release|x86.ActiveCfg = Release|Any CPU
		{90E2F401-F750-45F5-9B8C-01A55F73B9FD}.Release|x86.Build.0 = Release|Any CPU
		{AB09FCC0-6E25-4782-8BAD-0DF5F73CF183}.Debug|Any CPU.ActiveCfg = Debug|Any CPU
		{AB09FCC0-6E25-4782-8BAD-0DF5F73CF183}.Debug|Any CPU.Build.0 = Debug|Any CPU
		{AB09FCC0-6E25-4782-8BAD-0DF5F73CF183}.Debug|x64.ActiveCfg = Debug|Any CPU
		{AB09FCC0-6E25-4782-8BAD-0DF5F73CF183}.Debug|x64.Build.0 = Debug|Any CPU
		{AB09FCC0-6E25-4782-8BAD-0DF5F73CF183}.Debug|x86.ActiveCfg = Debug|Any CPU
		{AB09FCC0-6E25-4782-8BAD-0DF5F73CF183}.Debug|x86.Build.0 = Debug|Any CPU
		{AB09FCC0-6E25-4782-8BAD-0DF5F73CF183}.Release|Any CPU.ActiveCfg = Release|Any CPU
		{AB09FCC0-6E25-4782-8BAD-0DF5F73CF183}.Release|Any CPU.Build.0 = Release|Any CPU
		{AB09FCC0-6E25-4782-8BAD-0DF5F73CF183}.Release|x64.ActiveCfg = Release|Any CPU
		{AB09FCC0-6E25-4782-8BAD-0DF5F73CF183}.Release|x64.Build.0 = Release|Any CPU
		{AB09FCC0-6E25-4782-8BAD-0DF5F73CF183}.Release|x86.ActiveCfg = Release|Any CPU
		{AB09FCC0-6E25-4782-8BAD-0DF5F73CF183}.Release|x86.Build.0 = Release|Any CPU
		{52F4F024-6D66-40C1-894E-8CD6C3515092}.Debug|Any CPU.ActiveCfg = Debug|Any CPU
		{52F4F024-6D66-40C1-894E-8CD6C3515092}.Debug|Any CPU.Build.0 = Debug|Any CPU
		{52F4F024-6D66-40C1-894E-8CD6C3515092}.Debug|x64.ActiveCfg = Debug|Any CPU
		{52F4F024-6D66-40C1-894E-8CD6C3515092}.Debug|x64.Build.0 = Debug|Any CPU
		{52F4F024-6D66-40C1-894E-8CD6C3515092}.Debug|x86.ActiveCfg = Debug|Any CPU
		{52F4F024-6D66-40C1-894E-8CD6C3515092}.Debug|x86.Build.0 = Debug|Any CPU
		{52F4F024-6D66-40C1-894E-8CD6C3515092}.Release|Any CPU.ActiveCfg = Release|Any CPU
		{52F4F024-6D66-40C1-894E-8CD6C3515092}.Release|Any CPU.Build.0 = Release|Any CPU
		{52F4F024-6D66-40C1-894E-8CD6C3515092}.Release|x64.ActiveCfg = Release|Any CPU
		{52F4F024-6D66-40C1-894E-8CD6C3515092}.Release|x64.Build.0 = Release|Any CPU
		{52F4F024-6D66-40C1-894E-8CD6C3515092}.Release|x86.ActiveCfg = Release|Any CPU
		{52F4F024-6D66-40C1-894E-8CD6C3515092}.Release|x86.Build.0 = Release|Any CPU
		{EB84CAAB-816E-4A0C-8C25-FB6AE3023246}.Debug|Any CPU.ActiveCfg = Debug|Any CPU
		{EB84CAAB-816E-4A0C-8C25-FB6AE3023246}.Debug|Any CPU.Build.0 = Debug|Any CPU
		{EB84CAAB-816E-4A0C-8C25-FB6AE3023246}.Debug|x64.ActiveCfg = Debug|Any CPU
		{EB84CAAB-816E-4A0C-8C25-FB6AE3023246}.Debug|x64.Build.0 = Debug|Any CPU
		{EB84CAAB-816E-4A0C-8C25-FB6AE3023246}.Debug|x86.ActiveCfg = Debug|Any CPU
		{EB84CAAB-816E-4A0C-8C25-FB6AE3023246}.Debug|x86.Build.0 = Debug|Any CPU
		{EB84CAAB-816E-4A0C-8C25-FB6AE3023246}.Release|Any CPU.ActiveCfg = Release|Any CPU
		{EB84CAAB-816E-4A0C-8C25-FB6AE3023246}.Release|Any CPU.Build.0 = Release|Any CPU
		{EB84CAAB-816E-4A0C-8C25-FB6AE3023246}.Release|x64.ActiveCfg = Release|Any CPU
		{EB84CAAB-816E-4A0C-8C25-FB6AE3023246}.Release|x64.Build.0 = Release|Any CPU
		{EB84CAAB-816E-4A0C-8C25-FB6AE3023246}.Release|x86.ActiveCfg = Release|Any CPU
		{EB84CAAB-816E-4A0C-8C25-FB6AE3023246}.Release|x86.Build.0 = Release|Any CPU
	EndGlobalSection
	GlobalSection(NestedProjects) = preSolution
		{4790147D-2863-48DF-9713-2EB5C25C7B0C} = {F0F9F426-3AED-4360-9601-14B30D6348A4}
		{56C7C039-8740-447F-8164-E184D46B307C} = {F0F9F426-3AED-4360-9601-14B30D6348A4}
		{FF893BC1-EBF0-4B96-9685-12F347322AD9} = {F0F9F426-3AED-4360-9601-14B30D6348A4}
		{F81EC46F-1984-4058-8FDF-8C3721EF40D4} = {F0F9F426-3AED-4360-9601-14B30D6348A4}
		{90E2F401-F750-45F5-9B8C-01A55F73B9FD} = {F0F9F426-3AED-4360-9601-14B30D6348A4}
		{AB09FCC0-6E25-4782-8BAD-0DF5F73CF183} = {EC10C8EF-5333-477A-A35C-CE08DF3B3992}
		{52F4F024-6D66-40C1-894E-8CD6C3515092} = {EC10C8EF-5333-477A-A35C-CE08DF3B3992}
		{EB84CAAB-816E-4A0C-8C25-FB6AE3023246} = {EC10C8EF-5333-477A-A35C-CE08DF3B3992}
	EndGlobalSection
EndGlobal
