
Microsoft Visual Studio Solution File, Format Version 12.00
# Visual Studio 15
VisualStudioVersion = 15.0.26124.0
MinimumVisualStudioVersion = 15.0.26124.0
Project("{2150E333-8FDC-42A3-9474-1A3956D46DE8}") = "Code", "Code", "{A03ADAA7-995B-451D-B230-531ECA294E4E}"
EndProject
Project("{FAE04EC0-301F-11D3-BF4B-00C04F79EFBC}") = "jkhugyjfhgdf.Api", "Code\jkhugyjfhgdf.Api\jkhugyjfhgdf.Api.csproj", "{4CF7B08A-5DCF-475D-B4FA-FCF732A40EBE}"
EndProject
Project("{FAE04EC0-301F-11D3-BF4B-00C04F79EFBC}") = "jkhugyjfhgdf.BusinessEntities", "Code\jkhugyjfhgdf.BusinessEntities\jkhugyjfhgdf.BusinessEntities.csproj", "{731CD9EE-49E8-4CEE-888F-F425307DD76F}"
EndProject
Project("{FAE04EC0-301F-11D3-BF4B-00C04F79EFBC}") = "jkhugyjfhgdf.BusinessServices", "Code\jkhugyjfhgdf.BusinessServices\jkhugyjfhgdf.BusinessServices.csproj", "{24376648-0759-4E82-AAE5-E4C9872D40DE}"
EndProject
Project("{FAE04EC0-301F-11D3-BF4B-00C04F79EFBC}") = "jkhugyjfhgdf.Contracts", "Code\jkhugyjfhgdf.Contracts\jkhugyjfhgdf.Contracts.csproj", "{EBABE0A2-A40C-4782-8C7C-7ABA392F5182}"
EndProject
Project("{FAE04EC0-301F-11D3-BF4B-00C04F79EFBC}") = "jkhugyjfhgdf.Data", "Code\jkhugyjfhgdf.Data\jkhugyjfhgdf.Data.csproj", "{B488BD83-EBB4-4A1F-8762-B4C410166197}"
EndProject
Project("{FAE04EC0-301F-11D3-BF4B-00C04F79EFBC}") = "jkhugyjfhgdf.Test.Api", "Code\jkhugyjfhgdf.Test.Api\jkhugyjfhgdf.Test.Api.csproj", "{8B2AD778-94D2-4AF3-82B6-CFAFF668A864}"
EndProject
Project("{FAE04EC0-301F-11D3-BF4B-00C04F79EFBC}") = "jkhugyjfhgdf.Test.Business", "Code\jkhugyjfhgdf.Test.Business\jkhugyjfhgdf.Test.Business.csproj", "{F35E455D-1C6F-43D3-975D-1D0C6AF32F6B}"
EndProject
Project("{FAE04EC0-301F-11D3-BF4B-00C04F79EFBC}") = "jkhugyjfhgdf.Test.Framework", "Code\jkhugyjfhgdf.Test.Framework\jkhugyjfhgdf.Test.Framework.csproj", "{7763F8A1-5FFD-48C9-9051-7CEBBBF6CFFC}"
EndProject
Project("{2150E333-8FDC-42A3-9474-1A3956D46DE8}") = "Test", "Test", "{30F1FC39-8FE6-4B5F-ABC6-2EF003509B3B}"
EndProject
Global
	GlobalSection(SolutionConfigurationPlatforms) = preSolution
		Debug|Any CPU = Debug|Any CPU
		Debug|x64 = Debug|x64
		Debug|x86 = Debug|x86
		Release|Any CPU = Release|Any CPU
		Release|x64 = Release|x64
		Release|x86 = Release|x86
	EndGlobalSection
	GlobalSection(SolutionProperties) = preSolution
		HideSolutionNode = FALSE
	EndGlobalSection
	GlobalSection(ProjectConfigurationPlatforms) = postSolution
		{4CF7B08A-5DCF-475D-B4FA-FCF732A40EBE}.Debug|Any CPU.ActiveCfg = Debug|Any CPU
		{4CF7B08A-5DCF-475D-B4FA-FCF732A40EBE}.Debug|Any CPU.Build.0 = Debug|Any CPU
		{4CF7B08A-5DCF-475D-B4FA-FCF732A40EBE}.Debug|x64.ActiveCfg = Debug|Any CPU
		{4CF7B08A-5DCF-475D-B4FA-FCF732A40EBE}.Debug|x64.Build.0 = Debug|Any CPU
		{4CF7B08A-5DCF-475D-B4FA-FCF732A40EBE}.Debug|x86.ActiveCfg = Debug|Any CPU
		{4CF7B08A-5DCF-475D-B4FA-FCF732A40EBE}.Debug|x86.Build.0 = Debug|Any CPU
		{4CF7B08A-5DCF-475D-B4FA-FCF732A40EBE}.Release|Any CPU.ActiveCfg = Release|Any CPU
		{4CF7B08A-5DCF-475D-B4FA-FCF732A40EBE}.Release|Any CPU.Build.0 = Release|Any CPU
		{4CF7B08A-5DCF-475D-B4FA-FCF732A40EBE}.Release|x64.ActiveCfg = Release|Any CPU
		{4CF7B08A-5DCF-475D-B4FA-FCF732A40EBE}.Release|x64.Build.0 = Release|Any CPU
		{4CF7B08A-5DCF-475D-B4FA-FCF732A40EBE}.Release|x86.ActiveCfg = Release|Any CPU
		{4CF7B08A-5DCF-475D-B4FA-FCF732A40EBE}.Release|x86.Build.0 = Release|Any CPU
		{731CD9EE-49E8-4CEE-888F-F425307DD76F}.Debug|Any CPU.ActiveCfg = Debug|Any CPU
		{731CD9EE-49E8-4CEE-888F-F425307DD76F}.Debug|Any CPU.Build.0 = Debug|Any CPU
		{731CD9EE-49E8-4CEE-888F-F425307DD76F}.Debug|x64.ActiveCfg = Debug|Any CPU
		{731CD9EE-49E8-4CEE-888F-F425307DD76F}.Debug|x64.Build.0 = Debug|Any CPU
		{731CD9EE-49E8-4CEE-888F-F425307DD76F}.Debug|x86.ActiveCfg = Debug|Any CPU
		{731CD9EE-49E8-4CEE-888F-F425307DD76F}.Debug|x86.Build.0 = Debug|Any CPU
		{731CD9EE-49E8-4CEE-888F-F425307DD76F}.Release|Any CPU.ActiveCfg = Release|Any CPU
		{731CD9EE-49E8-4CEE-888F-F425307DD76F}.Release|Any CPU.Build.0 = Release|Any CPU
		{731CD9EE-49E8-4CEE-888F-F425307DD76F}.Release|x64.ActiveCfg = Release|Any CPU
		{731CD9EE-49E8-4CEE-888F-F425307DD76F}.Release|x64.Build.0 = Release|Any CPU
		{731CD9EE-49E8-4CEE-888F-F425307DD76F}.Release|x86.ActiveCfg = Release|Any CPU
		{731CD9EE-49E8-4CEE-888F-F425307DD76F}.Release|x86.Build.0 = Release|Any CPU
		{24376648-0759-4E82-AAE5-E4C9872D40DE}.Debug|Any CPU.ActiveCfg = Debug|Any CPU
		{24376648-0759-4E82-AAE5-E4C9872D40DE}.Debug|Any CPU.Build.0 = Debug|Any CPU
		{24376648-0759-4E82-AAE5-E4C9872D40DE}.Debug|x64.ActiveCfg = Debug|Any CPU
		{24376648-0759-4E82-AAE5-E4C9872D40DE}.Debug|x64.Build.0 = Debug|Any CPU
		{24376648-0759-4E82-AAE5-E4C9872D40DE}.Debug|x86.ActiveCfg = Debug|Any CPU
		{24376648-0759-4E82-AAE5-E4C9872D40DE}.Debug|x86.Build.0 = Debug|Any CPU
		{24376648-0759-4E82-AAE5-E4C9872D40DE}.Release|Any CPU.ActiveCfg = Release|Any CPU
		{24376648-0759-4E82-AAE5-E4C9872D40DE}.Release|Any CPU.Build.0 = Release|Any CPU
		{24376648-0759-4E82-AAE5-E4C9872D40DE}.Release|x64.ActiveCfg = Release|Any CPU
		{24376648-0759-4E82-AAE5-E4C9872D40DE}.Release|x64.Build.0 = Release|Any CPU
		{24376648-0759-4E82-AAE5-E4C9872D40DE}.Release|x86.ActiveCfg = Release|Any CPU
		{24376648-0759-4E82-AAE5-E4C9872D40DE}.Release|x86.Build.0 = Release|Any CPU
		{EBABE0A2-A40C-4782-8C7C-7ABA392F5182}.Debug|Any CPU.ActiveCfg = Debug|Any CPU
		{EBABE0A2-A40C-4782-8C7C-7ABA392F5182}.Debug|Any CPU.Build.0 = Debug|Any CPU
		{EBABE0A2-A40C-4782-8C7C-7ABA392F5182}.Debug|x64.ActiveCfg = Debug|Any CPU
		{EBABE0A2-A40C-4782-8C7C-7ABA392F5182}.Debug|x64.Build.0 = Debug|Any CPU
		{EBABE0A2-A40C-4782-8C7C-7ABA392F5182}.Debug|x86.ActiveCfg = Debug|Any CPU
		{EBABE0A2-A40C-4782-8C7C-7ABA392F5182}.Debug|x86.Build.0 = Debug|Any CPU
		{EBABE0A2-A40C-4782-8C7C-7ABA392F5182}.Release|Any CPU.ActiveCfg = Release|Any CPU
		{EBABE0A2-A40C-4782-8C7C-7ABA392F5182}.Release|Any CPU.Build.0 = Release|Any CPU
		{EBABE0A2-A40C-4782-8C7C-7ABA392F5182}.Release|x64.ActiveCfg = Release|Any CPU
		{EBABE0A2-A40C-4782-8C7C-7ABA392F5182}.Release|x64.Build.0 = Release|Any CPU
		{EBABE0A2-A40C-4782-8C7C-7ABA392F5182}.Release|x86.ActiveCfg = Release|Any CPU
		{EBABE0A2-A40C-4782-8C7C-7ABA392F5182}.Release|x86.Build.0 = Release|Any CPU
		{B488BD83-EBB4-4A1F-8762-B4C410166197}.Debug|Any CPU.ActiveCfg = Debug|Any CPU
		{B488BD83-EBB4-4A1F-8762-B4C410166197}.Debug|Any CPU.Build.0 = Debug|Any CPU
		{B488BD83-EBB4-4A1F-8762-B4C410166197}.Debug|x64.ActiveCfg = Debug|Any CPU
		{B488BD83-EBB4-4A1F-8762-B4C410166197}.Debug|x64.Build.0 = Debug|Any CPU
		{B488BD83-EBB4-4A1F-8762-B4C410166197}.Debug|x86.ActiveCfg = Debug|Any CPU
		{B488BD83-EBB4-4A1F-8762-B4C410166197}.Debug|x86.Build.0 = Debug|Any CPU
		{B488BD83-EBB4-4A1F-8762-B4C410166197}.Release|Any CPU.ActiveCfg = Release|Any CPU
		{B488BD83-EBB4-4A1F-8762-B4C410166197}.Release|Any CPU.Build.0 = Release|Any CPU
		{B488BD83-EBB4-4A1F-8762-B4C410166197}.Release|x64.ActiveCfg = Release|Any CPU
		{B488BD83-EBB4-4A1F-8762-B4C410166197}.Release|x64.Build.0 = Release|Any CPU
		{B488BD83-EBB4-4A1F-8762-B4C410166197}.Release|x86.ActiveCfg = Release|Any CPU
		{B488BD83-EBB4-4A1F-8762-B4C410166197}.Release|x86.Build.0 = Release|Any CPU
		{8B2AD778-94D2-4AF3-82B6-CFAFF668A864}.Debug|Any CPU.ActiveCfg = Debug|Any CPU
		{8B2AD778-94D2-4AF3-82B6-CFAFF668A864}.Debug|Any CPU.Build.0 = Debug|Any CPU
		{8B2AD778-94D2-4AF3-82B6-CFAFF668A864}.Debug|x64.ActiveCfg = Debug|Any CPU
		{8B2AD778-94D2-4AF3-82B6-CFAFF668A864}.Debug|x64.Build.0 = Debug|Any CPU
		{8B2AD778-94D2-4AF3-82B6-CFAFF668A864}.Debug|x86.ActiveCfg = Debug|Any CPU
		{8B2AD778-94D2-4AF3-82B6-CFAFF668A864}.Debug|x86.Build.0 = Debug|Any CPU
		{8B2AD778-94D2-4AF3-82B6-CFAFF668A864}.Release|Any CPU.ActiveCfg = Release|Any CPU
		{8B2AD778-94D2-4AF3-82B6-CFAFF668A864}.Release|Any CPU.Build.0 = Release|Any CPU
		{8B2AD778-94D2-4AF3-82B6-CFAFF668A864}.Release|x64.ActiveCfg = Release|Any CPU
		{8B2AD778-94D2-4AF3-82B6-CFAFF668A864}.Release|x64.Build.0 = Release|Any CPU
		{8B2AD778-94D2-4AF3-82B6-CFAFF668A864}.Release|x86.ActiveCfg = Release|Any CPU
		{8B2AD778-94D2-4AF3-82B6-CFAFF668A864}.Release|x86.Build.0 = Release|Any CPU
		{F35E455D-1C6F-43D3-975D-1D0C6AF32F6B}.Debug|Any CPU.ActiveCfg = Debug|Any CPU
		{F35E455D-1C6F-43D3-975D-1D0C6AF32F6B}.Debug|Any CPU.Build.0 = Debug|Any CPU
		{F35E455D-1C6F-43D3-975D-1D0C6AF32F6B}.Debug|x64.ActiveCfg = Debug|Any CPU
		{F35E455D-1C6F-43D3-975D-1D0C6AF32F6B}.Debug|x64.Build.0 = Debug|Any CPU
		{F35E455D-1C6F-43D3-975D-1D0C6AF32F6B}.Debug|x86.ActiveCfg = Debug|Any CPU
		{F35E455D-1C6F-43D3-975D-1D0C6AF32F6B}.Debug|x86.Build.0 = Debug|Any CPU
		{F35E455D-1C6F-43D3-975D-1D0C6AF32F6B}.Release|Any CPU.ActiveCfg = Release|Any CPU
		{F35E455D-1C6F-43D3-975D-1D0C6AF32F6B}.Release|Any CPU.Build.0 = Release|Any CPU
		{F35E455D-1C6F-43D3-975D-1D0C6AF32F6B}.Release|x64.ActiveCfg = Release|Any CPU
		{F35E455D-1C6F-43D3-975D-1D0C6AF32F6B}.Release|x64.Build.0 = Release|Any CPU
		{F35E455D-1C6F-43D3-975D-1D0C6AF32F6B}.Release|x86.ActiveCfg = Release|Any CPU
		{F35E455D-1C6F-43D3-975D-1D0C6AF32F6B}.Release|x86.Build.0 = Release|Any CPU
		{7763F8A1-5FFD-48C9-9051-7CEBBBF6CFFC}.Debug|Any CPU.ActiveCfg = Debug|Any CPU
		{7763F8A1-5FFD-48C9-9051-7CEBBBF6CFFC}.Debug|Any CPU.Build.0 = Debug|Any CPU
		{7763F8A1-5FFD-48C9-9051-7CEBBBF6CFFC}.Debug|x64.ActiveCfg = Debug|Any CPU
		{7763F8A1-5FFD-48C9-9051-7CEBBBF6CFFC}.Debug|x64.Build.0 = Debug|Any CPU
		{7763F8A1-5FFD-48C9-9051-7CEBBBF6CFFC}.Debug|x86.ActiveCfg = Debug|Any CPU
		{7763F8A1-5FFD-48C9-9051-7CEBBBF6CFFC}.Debug|x86.Build.0 = Debug|Any CPU
		{7763F8A1-5FFD-48C9-9051-7CEBBBF6CFFC}.Release|Any CPU.ActiveCfg = Release|Any CPU
		{7763F8A1-5FFD-48C9-9051-7CEBBBF6CFFC}.Release|Any CPU.Build.0 = Release|Any CPU
		{7763F8A1-5FFD-48C9-9051-7CEBBBF6CFFC}.Release|x64.ActiveCfg = Release|Any CPU
		{7763F8A1-5FFD-48C9-9051-7CEBBBF6CFFC}.Release|x64.Build.0 = Release|Any CPU
		{7763F8A1-5FFD-48C9-9051-7CEBBBF6CFFC}.Release|x86.ActiveCfg = Release|Any CPU
		{7763F8A1-5FFD-48C9-9051-7CEBBBF6CFFC}.Release|x86.Build.0 = Release|Any CPU
	EndGlobalSection
	GlobalSection(NestedProjects) = preSolution
		{4CF7B08A-5DCF-475D-B4FA-FCF732A40EBE} = {A03ADAA7-995B-451D-B230-531ECA294E4E}
		{731CD9EE-49E8-4CEE-888F-F425307DD76F} = {A03ADAA7-995B-451D-B230-531ECA294E4E}
		{24376648-0759-4E82-AAE5-E4C9872D40DE} = {A03ADAA7-995B-451D-B230-531ECA294E4E}
		{EBABE0A2-A40C-4782-8C7C-7ABA392F5182} = {A03ADAA7-995B-451D-B230-531ECA294E4E}
		{B488BD83-EBB4-4A1F-8762-B4C410166197} = {A03ADAA7-995B-451D-B230-531ECA294E4E}
		{8B2AD778-94D2-4AF3-82B6-CFAFF668A864} = {30F1FC39-8FE6-4B5F-ABC6-2EF003509B3B}
		{F35E455D-1C6F-43D3-975D-1D0C6AF32F6B} = {30F1FC39-8FE6-4B5F-ABC6-2EF003509B3B}
		{7763F8A1-5FFD-48C9-9051-7CEBBBF6CFFC} = {30F1FC39-8FE6-4B5F-ABC6-2EF003509B3B}
	EndGlobalSection
EndGlobal
