
Microsoft Visual Studio Solution File, Format Version 12.00
# Visual Studio 15
VisualStudioVersion = 15.0.26124.0
MinimumVisualStudioVersion = 15.0.26124.0
Project("{2150E333-8FDC-42A3-9474-1A3956D46DE8}") = "Code", "Code", "{CF5DC7D7-8837-4604-BDE0-57296652E86D}"
EndProject
Project("{FAE04EC0-301F-11D3-BF4B-00C04F79EFBC}") = "final.Api", "Code\final.Api\final.Api.csproj", "{7C4B0934-5510-4891-B4D6-F58FC0A51FB3}"
EndProject
Project("{FAE04EC0-301F-11D3-BF4B-00C04F79EFBC}") = "final.BusinessEntities", "Code\final.BusinessEntities\final.BusinessEntities.csproj", "{D3C787A9-E542-43DA-98D3-77FEF3784EC5}"
EndProject
Project("{FAE04EC0-301F-11D3-BF4B-00C04F79EFBC}") = "final.BusinessServices", "Code\final.BusinessServices\final.BusinessServices.csproj", "{90EABC33-A316-4ACF-ADA6-84A782BAFD8B}"
EndProject
Project("{FAE04EC0-301F-11D3-BF4B-00C04F79EFBC}") = "final.Contracts", "Code\final.Contracts\final.Contracts.csproj", "{AD08C11C-EB54-409B-896D-11942F587C8F}"
EndProject
Project("{FAE04EC0-301F-11D3-BF4B-00C04F79EFBC}") = "final.Data", "Code\final.Data\final.Data.csproj", "{F44F543F-56E7-4B75-80CB-1E3A0E356549}"
EndProject
Project("{FAE04EC0-301F-11D3-BF4B-00C04F79EFBC}") = "final.Test.Api", "Code\final.Test.Api\final.Test.Api.csproj", "{F982F1EE-AEEE-4B00-A51C-1FA4A9B8B541}"
EndProject
Project("{FAE04EC0-301F-11D3-BF4B-00C04F79EFBC}") = "final.Test.Business", "Code\final.Test.Business\final.Test.Business.csproj", "{EB8E3B73-9C2D-482D-A065-46D768B2FAF4}"
EndProject
Project("{FAE04EC0-301F-11D3-BF4B-00C04F79EFBC}") = "final.Test.Framework", "Code\final.Test.Framework\final.Test.Framework.csproj", "{1BE73561-4D3D-40FF-B5E0-06C5DD2E4922}"
EndProject
Project("{2150E333-8FDC-42A3-9474-1A3956D46DE8}") = "Test", "Test", "{686F4E47-1D6D-4A13-8802-C63D5F411EE8}"
EndProject
Global
	GlobalSection(SolutionConfigurationPlatforms) = preSolution
		Debug|Any CPU = Debug|Any CPU
		Debug|x64 = Debug|x64
		Debug|x86 = Debug|x86
		Release|Any CPU = Release|Any CPU
		Release|x64 = Release|x64
		Release|x86 = Release|x86
	EndGlobalSection
	GlobalSection(SolutionProperties) = preSolution
		HideSolutionNode = FALSE
	EndGlobalSection
	GlobalSection(ProjectConfigurationPlatforms) = postSolution
		{7C4B0934-5510-4891-B4D6-F58FC0A51FB3}.Debug|Any CPU.ActiveCfg = Debug|Any CPU
		{7C4B0934-5510-4891-B4D6-F58FC0A51FB3}.Debug|Any CPU.Build.0 = Debug|Any CPU
		{7C4B0934-5510-4891-B4D6-F58FC0A51FB3}.Debug|x64.ActiveCfg = Debug|Any CPU
		{7C4B0934-5510-4891-B4D6-F58FC0A51FB3}.Debug|x64.Build.0 = Debug|Any CPU
		{7C4B0934-5510-4891-B4D6-F58FC0A51FB3}.Debug|x86.ActiveCfg = Debug|Any CPU
		{7C4B0934-5510-4891-B4D6-F58FC0A51FB3}.Debug|x86.Build.0 = Debug|Any CPU
		{7C4B0934-5510-4891-B4D6-F58FC0A51FB3}.Release|Any CPU.ActiveCfg = Release|Any CPU
		{7C4B0934-5510-4891-B4D6-F58FC0A51FB3}.Release|Any CPU.Build.0 = Release|Any CPU
		{7C4B0934-5510-4891-B4D6-F58FC0A51FB3}.Release|x64.ActiveCfg = Release|Any CPU
		{7C4B0934-5510-4891-B4D6-F58FC0A51FB3}.Release|x64.Build.0 = Release|Any CPU
		{7C4B0934-5510-4891-B4D6-F58FC0A51FB3}.Release|x86.ActiveCfg = Release|Any CPU
		{7C4B0934-5510-4891-B4D6-F58FC0A51FB3}.Release|x86.Build.0 = Release|Any CPU
		{D3C787A9-E542-43DA-98D3-77FEF3784EC5}.Debug|Any CPU.ActiveCfg = Debug|Any CPU
		{D3C787A9-E542-43DA-98D3-77FEF3784EC5}.Debug|Any CPU.Build.0 = Debug|Any CPU
		{D3C787A9-E542-43DA-98D3-77FEF3784EC5}.Debug|x64.ActiveCfg = Debug|Any CPU
		{D3C787A9-E542-43DA-98D3-77FEF3784EC5}.Debug|x64.Build.0 = Debug|Any CPU
		{D3C787A9-E542-43DA-98D3-77FEF3784EC5}.Debug|x86.ActiveCfg = Debug|Any CPU
		{D3C787A9-E542-43DA-98D3-77FEF3784EC5}.Debug|x86.Build.0 = Debug|Any CPU
		{D3C787A9-E542-43DA-98D3-77FEF3784EC5}.Release|Any CPU.ActiveCfg = Release|Any CPU
		{D3C787A9-E542-43DA-98D3-77FEF3784EC5}.Release|Any CPU.Build.0 = Release|Any CPU
		{D3C787A9-E542-43DA-98D3-77FEF3784EC5}.Release|x64.ActiveCfg = Release|Any CPU
		{D3C787A9-E542-43DA-98D3-77FEF3784EC5}.Release|x64.Build.0 = Release|Any CPU
		{D3C787A9-E542-43DA-98D3-77FEF3784EC5}.Release|x86.ActiveCfg = Release|Any CPU
		{D3C787A9-E542-43DA-98D3-77FEF3784EC5}.Release|x86.Build.0 = Release|Any CPU
		{90EABC33-A316-4ACF-ADA6-84A782BAFD8B}.Debug|Any CPU.ActiveCfg = Debug|Any CPU
		{90EABC33-A316-4ACF-ADA6-84A782BAFD8B}.Debug|Any CPU.Build.0 = Debug|Any CPU
		{90EABC33-A316-4ACF-ADA6-84A782BAFD8B}.Debug|x64.ActiveCfg = Debug|Any CPU
		{90EABC33-A316-4ACF-ADA6-84A782BAFD8B}.Debug|x64.Build.0 = Debug|Any CPU
		{90EABC33-A316-4ACF-ADA6-84A782BAFD8B}.Debug|x86.ActiveCfg = Debug|Any CPU
		{90EABC33-A316-4ACF-ADA6-84A782BAFD8B}.Debug|x86.Build.0 = Debug|Any CPU
		{90EABC33-A316-4ACF-ADA6-84A782BAFD8B}.Release|Any CPU.ActiveCfg = Release|Any CPU
		{90EABC33-A316-4ACF-ADA6-84A782BAFD8B}.Release|Any CPU.Build.0 = Release|Any CPU
		{90EABC33-A316-4ACF-ADA6-84A782BAFD8B}.Release|x64.ActiveCfg = Release|Any CPU
		{90EABC33-A316-4ACF-ADA6-84A782BAFD8B}.Release|x64.Build.0 = Release|Any CPU
		{90EABC33-A316-4ACF-ADA6-84A782BAFD8B}.Release|x86.ActiveCfg = Release|Any CPU
		{90EABC33-A316-4ACF-ADA6-84A782BAFD8B}.Release|x86.Build.0 = Release|Any CPU
		{AD08C11C-EB54-409B-896D-11942F587C8F}.Debug|Any CPU.ActiveCfg = Debug|Any CPU
		{AD08C11C-EB54-409B-896D-11942F587C8F}.Debug|Any CPU.Build.0 = Debug|Any CPU
		{AD08C11C-EB54-409B-896D-11942F587C8F}.Debug|x64.ActiveCfg = Debug|Any CPU
		{AD08C11C-EB54-409B-896D-11942F587C8F}.Debug|x64.Build.0 = Debug|Any CPU
		{AD08C11C-EB54-409B-896D-11942F587C8F}.Debug|x86.ActiveCfg = Debug|Any CPU
		{AD08C11C-EB54-409B-896D-11942F587C8F}.Debug|x86.Build.0 = Debug|Any CPU
		{AD08C11C-EB54-409B-896D-11942F587C8F}.Release|Any CPU.ActiveCfg = Release|Any CPU
		{AD08C11C-EB54-409B-896D-11942F587C8F}.Release|Any CPU.Build.0 = Release|Any CPU
		{AD08C11C-EB54-409B-896D-11942F587C8F}.Release|x64.ActiveCfg = Release|Any CPU
		{AD08C11C-EB54-409B-896D-11942F587C8F}.Release|x64.Build.0 = Release|Any CPU
		{AD08C11C-EB54-409B-896D-11942F587C8F}.Release|x86.ActiveCfg = Release|Any CPU
		{AD08C11C-EB54-409B-896D-11942F587C8F}.Release|x86.Build.0 = Release|Any CPU
		{F44F543F-56E7-4B75-80CB-1E3A0E356549}.Debug|Any CPU.ActiveCfg = Debug|Any CPU
		{F44F543F-56E7-4B75-80CB-1E3A0E356549}.Debug|Any CPU.Build.0 = Debug|Any CPU
		{F44F543F-56E7-4B75-80CB-1E3A0E356549}.Debug|x64.ActiveCfg = Debug|Any CPU
		{F44F543F-56E7-4B75-80CB-1E3A0E356549}.Debug|x64.Build.0 = Debug|Any CPU
		{F44F543F-56E7-4B75-80CB-1E3A0E356549}.Debug|x86.ActiveCfg = Debug|Any CPU
		{F44F543F-56E7-4B75-80CB-1E3A0E356549}.Debug|x86.Build.0 = Debug|Any CPU
		{F44F543F-56E7-4B75-80CB-1E3A0E356549}.Release|Any CPU.ActiveCfg = Release|Any CPU
		{F44F543F-56E7-4B75-80CB-1E3A0E356549}.Release|Any CPU.Build.0 = Release|Any CPU
		{F44F543F-56E7-4B75-80CB-1E3A0E356549}.Release|x64.ActiveCfg = Release|Any CPU
		{F44F543F-56E7-4B75-80CB-1E3A0E356549}.Release|x64.Build.0 = Release|Any CPU
		{F44F543F-56E7-4B75-80CB-1E3A0E356549}.Release|x86.ActiveCfg = Release|Any CPU
		{F44F543F-56E7-4B75-80CB-1E3A0E356549}.Release|x86.Build.0 = Release|Any CPU
		{F982F1EE-AEEE-4B00-A51C-1FA4A9B8B541}.Debug|Any CPU.ActiveCfg = Debug|Any CPU
		{F982F1EE-AEEE-4B00-A51C-1FA4A9B8B541}.Debug|Any CPU.Build.0 = Debug|Any CPU
		{F982F1EE-AEEE-4B00-A51C-1FA4A9B8B541}.Debug|x64.ActiveCfg = Debug|Any CPU
		{F982F1EE-AEEE-4B00-A51C-1FA4A9B8B541}.Debug|x64.Build.0 = Debug|Any CPU
		{F982F1EE-AEEE-4B00-A51C-1FA4A9B8B541}.Debug|x86.ActiveCfg = Debug|Any CPU
		{F982F1EE-AEEE-4B00-A51C-1FA4A9B8B541}.Debug|x86.Build.0 = Debug|Any CPU
		{F982F1EE-AEEE-4B00-A51C-1FA4A9B8B541}.Release|Any CPU.ActiveCfg = Release|Any CPU
		{F982F1EE-AEEE-4B00-A51C-1FA4A9B8B541}.Release|Any CPU.Build.0 = Release|Any CPU
		{F982F1EE-AEEE-4B00-A51C-1FA4A9B8B541}.Release|x64.ActiveCfg = Release|Any CPU
		{F982F1EE-AEEE-4B00-A51C-1FA4A9B8B541}.Release|x64.Build.0 = Release|Any CPU
		{F982F1EE-AEEE-4B00-A51C-1FA4A9B8B541}.Release|x86.ActiveCfg = Release|Any CPU
		{F982F1EE-AEEE-4B00-A51C-1FA4A9B8B541}.Release|x86.Build.0 = Release|Any CPU
		{EB8E3B73-9C2D-482D-A065-46D768B2FAF4}.Debug|Any CPU.ActiveCfg = Debug|Any CPU
		{EB8E3B73-9C2D-482D-A065-46D768B2FAF4}.Debug|Any CPU.Build.0 = Debug|Any CPU
		{EB8E3B73-9C2D-482D-A065-46D768B2FAF4}.Debug|x64.ActiveCfg = Debug|Any CPU
		{EB8E3B73-9C2D-482D-A065-46D768B2FAF4}.Debug|x64.Build.0 = Debug|Any CPU
		{EB8E3B73-9C2D-482D-A065-46D768B2FAF4}.Debug|x86.ActiveCfg = Debug|Any CPU
		{EB8E3B73-9C2D-482D-A065-46D768B2FAF4}.Debug|x86.Build.0 = Debug|Any CPU
		{EB8E3B73-9C2D-482D-A065-46D768B2FAF4}.Release|Any CPU.ActiveCfg = Release|Any CPU
		{EB8E3B73-9C2D-482D-A065-46D768B2FAF4}.Release|Any CPU.Build.0 = Release|Any CPU
		{EB8E3B73-9C2D-482D-A065-46D768B2FAF4}.Release|x64.ActiveCfg = Release|Any CPU
		{EB8E3B73-9C2D-482D-A065-46D768B2FAF4}.Release|x64.Build.0 = Release|Any CPU
		{EB8E3B73-9C2D-482D-A065-46D768B2FAF4}.Release|x86.ActiveCfg = Release|Any CPU
		{EB8E3B73-9C2D-482D-A065-46D768B2FAF4}.Release|x86.Build.0 = Release|Any CPU
		{1BE73561-4D3D-40FF-B5E0-06C5DD2E4922}.Debug|Any CPU.ActiveCfg = Debug|Any CPU
		{1BE73561-4D3D-40FF-B5E0-06C5DD2E4922}.Debug|Any CPU.Build.0 = Debug|Any CPU
		{1BE73561-4D3D-40FF-B5E0-06C5DD2E4922}.Debug|x64.ActiveCfg = Debug|Any CPU
		{1BE73561-4D3D-40FF-B5E0-06C5DD2E4922}.Debug|x64.Build.0 = Debug|Any CPU
		{1BE73561-4D3D-40FF-B5E0-06C5DD2E4922}.Debug|x86.ActiveCfg = Debug|Any CPU
		{1BE73561-4D3D-40FF-B5E0-06C5DD2E4922}.Debug|x86.Build.0 = Debug|Any CPU
		{1BE73561-4D3D-40FF-B5E0-06C5DD2E4922}.Release|Any CPU.ActiveCfg = Release|Any CPU
		{1BE73561-4D3D-40FF-B5E0-06C5DD2E4922}.Release|Any CPU.Build.0 = Release|Any CPU
		{1BE73561-4D3D-40FF-B5E0-06C5DD2E4922}.Release|x64.ActiveCfg = Release|Any CPU
		{1BE73561-4D3D-40FF-B5E0-06C5DD2E4922}.Release|x64.Build.0 = Release|Any CPU
		{1BE73561-4D3D-40FF-B5E0-06C5DD2E4922}.Release|x86.ActiveCfg = Release|Any CPU
		{1BE73561-4D3D-40FF-B5E0-06C5DD2E4922}.Release|x86.Build.0 = Release|Any CPU
	EndGlobalSection
	GlobalSection(NestedProjects) = preSolution
		{7C4B0934-5510-4891-B4D6-F58FC0A51FB3} = {CF5DC7D7-8837-4604-BDE0-57296652E86D}
		{D3C787A9-E542-43DA-98D3-77FEF3784EC5} = {CF5DC7D7-8837-4604-BDE0-57296652E86D}
		{90EABC33-A316-4ACF-ADA6-84A782BAFD8B} = {CF5DC7D7-8837-4604-BDE0-57296652E86D}
		{AD08C11C-EB54-409B-896D-11942F587C8F} = {CF5DC7D7-8837-4604-BDE0-57296652E86D}
		{F44F543F-56E7-4B75-80CB-1E3A0E356549} = {CF5DC7D7-8837-4604-BDE0-57296652E86D}
		{F982F1EE-AEEE-4B00-A51C-1FA4A9B8B541} = {686F4E47-1D6D-4A13-8802-C63D5F411EE8}
		{EB8E3B73-9C2D-482D-A065-46D768B2FAF4} = {686F4E47-1D6D-4A13-8802-C63D5F411EE8}
		{1BE73561-4D3D-40FF-B5E0-06C5DD2E4922} = {686F4E47-1D6D-4A13-8802-C63D5F411EE8}
	EndGlobalSection
EndGlobal
