
Microsoft Visual Studio Solution File, Format Version 12.00
# Visual Studio 15
VisualStudioVersion = 15.0.26124.0
MinimumVisualStudioVersion = 15.0.26124.0
Project("{2150E333-8FDC-42A3-9474-1A3956D46DE8}") = "Code", "Code", "{7B5DEF7B-2FD9-4DC8-BFC2-EC7EA8A5FFF3}"
EndProject
Project("{FAE04EC0-301F-11D3-BF4B-00C04F79EFBC}") = "testdotnet.Api", "Code\testdotnet.Api\testdotnet.Api.csproj", "{CA878663-94FF-40B6-8944-DBA5464CCD1B}"
EndProject
Project("{FAE04EC0-301F-11D3-BF4B-00C04F79EFBC}") = "testdotnet.Business", "Code\testdotnet.Business\testdotnet.Business.csproj", "{B7BA16A4-215D-41B9-9CBC-1E8DB22FA3CD}"
EndProject
Project("{FAE04EC0-301F-11D3-BF4B-00C04F79EFBC}") = "testdotnet.Data", "Code\testdotnet.Data\testdotnet.Data.csproj", "{F5554D43-089C-46D7-A460-0058A08C3A42}"
EndProject
Project("{FAE04EC0-301F-11D3-BF4B-00C04F79EFBC}") = "testdotnet.Entities", "Code\testdotnet.Entities\testdotnet.Entities.csproj", "{F5C1828F-9566-4436-9DC2-D02CEA5B089F}"
EndProject
Project("{FAE04EC0-301F-11D3-BF4B-00C04F79EFBC}") = "testdotnet.Test.Api", "Code\testdotnet.Test.Api\testdotnet.Test.Api.csproj", "{804AA30A-3288-49EE-B9CC-AAB799E2E7DD}"
EndProject
Project("{FAE04EC0-301F-11D3-BF4B-00C04F79EFBC}") = "testdotnet.Test.Business", "Code\testdotnet.Test.Business\testdotnet.Test.Business.csproj", "{ADCD2D63-A0F7-483F-B735-A1914BE095C5}"
EndProject
Project("{FAE04EC0-301F-11D3-BF4B-00C04F79EFBC}") = "testdotnet.Test.Framework", "Code\testdotnet.Test.Framework\testdotnet.Test.Framework.csproj", "{67B8DA13-A7A9-40BE-A1CE-C35C0AEF4DB0}"
EndProject
Project("{2150E333-8FDC-42A3-9474-1A3956D46DE8}") = "Test", "Test", "{F8611CD6-5859-4E22-9D63-1BC4F3AB69A5}"
EndProject
Global
	GlobalSection(SolutionConfigurationPlatforms) = preSolution
		Debug|Any CPU = Debug|Any CPU
		Debug|x64 = Debug|x64
		Debug|x86 = Debug|x86
		Release|Any CPU = Release|Any CPU
		Release|x64 = Release|x64
		Release|x86 = Release|x86
	EndGlobalSection
	GlobalSection(SolutionProperties) = preSolution
		HideSolutionNode = FALSE
	EndGlobalSection
	GlobalSection(ProjectConfigurationPlatforms) = postSolution
		{CA878663-94FF-40B6-8944-DBA5464CCD1B}.Debug|Any CPU.ActiveCfg = Debug|Any CPU
		{CA878663-94FF-40B6-8944-DBA5464CCD1B}.Debug|Any CPU.Build.0 = Debug|Any CPU
		{CA878663-94FF-40B6-8944-DBA5464CCD1B}.Debug|x64.ActiveCfg = Debug|Any CPU
		{CA878663-94FF-40B6-8944-DBA5464CCD1B}.Debug|x64.Build.0 = Debug|Any CPU
		{CA878663-94FF-40B6-8944-DBA5464CCD1B}.Debug|x86.ActiveCfg = Debug|Any CPU
		{CA878663-94FF-40B6-8944-DBA5464CCD1B}.Debug|x86.Build.0 = Debug|Any CPU
		{CA878663-94FF-40B6-8944-DBA5464CCD1B}.Release|Any CPU.ActiveCfg = Release|Any CPU
		{CA878663-94FF-40B6-8944-DBA5464CCD1B}.Release|Any CPU.Build.0 = Release|Any CPU
		{CA878663-94FF-40B6-8944-DBA5464CCD1B}.Release|x64.ActiveCfg = Release|Any CPU
		{CA878663-94FF-40B6-8944-DBA5464CCD1B}.Release|x64.Build.0 = Release|Any CPU
		{CA878663-94FF-40B6-8944-DBA5464CCD1B}.Release|x86.ActiveCfg = Release|Any CPU
		{CA878663-94FF-40B6-8944-DBA5464CCD1B}.Release|x86.Build.0 = Release|Any CPU
		{B7BA16A4-215D-41B9-9CBC-1E8DB22FA3CD}.Debug|Any CPU.ActiveCfg = Debug|Any CPU
		{B7BA16A4-215D-41B9-9CBC-1E8DB22FA3CD}.Debug|Any CPU.Build.0 = Debug|Any CPU
		{B7BA16A4-215D-41B9-9CBC-1E8DB22FA3CD}.Debug|x64.ActiveCfg = Debug|Any CPU
		{B7BA16A4-215D-41B9-9CBC-1E8DB22FA3CD}.Debug|x64.Build.0 = Debug|Any CPU
		{B7BA16A4-215D-41B9-9CBC-1E8DB22FA3CD}.Debug|x86.ActiveCfg = Debug|Any CPU
		{B7BA16A4-215D-41B9-9CBC-1E8DB22FA3CD}.Debug|x86.Build.0 = Debug|Any CPU
		{B7BA16A4-215D-41B9-9CBC-1E8DB22FA3CD}.Release|Any CPU.ActiveCfg = Release|Any CPU
		{B7BA16A4-215D-41B9-9CBC-1E8DB22FA3CD}.Release|Any CPU.Build.0 = Release|Any CPU
		{B7BA16A4-215D-41B9-9CBC-1E8DB22FA3CD}.Release|x64.ActiveCfg = Release|Any CPU
		{B7BA16A4-215D-41B9-9CBC-1E8DB22FA3CD}.Release|x64.Build.0 = Release|Any CPU
		{B7BA16A4-215D-41B9-9CBC-1E8DB22FA3CD}.Release|x86.ActiveCfg = Release|Any CPU
		{B7BA16A4-215D-41B9-9CBC-1E8DB22FA3CD}.Release|x86.Build.0 = Release|Any CPU
		{F5554D43-089C-46D7-A460-0058A08C3A42}.Debug|Any CPU.ActiveCfg = Debug|Any CPU
		{F5554D43-089C-46D7-A460-0058A08C3A42}.Debug|Any CPU.Build.0 = Debug|Any CPU
		{F5554D43-089C-46D7-A460-0058A08C3A42}.Debug|x64.ActiveCfg = Debug|Any CPU
		{F5554D43-089C-46D7-A460-0058A08C3A42}.Debug|x64.Build.0 = Debug|Any CPU
		{F5554D43-089C-46D7-A460-0058A08C3A42}.Debug|x86.ActiveCfg = Debug|Any CPU
		{F5554D43-089C-46D7-A460-0058A08C3A42}.Debug|x86.Build.0 = Debug|Any CPU
		{F5554D43-089C-46D7-A460-0058A08C3A42}.Release|Any CPU.ActiveCfg = Release|Any CPU
		{F5554D43-089C-46D7-A460-0058A08C3A42}.Release|Any CPU.Build.0 = Release|Any CPU
		{F5554D43-089C-46D7-A460-0058A08C3A42}.Release|x64.ActiveCfg = Release|Any CPU
		{F5554D43-089C-46D7-A460-0058A08C3A42}.Release|x64.Build.0 = Release|Any CPU
		{F5554D43-089C-46D7-A460-0058A08C3A42}.Release|x86.ActiveCfg = Release|Any CPU
		{F5554D43-089C-46D7-A460-0058A08C3A42}.Release|x86.Build.0 = Release|Any CPU
		{F5C1828F-9566-4436-9DC2-D02CEA5B089F}.Debug|Any CPU.ActiveCfg = Debug|Any CPU
		{F5C1828F-9566-4436-9DC2-D02CEA5B089F}.Debug|Any CPU.Build.0 = Debug|Any CPU
		{F5C1828F-9566-4436-9DC2-D02CEA5B089F}.Debug|x64.ActiveCfg = Debug|Any CPU
		{F5C1828F-9566-4436-9DC2-D02CEA5B089F}.Debug|x64.Build.0 = Debug|Any CPU
		{F5C1828F-9566-4436-9DC2-D02CEA5B089F}.Debug|x86.ActiveCfg = Debug|Any CPU
		{F5C1828F-9566-4436-9DC2-D02CEA5B089F}.Debug|x86.Build.0 = Debug|Any CPU
		{F5C1828F-9566-4436-9DC2-D02CEA5B089F}.Release|Any CPU.ActiveCfg = Release|Any CPU
		{F5C1828F-9566-4436-9DC2-D02CEA5B089F}.Release|Any CPU.Build.0 = Release|Any CPU
		{F5C1828F-9566-4436-9DC2-D02CEA5B089F}.Release|x64.ActiveCfg = Release|Any CPU
		{F5C1828F-9566-4436-9DC2-D02CEA5B089F}.Release|x64.Build.0 = Release|Any CPU
		{F5C1828F-9566-4436-9DC2-D02CEA5B089F}.Release|x86.ActiveCfg = Release|Any CPU
		{F5C1828F-9566-4436-9DC2-D02CEA5B089F}.Release|x86.Build.0 = Release|Any CPU
		{804AA30A-3288-49EE-B9CC-AAB799E2E7DD}.Debug|Any CPU.ActiveCfg = Debug|Any CPU
		{804AA30A-3288-49EE-B9CC-AAB799E2E7DD}.Debug|Any CPU.Build.0 = Debug|Any CPU
		{804AA30A-3288-49EE-B9CC-AAB799E2E7DD}.Debug|x64.ActiveCfg = Debug|Any CPU
		{804AA30A-3288-49EE-B9CC-AAB799E2E7DD}.Debug|x64.Build.0 = Debug|Any CPU
		{804AA30A-3288-49EE-B9CC-AAB799E2E7DD}.Debug|x86.ActiveCfg = Debug|Any CPU
		{804AA30A-3288-49EE-B9CC-AAB799E2E7DD}.Debug|x86.Build.0 = Debug|Any CPU
		{804AA30A-3288-49EE-B9CC-AAB799E2E7DD}.Release|Any CPU.ActiveCfg = Release|Any CPU
		{804AA30A-3288-49EE-B9CC-AAB799E2E7DD}.Release|Any CPU.Build.0 = Release|Any CPU
		{804AA30A-3288-49EE-B9CC-AAB799E2E7DD}.Release|x64.ActiveCfg = Release|Any CPU
		{804AA30A-3288-49EE-B9CC-AAB799E2E7DD}.Release|x64.Build.0 = Release|Any CPU
		{804AA30A-3288-49EE-B9CC-AAB799E2E7DD}.Release|x86.ActiveCfg = Release|Any CPU
		{804AA30A-3288-49EE-B9CC-AAB799E2E7DD}.Release|x86.Build.0 = Release|Any CPU
		{ADCD2D63-A0F7-483F-B735-A1914BE095C5}.Debug|Any CPU.ActiveCfg = Debug|Any CPU
		{ADCD2D63-A0F7-483F-B735-A1914BE095C5}.Debug|Any CPU.Build.0 = Debug|Any CPU
		{ADCD2D63-A0F7-483F-B735-A1914BE095C5}.Debug|x64.ActiveCfg = Debug|Any CPU
		{ADCD2D63-A0F7-483F-B735-A1914BE095C5}.Debug|x64.Build.0 = Debug|Any CPU
		{ADCD2D63-A0F7-483F-B735-A1914BE095C5}.Debug|x86.ActiveCfg = Debug|Any CPU
		{ADCD2D63-A0F7-483F-B735-A1914BE095C5}.Debug|x86.Build.0 = Debug|Any CPU
		{ADCD2D63-A0F7-483F-B735-A1914BE095C5}.Release|Any CPU.ActiveCfg = Release|Any CPU
		{ADCD2D63-A0F7-483F-B735-A1914BE095C5}.Release|Any CPU.Build.0 = Release|Any CPU
		{ADCD2D63-A0F7-483F-B735-A1914BE095C5}.Release|x64.ActiveCfg = Release|Any CPU
		{ADCD2D63-A0F7-483F-B735-A1914BE095C5}.Release|x64.Build.0 = Release|Any CPU
		{ADCD2D63-A0F7-483F-B735-A1914BE095C5}.Release|x86.ActiveCfg = Release|Any CPU
		{ADCD2D63-A0F7-483F-B735-A1914BE095C5}.Release|x86.Build.0 = Release|Any CPU
		{67B8DA13-A7A9-40BE-A1CE-C35C0AEF4DB0}.Debug|Any CPU.ActiveCfg = Debug|Any CPU
		{67B8DA13-A7A9-40BE-A1CE-C35C0AEF4DB0}.Debug|Any CPU.Build.0 = Debug|Any CPU
		{67B8DA13-A7A9-40BE-A1CE-C35C0AEF4DB0}.Debug|x64.ActiveCfg = Debug|Any CPU
		{67B8DA13-A7A9-40BE-A1CE-C35C0AEF4DB0}.Debug|x64.Build.0 = Debug|Any CPU
		{67B8DA13-A7A9-40BE-A1CE-C35C0AEF4DB0}.Debug|x86.ActiveCfg = Debug|Any CPU
		{67B8DA13-A7A9-40BE-A1CE-C35C0AEF4DB0}.Debug|x86.Build.0 = Debug|Any CPU
		{67B8DA13-A7A9-40BE-A1CE-C35C0AEF4DB0}.Release|Any CPU.ActiveCfg = Release|Any CPU
		{67B8DA13-A7A9-40BE-A1CE-C35C0AEF4DB0}.Release|Any CPU.Build.0 = Release|Any CPU
		{67B8DA13-A7A9-40BE-A1CE-C35C0AEF4DB0}.Release|x64.ActiveCfg = Release|Any CPU
		{67B8DA13-A7A9-40BE-A1CE-C35C0AEF4DB0}.Release|x64.Build.0 = Release|Any CPU
		{67B8DA13-A7A9-40BE-A1CE-C35C0AEF4DB0}.Release|x86.ActiveCfg = Release|Any CPU
		{67B8DA13-A7A9-40BE-A1CE-C35C0AEF4DB0}.Release|x86.Build.0 = Release|Any CPU
	EndGlobalSection
	GlobalSection(NestedProjects) = preSolution
		{CA878663-94FF-40B6-8944-DBA5464CCD1B} = {7B5DEF7B-2FD9-4DC8-BFC2-EC7EA8A5FFF3}
		{B7BA16A4-215D-41B9-9CBC-1E8DB22FA3CD} = {7B5DEF7B-2FD9-4DC8-BFC2-EC7EA8A5FFF3}
		{F5554D43-089C-46D7-A460-0058A08C3A42} = {7B5DEF7B-2FD9-4DC8-BFC2-EC7EA8A5FFF3}
		{F5C1828F-9566-4436-9DC2-D02CEA5B089F} = {7B5DEF7B-2FD9-4DC8-BFC2-EC7EA8A5FFF3}
		{804AA30A-3288-49EE-B9CC-AAB799E2E7DD} = {F8611CD6-5859-4E22-9D63-1BC4F3AB69A5}
		{ADCD2D63-A0F7-483F-B735-A1914BE095C5} = {F8611CD6-5859-4E22-9D63-1BC4F3AB69A5}
		{67B8DA13-A7A9-40BE-A1CE-C35C0AEF4DB0} = {F8611CD6-5859-4E22-9D63-1BC4F3AB69A5}
	EndGlobalSection
EndGlobal
