
Microsoft Visual Studio Solution File, Format Version 12.00
# Visual Studio 15
VisualStudioVersion = 15.0.26124.0
MinimumVisualStudioVersion = 15.0.26124.0
Project("{2150E333-8FDC-42A3-9474-1A3956D46DE8}") = "Code", "Code", "{85131A16-2A80-411D-B367-F3EFDF9F40CC}"
EndProject
Project("{FAE04EC0-301F-11D3-BF4B-00C04F79EFBC}") = "kayy.Api", "Code\kayy.Api\kayy.Api.csproj", "{B63196F9-AE19-4E4E-85A2-BF39F71F724D}"
EndProject
Project("{FAE04EC0-301F-11D3-BF4B-00C04F79EFBC}") = "kayy.BusinessEntities", "Code\kayy.BusinessEntities\kayy.BusinessEntities.csproj", "{69B7C0BF-9C20-450A-B3BC-485AB3ADB842}"
EndProject
Project("{FAE04EC0-301F-11D3-BF4B-00C04F79EFBC}") = "kayy.BusinessServices", "Code\kayy.BusinessServices\kayy.BusinessServices.csproj", "{BFCAF13B-E3F8-473A-8B97-FA3A051B96B6}"
EndProject
Project("{FAE04EC0-301F-11D3-BF4B-00C04F79EFBC}") = "kayy.Contracts", "Code\kayy.Contracts\kayy.Contracts.csproj", "{41CC0392-6EF4-4A68-BF7D-FA4A37705966}"
EndProject
Project("{FAE04EC0-301F-11D3-BF4B-00C04F79EFBC}") = "kayy.Data", "Code\kayy.Data\kayy.Data.csproj", "{2578AFC6-CEFF-43BD-B3A6-65E6B0008B7E}"
EndProject
Project("{FAE04EC0-301F-11D3-BF4B-00C04F79EFBC}") = "kayy.Test.Api", "Code\kayy.Test.Api\kayy.Test.Api.csproj", "{86D2BADB-312E-4BB9-85B3-750D7EABB6B9}"
EndProject
Project("{FAE04EC0-301F-11D3-BF4B-00C04F79EFBC}") = "kayy.Test.Business", "Code\kayy.Test.Business\kayy.Test.Business.csproj", "{E446D09D-BEE1-4CBE-83FB-F284D045AA8E}"
EndProject
Project("{FAE04EC0-301F-11D3-BF4B-00C04F79EFBC}") = "kayy.Test.Framework", "Code\kayy.Test.Framework\kayy.Test.Framework.csproj", "{B9B11D72-0771-4769-87AC-276319D0C58A}"
EndProject
Project("{2150E333-8FDC-42A3-9474-1A3956D46DE8}") = "Test", "Test", "{D00ED1EC-5861-4815-BED7-F4152D473646}"
EndProject
Global
	GlobalSection(SolutionConfigurationPlatforms) = preSolution
		Debug|Any CPU = Debug|Any CPU
		Debug|x64 = Debug|x64
		Debug|x86 = Debug|x86
		Release|Any CPU = Release|Any CPU
		Release|x64 = Release|x64
		Release|x86 = Release|x86
	EndGlobalSection
	GlobalSection(SolutionProperties) = preSolution
		HideSolutionNode = FALSE
	EndGlobalSection
	GlobalSection(ProjectConfigurationPlatforms) = postSolution
		{B63196F9-AE19-4E4E-85A2-BF39F71F724D}.Debug|Any CPU.ActiveCfg = Debug|Any CPU
		{B63196F9-AE19-4E4E-85A2-BF39F71F724D}.Debug|Any CPU.Build.0 = Debug|Any CPU
		{B63196F9-AE19-4E4E-85A2-BF39F71F724D}.Debug|x64.ActiveCfg = Debug|Any CPU
		{B63196F9-AE19-4E4E-85A2-BF39F71F724D}.Debug|x64.Build.0 = Debug|Any CPU
		{B63196F9-AE19-4E4E-85A2-BF39F71F724D}.Debug|x86.ActiveCfg = Debug|Any CPU
		{B63196F9-AE19-4E4E-85A2-BF39F71F724D}.Debug|x86.Build.0 = Debug|Any CPU
		{B63196F9-AE19-4E4E-85A2-BF39F71F724D}.Release|Any CPU.ActiveCfg = Release|Any CPU
		{B63196F9-AE19-4E4E-85A2-BF39F71F724D}.Release|Any CPU.Build.0 = Release|Any CPU
		{B63196F9-AE19-4E4E-85A2-BF39F71F724D}.Release|x64.ActiveCfg = Release|Any CPU
		{B63196F9-AE19-4E4E-85A2-BF39F71F724D}.Release|x64.Build.0 = Release|Any CPU
		{B63196F9-AE19-4E4E-85A2-BF39F71F724D}.Release|x86.ActiveCfg = Release|Any CPU
		{B63196F9-AE19-4E4E-85A2-BF39F71F724D}.Release|x86.Build.0 = Release|Any CPU
		{69B7C0BF-9C20-450A-B3BC-485AB3ADB842}.Debug|Any CPU.ActiveCfg = Debug|Any CPU
		{69B7C0BF-9C20-450A-B3BC-485AB3ADB842}.Debug|Any CPU.Build.0 = Debug|Any CPU
		{69B7C0BF-9C20-450A-B3BC-485AB3ADB842}.Debug|x64.ActiveCfg = Debug|Any CPU
		{69B7C0BF-9C20-450A-B3BC-485AB3ADB842}.Debug|x64.Build.0 = Debug|Any CPU
		{69B7C0BF-9C20-450A-B3BC-485AB3ADB842}.Debug|x86.ActiveCfg = Debug|Any CPU
		{69B7C0BF-9C20-450A-B3BC-485AB3ADB842}.Debug|x86.Build.0 = Debug|Any CPU
		{69B7C0BF-9C20-450A-B3BC-485AB3ADB842}.Release|Any CPU.ActiveCfg = Release|Any CPU
		{69B7C0BF-9C20-450A-B3BC-485AB3ADB842}.Release|Any CPU.Build.0 = Release|Any CPU
		{69B7C0BF-9C20-450A-B3BC-485AB3ADB842}.Release|x64.ActiveCfg = Release|Any CPU
		{69B7C0BF-9C20-450A-B3BC-485AB3ADB842}.Release|x64.Build.0 = Release|Any CPU
		{69B7C0BF-9C20-450A-B3BC-485AB3ADB842}.Release|x86.ActiveCfg = Release|Any CPU
		{69B7C0BF-9C20-450A-B3BC-485AB3ADB842}.Release|x86.Build.0 = Release|Any CPU
		{BFCAF13B-E3F8-473A-8B97-FA3A051B96B6}.Debug|Any CPU.ActiveCfg = Debug|Any CPU
		{BFCAF13B-E3F8-473A-8B97-FA3A051B96B6}.Debug|Any CPU.Build.0 = Debug|Any CPU
		{BFCAF13B-E3F8-473A-8B97-FA3A051B96B6}.Debug|x64.ActiveCfg = Debug|Any CPU
		{BFCAF13B-E3F8-473A-8B97-FA3A051B96B6}.Debug|x64.Build.0 = Debug|Any CPU
		{BFCAF13B-E3F8-473A-8B97-FA3A051B96B6}.Debug|x86.ActiveCfg = Debug|Any CPU
		{BFCAF13B-E3F8-473A-8B97-FA3A051B96B6}.Debug|x86.Build.0 = Debug|Any CPU
		{BFCAF13B-E3F8-473A-8B97-FA3A051B96B6}.Release|Any CPU.ActiveCfg = Release|Any CPU
		{BFCAF13B-E3F8-473A-8B97-FA3A051B96B6}.Release|Any CPU.Build.0 = Release|Any CPU
		{BFCAF13B-E3F8-473A-8B97-FA3A051B96B6}.Release|x64.ActiveCfg = Release|Any CPU
		{BFCAF13B-E3F8-473A-8B97-FA3A051B96B6}.Release|x64.Build.0 = Release|Any CPU
		{BFCAF13B-E3F8-473A-8B97-FA3A051B96B6}.Release|x86.ActiveCfg = Release|Any CPU
		{BFCAF13B-E3F8-473A-8B97-FA3A051B96B6}.Release|x86.Build.0 = Release|Any CPU
		{41CC0392-6EF4-4A68-BF7D-FA4A37705966}.Debug|Any CPU.ActiveCfg = Debug|Any CPU
		{41CC0392-6EF4-4A68-BF7D-FA4A37705966}.Debug|Any CPU.Build.0 = Debug|Any CPU
		{41CC0392-6EF4-4A68-BF7D-FA4A37705966}.Debug|x64.ActiveCfg = Debug|Any CPU
		{41CC0392-6EF4-4A68-BF7D-FA4A37705966}.Debug|x64.Build.0 = Debug|Any CPU
		{41CC0392-6EF4-4A68-BF7D-FA4A37705966}.Debug|x86.ActiveCfg = Debug|Any CPU
		{41CC0392-6EF4-4A68-BF7D-FA4A37705966}.Debug|x86.Build.0 = Debug|Any CPU
		{41CC0392-6EF4-4A68-BF7D-FA4A37705966}.Release|Any CPU.ActiveCfg = Release|Any CPU
		{41CC0392-6EF4-4A68-BF7D-FA4A37705966}.Release|Any CPU.Build.0 = Release|Any CPU
		{41CC0392-6EF4-4A68-BF7D-FA4A37705966}.Release|x64.ActiveCfg = Release|Any CPU
		{41CC0392-6EF4-4A68-BF7D-FA4A37705966}.Release|x64.Build.0 = Release|Any CPU
		{41CC0392-6EF4-4A68-BF7D-FA4A37705966}.Release|x86.ActiveCfg = Release|Any CPU
		{41CC0392-6EF4-4A68-BF7D-FA4A37705966}.Release|x86.Build.0 = Release|Any CPU
		{2578AFC6-CEFF-43BD-B3A6-65E6B0008B7E}.Debug|Any CPU.ActiveCfg = Debug|Any CPU
		{2578AFC6-CEFF-43BD-B3A6-65E6B0008B7E}.Debug|Any CPU.Build.0 = Debug|Any CPU
		{2578AFC6-CEFF-43BD-B3A6-65E6B0008B7E}.Debug|x64.ActiveCfg = Debug|Any CPU
		{2578AFC6-CEFF-43BD-B3A6-65E6B0008B7E}.Debug|x64.Build.0 = Debug|Any CPU
		{2578AFC6-CEFF-43BD-B3A6-65E6B0008B7E}.Debug|x86.ActiveCfg = Debug|Any CPU
		{2578AFC6-CEFF-43BD-B3A6-65E6B0008B7E}.Debug|x86.Build.0 = Debug|Any CPU
		{2578AFC6-CEFF-43BD-B3A6-65E6B0008B7E}.Release|Any CPU.ActiveCfg = Release|Any CPU
		{2578AFC6-CEFF-43BD-B3A6-65E6B0008B7E}.Release|Any CPU.Build.0 = Release|Any CPU
		{2578AFC6-CEFF-43BD-B3A6-65E6B0008B7E}.Release|x64.ActiveCfg = Release|Any CPU
		{2578AFC6-CEFF-43BD-B3A6-65E6B0008B7E}.Release|x64.Build.0 = Release|Any CPU
		{2578AFC6-CEFF-43BD-B3A6-65E6B0008B7E}.Release|x86.ActiveCfg = Release|Any CPU
		{2578AFC6-CEFF-43BD-B3A6-65E6B0008B7E}.Release|x86.Build.0 = Release|Any CPU
		{86D2BADB-312E-4BB9-85B3-750D7EABB6B9}.Debug|Any CPU.ActiveCfg = Debug|Any CPU
		{86D2BADB-312E-4BB9-85B3-750D7EABB6B9}.Debug|Any CPU.Build.0 = Debug|Any CPU
		{86D2BADB-312E-4BB9-85B3-750D7EABB6B9}.Debug|x64.ActiveCfg = Debug|Any CPU
		{86D2BADB-312E-4BB9-85B3-750D7EABB6B9}.Debug|x64.Build.0 = Debug|Any CPU
		{86D2BADB-312E-4BB9-85B3-750D7EABB6B9}.Debug|x86.ActiveCfg = Debug|Any CPU
		{86D2BADB-312E-4BB9-85B3-750D7EABB6B9}.Debug|x86.Build.0 = Debug|Any CPU
		{86D2BADB-312E-4BB9-85B3-750D7EABB6B9}.Release|Any CPU.ActiveCfg = Release|Any CPU
		{86D2BADB-312E-4BB9-85B3-750D7EABB6B9}.Release|Any CPU.Build.0 = Release|Any CPU
		{86D2BADB-312E-4BB9-85B3-750D7EABB6B9}.Release|x64.ActiveCfg = Release|Any CPU
		{86D2BADB-312E-4BB9-85B3-750D7EABB6B9}.Release|x64.Build.0 = Release|Any CPU
		{86D2BADB-312E-4BB9-85B3-750D7EABB6B9}.Release|x86.ActiveCfg = Release|Any CPU
		{86D2BADB-312E-4BB9-85B3-750D7EABB6B9}.Release|x86.Build.0 = Release|Any CPU
		{E446D09D-BEE1-4CBE-83FB-F284D045AA8E}.Debug|Any CPU.ActiveCfg = Debug|Any CPU
		{E446D09D-BEE1-4CBE-83FB-F284D045AA8E}.Debug|Any CPU.Build.0 = Debug|Any CPU
		{E446D09D-BEE1-4CBE-83FB-F284D045AA8E}.Debug|x64.ActiveCfg = Debug|Any CPU
		{E446D09D-BEE1-4CBE-83FB-F284D045AA8E}.Debug|x64.Build.0 = Debug|Any CPU
		{E446D09D-BEE1-4CBE-83FB-F284D045AA8E}.Debug|x86.ActiveCfg = Debug|Any CPU
		{E446D09D-BEE1-4CBE-83FB-F284D045AA8E}.Debug|x86.Build.0 = Debug|Any CPU
		{E446D09D-BEE1-4CBE-83FB-F284D045AA8E}.Release|Any CPU.ActiveCfg = Release|Any CPU
		{E446D09D-BEE1-4CBE-83FB-F284D045AA8E}.Release|Any CPU.Build.0 = Release|Any CPU
		{E446D09D-BEE1-4CBE-83FB-F284D045AA8E}.Release|x64.ActiveCfg = Release|Any CPU
		{E446D09D-BEE1-4CBE-83FB-F284D045AA8E}.Release|x64.Build.0 = Release|Any CPU
		{E446D09D-BEE1-4CBE-83FB-F284D045AA8E}.Release|x86.ActiveCfg = Release|Any CPU
		{E446D09D-BEE1-4CBE-83FB-F284D045AA8E}.Release|x86.Build.0 = Release|Any CPU
		{B9B11D72-0771-4769-87AC-276319D0C58A}.Debug|Any CPU.ActiveCfg = Debug|Any CPU
		{B9B11D72-0771-4769-87AC-276319D0C58A}.Debug|Any CPU.Build.0 = Debug|Any CPU
		{B9B11D72-0771-4769-87AC-276319D0C58A}.Debug|x64.ActiveCfg = Debug|Any CPU
		{B9B11D72-0771-4769-87AC-276319D0C58A}.Debug|x64.Build.0 = Debug|Any CPU
		{B9B11D72-0771-4769-87AC-276319D0C58A}.Debug|x86.ActiveCfg = Debug|Any CPU
		{B9B11D72-0771-4769-87AC-276319D0C58A}.Debug|x86.Build.0 = Debug|Any CPU
		{B9B11D72-0771-4769-87AC-276319D0C58A}.Release|Any CPU.ActiveCfg = Release|Any CPU
		{B9B11D72-0771-4769-87AC-276319D0C58A}.Release|Any CPU.Build.0 = Release|Any CPU
		{B9B11D72-0771-4769-87AC-276319D0C58A}.Release|x64.ActiveCfg = Release|Any CPU
		{B9B11D72-0771-4769-87AC-276319D0C58A}.Release|x64.Build.0 = Release|Any CPU
		{B9B11D72-0771-4769-87AC-276319D0C58A}.Release|x86.ActiveCfg = Release|Any CPU
		{B9B11D72-0771-4769-87AC-276319D0C58A}.Release|x86.Build.0 = Release|Any CPU
	EndGlobalSection
	GlobalSection(NestedProjects) = preSolution
		{B63196F9-AE19-4E4E-85A2-BF39F71F724D} = {85131A16-2A80-411D-B367-F3EFDF9F40CC}
		{69B7C0BF-9C20-450A-B3BC-485AB3ADB842} = {85131A16-2A80-411D-B367-F3EFDF9F40CC}
		{BFCAF13B-E3F8-473A-8B97-FA3A051B96B6} = {85131A16-2A80-411D-B367-F3EFDF9F40CC}
		{41CC0392-6EF4-4A68-BF7D-FA4A37705966} = {85131A16-2A80-411D-B367-F3EFDF9F40CC}
		{2578AFC6-CEFF-43BD-B3A6-65E6B0008B7E} = {85131A16-2A80-411D-B367-F3EFDF9F40CC}
		{86D2BADB-312E-4BB9-85B3-750D7EABB6B9} = {D00ED1EC-5861-4815-BED7-F4152D473646}
		{E446D09D-BEE1-4CBE-83FB-F284D045AA8E} = {D00ED1EC-5861-4815-BED7-F4152D473646}
		{B9B11D72-0771-4769-87AC-276319D0C58A} = {D00ED1EC-5861-4815-BED7-F4152D473646}
	EndGlobalSection
EndGlobal
