
Microsoft Visual Studio Solution File, Format Version 12.00
# Visual Studio 15
VisualStudioVersion = 15.0.26124.0
MinimumVisualStudioVersion = 15.0.26124.0
Project("{2150E333-8FDC-42A3-9474-1A3956D46DE8}") = "Code", "Code", "{901B479E-8AED-4A24-A083-42FE8F52B90A}"
EndProject
Project("{FAE04EC0-301F-11D3-BF4B-00C04F79EFBC}") = "bugg.Api", "Code\bugg.Api\bugg.Api.csproj", "{497F7085-D20F-4B44-ABBA-A9444AAC4773}"
EndProject
Project("{FAE04EC0-301F-11D3-BF4B-00C04F79EFBC}") = "bugg.BusinessEntities", "Code\bugg.BusinessEntities\bugg.BusinessEntities.csproj", "{E9A2CA79-75C2-461C-9AD6-20EB8D84F6EF}"
EndProject
Project("{FAE04EC0-301F-11D3-BF4B-00C04F79EFBC}") = "bugg.BusinessServices", "Code\bugg.BusinessServices\bugg.BusinessServices.csproj", "{20EB063A-1BD1-4FB2-9EA9-0864E06D0EDA}"
EndProject
Project("{FAE04EC0-301F-11D3-BF4B-00C04F79EFBC}") = "bugg.Contracts", "Code\bugg.Contracts\bugg.Contracts.csproj", "{D4944154-F802-4B92-91ED-B3391AFA0762}"
EndProject
Project("{FAE04EC0-301F-11D3-BF4B-00C04F79EFBC}") = "bugg.Data", "Code\bugg.Data\bugg.Data.csproj", "{84B03334-95A2-430A-A4AB-10A24D8FDE00}"
EndProject
Project("{FAE04EC0-301F-11D3-BF4B-00C04F79EFBC}") = "bugg.Test.Api", "Code\bugg.Test.Api\bugg.Test.Api.csproj", "{559DCE9B-1B2B-4DF8-900B-C2E2813D5F1E}"
EndProject
Project("{FAE04EC0-301F-11D3-BF4B-00C04F79EFBC}") = "bugg.Test.Business", "Code\bugg.Test.Business\bugg.Test.Business.csproj", "{C49AC92A-A0EC-4B20-8668-A1AE7FB66AE9}"
EndProject
Project("{FAE04EC0-301F-11D3-BF4B-00C04F79EFBC}") = "bugg.Test.Framework", "Code\bugg.Test.Framework\bugg.Test.Framework.csproj", "{41339886-3637-44D1-AA89-7B722B5222BB}"
EndProject
Project("{2150E333-8FDC-42A3-9474-1A3956D46DE8}") = "Test", "Test", "{8049F371-C3A0-43EE-AD9C-C1DD7FB0C4C4}"
EndProject
Global
	GlobalSection(SolutionConfigurationPlatforms) = preSolution
		Debug|Any CPU = Debug|Any CPU
		Debug|x64 = Debug|x64
		Debug|x86 = Debug|x86
		Release|Any CPU = Release|Any CPU
		Release|x64 = Release|x64
		Release|x86 = Release|x86
	EndGlobalSection
	GlobalSection(SolutionProperties) = preSolution
		HideSolutionNode = FALSE
	EndGlobalSection
	GlobalSection(ProjectConfigurationPlatforms) = postSolution
		{497F7085-D20F-4B44-ABBA-A9444AAC4773}.Debug|Any CPU.ActiveCfg = Debug|Any CPU
		{497F7085-D20F-4B44-ABBA-A9444AAC4773}.Debug|Any CPU.Build.0 = Debug|Any CPU
		{497F7085-D20F-4B44-ABBA-A9444AAC4773}.Debug|x64.ActiveCfg = Debug|Any CPU
		{497F7085-D20F-4B44-ABBA-A9444AAC4773}.Debug|x64.Build.0 = Debug|Any CPU
		{497F7085-D20F-4B44-ABBA-A9444AAC4773}.Debug|x86.ActiveCfg = Debug|Any CPU
		{497F7085-D20F-4B44-ABBA-A9444AAC4773}.Debug|x86.Build.0 = Debug|Any CPU
		{497F7085-D20F-4B44-ABBA-A9444AAC4773}.Release|Any CPU.ActiveCfg = Release|Any CPU
		{497F7085-D20F-4B44-ABBA-A9444AAC4773}.Release|Any CPU.Build.0 = Release|Any CPU
		{497F7085-D20F-4B44-ABBA-A9444AAC4773}.Release|x64.ActiveCfg = Release|Any CPU
		{497F7085-D20F-4B44-ABBA-A9444AAC4773}.Release|x64.Build.0 = Release|Any CPU
		{497F7085-D20F-4B44-ABBA-A9444AAC4773}.Release|x86.ActiveCfg = Release|Any CPU
		{497F7085-D20F-4B44-ABBA-A9444AAC4773}.Release|x86.Build.0 = Release|Any CPU
		{E9A2CA79-75C2-461C-9AD6-20EB8D84F6EF}.Debug|Any CPU.ActiveCfg = Debug|Any CPU
		{E9A2CA79-75C2-461C-9AD6-20EB8D84F6EF}.Debug|Any CPU.Build.0 = Debug|Any CPU
		{E9A2CA79-75C2-461C-9AD6-20EB8D84F6EF}.Debug|x64.ActiveCfg = Debug|Any CPU
		{E9A2CA79-75C2-461C-9AD6-20EB8D84F6EF}.Debug|x64.Build.0 = Debug|Any CPU
		{E9A2CA79-75C2-461C-9AD6-20EB8D84F6EF}.Debug|x86.ActiveCfg = Debug|Any CPU
		{E9A2CA79-75C2-461C-9AD6-20EB8D84F6EF}.Debug|x86.Build.0 = Debug|Any CPU
		{E9A2CA79-75C2-461C-9AD6-20EB8D84F6EF}.Release|Any CPU.ActiveCfg = Release|Any CPU
		{E9A2CA79-75C2-461C-9AD6-20EB8D84F6EF}.Release|Any CPU.Build.0 = Release|Any CPU
		{E9A2CA79-75C2-461C-9AD6-20EB8D84F6EF}.Release|x64.ActiveCfg = Release|Any CPU
		{E9A2CA79-75C2-461C-9AD6-20EB8D84F6EF}.Release|x64.Build.0 = Release|Any CPU
		{E9A2CA79-75C2-461C-9AD6-20EB8D84F6EF}.Release|x86.ActiveCfg = Release|Any CPU
		{E9A2CA79-75C2-461C-9AD6-20EB8D84F6EF}.Release|x86.Build.0 = Release|Any CPU
		{20EB063A-1BD1-4FB2-9EA9-0864E06D0EDA}.Debug|Any CPU.ActiveCfg = Debug|Any CPU
		{20EB063A-1BD1-4FB2-9EA9-0864E06D0EDA}.Debug|Any CPU.Build.0 = Debug|Any CPU
		{20EB063A-1BD1-4FB2-9EA9-0864E06D0EDA}.Debug|x64.ActiveCfg = Debug|Any CPU
		{20EB063A-1BD1-4FB2-9EA9-0864E06D0EDA}.Debug|x64.Build.0 = Debug|Any CPU
		{20EB063A-1BD1-4FB2-9EA9-0864E06D0EDA}.Debug|x86.ActiveCfg = Debug|Any CPU
		{20EB063A-1BD1-4FB2-9EA9-0864E06D0EDA}.Debug|x86.Build.0 = Debug|Any CPU
		{20EB063A-1BD1-4FB2-9EA9-0864E06D0EDA}.Release|Any CPU.ActiveCfg = Release|Any CPU
		{20EB063A-1BD1-4FB2-9EA9-0864E06D0EDA}.Release|Any CPU.Build.0 = Release|Any CPU
		{20EB063A-1BD1-4FB2-9EA9-0864E06D0EDA}.Release|x64.ActiveCfg = Release|Any CPU
		{20EB063A-1BD1-4FB2-9EA9-0864E06D0EDA}.Release|x64.Build.0 = Release|Any CPU
		{20EB063A-1BD1-4FB2-9EA9-0864E06D0EDA}.Release|x86.ActiveCfg = Release|Any CPU
		{20EB063A-1BD1-4FB2-9EA9-0864E06D0EDA}.Release|x86.Build.0 = Release|Any CPU
		{D4944154-F802-4B92-91ED-B3391AFA0762}.Debug|Any CPU.ActiveCfg = Debug|Any CPU
		{D4944154-F802-4B92-91ED-B3391AFA0762}.Debug|Any CPU.Build.0 = Debug|Any CPU
		{D4944154-F802-4B92-91ED-B3391AFA0762}.Debug|x64.ActiveCfg = Debug|Any CPU
		{D4944154-F802-4B92-91ED-B3391AFA0762}.Debug|x64.Build.0 = Debug|Any CPU
		{D4944154-F802-4B92-91ED-B3391AFA0762}.Debug|x86.ActiveCfg = Debug|Any CPU
		{D4944154-F802-4B92-91ED-B3391AFA0762}.Debug|x86.Build.0 = Debug|Any CPU
		{D4944154-F802-4B92-91ED-B3391AFA0762}.Release|Any CPU.ActiveCfg = Release|Any CPU
		{D4944154-F802-4B92-91ED-B3391AFA0762}.Release|Any CPU.Build.0 = Release|Any CPU
		{D4944154-F802-4B92-91ED-B3391AFA0762}.Release|x64.ActiveCfg = Release|Any CPU
		{D4944154-F802-4B92-91ED-B3391AFA0762}.Release|x64.Build.0 = Release|Any CPU
		{D4944154-F802-4B92-91ED-B3391AFA0762}.Release|x86.ActiveCfg = Release|Any CPU
		{D4944154-F802-4B92-91ED-B3391AFA0762}.Release|x86.Build.0 = Release|Any CPU
		{84B03334-95A2-430A-A4AB-10A24D8FDE00}.Debug|Any CPU.ActiveCfg = Debug|Any CPU
		{84B03334-95A2-430A-A4AB-10A24D8FDE00}.Debug|Any CPU.Build.0 = Debug|Any CPU
		{84B03334-95A2-430A-A4AB-10A24D8FDE00}.Debug|x64.ActiveCfg = Debug|Any CPU
		{84B03334-95A2-430A-A4AB-10A24D8FDE00}.Debug|x64.Build.0 = Debug|Any CPU
		{84B03334-95A2-430A-A4AB-10A24D8FDE00}.Debug|x86.ActiveCfg = Debug|Any CPU
		{84B03334-95A2-430A-A4AB-10A24D8FDE00}.Debug|x86.Build.0 = Debug|Any CPU
		{84B03334-95A2-430A-A4AB-10A24D8FDE00}.Release|Any CPU.ActiveCfg = Release|Any CPU
		{84B03334-95A2-430A-A4AB-10A24D8FDE00}.Release|Any CPU.Build.0 = Release|Any CPU
		{84B03334-95A2-430A-A4AB-10A24D8FDE00}.Release|x64.ActiveCfg = Release|Any CPU
		{84B03334-95A2-430A-A4AB-10A24D8FDE00}.Release|x64.Build.0 = Release|Any CPU
		{84B03334-95A2-430A-A4AB-10A24D8FDE00}.Release|x86.ActiveCfg = Release|Any CPU
		{84B03334-95A2-430A-A4AB-10A24D8FDE00}.Release|x86.Build.0 = Release|Any CPU
		{559DCE9B-1B2B-4DF8-900B-C2E2813D5F1E}.Debug|Any CPU.ActiveCfg = Debug|Any CPU
		{559DCE9B-1B2B-4DF8-900B-C2E2813D5F1E}.Debug|Any CPU.Build.0 = Debug|Any CPU
		{559DCE9B-1B2B-4DF8-900B-C2E2813D5F1E}.Debug|x64.ActiveCfg = Debug|Any CPU
		{559DCE9B-1B2B-4DF8-900B-C2E2813D5F1E}.Debug|x64.Build.0 = Debug|Any CPU
		{559DCE9B-1B2B-4DF8-900B-C2E2813D5F1E}.Debug|x86.ActiveCfg = Debug|Any CPU
		{559DCE9B-1B2B-4DF8-900B-C2E2813D5F1E}.Debug|x86.Build.0 = Debug|Any CPU
		{559DCE9B-1B2B-4DF8-900B-C2E2813D5F1E}.Release|Any CPU.ActiveCfg = Release|Any CPU
		{559DCE9B-1B2B-4DF8-900B-C2E2813D5F1E}.Release|Any CPU.Build.0 = Release|Any CPU
		{559DCE9B-1B2B-4DF8-900B-C2E2813D5F1E}.Release|x64.ActiveCfg = Release|Any CPU
		{559DCE9B-1B2B-4DF8-900B-C2E2813D5F1E}.Release|x64.Build.0 = Release|Any CPU
		{559DCE9B-1B2B-4DF8-900B-C2E2813D5F1E}.Release|x86.ActiveCfg = Release|Any CPU
		{559DCE9B-1B2B-4DF8-900B-C2E2813D5F1E}.Release|x86.Build.0 = Release|Any CPU
		{C49AC92A-A0EC-4B20-8668-A1AE7FB66AE9}.Debug|Any CPU.ActiveCfg = Debug|Any CPU
		{C49AC92A-A0EC-4B20-8668-A1AE7FB66AE9}.Debug|Any CPU.Build.0 = Debug|Any CPU
		{C49AC92A-A0EC-4B20-8668-A1AE7FB66AE9}.Debug|x64.ActiveCfg = Debug|Any CPU
		{C49AC92A-A0EC-4B20-8668-A1AE7FB66AE9}.Debug|x64.Build.0 = Debug|Any CPU
		{C49AC92A-A0EC-4B20-8668-A1AE7FB66AE9}.Debug|x86.ActiveCfg = Debug|Any CPU
		{C49AC92A-A0EC-4B20-8668-A1AE7FB66AE9}.Debug|x86.Build.0 = Debug|Any CPU
		{C49AC92A-A0EC-4B20-8668-A1AE7FB66AE9}.Release|Any CPU.ActiveCfg = Release|Any CPU
		{C49AC92A-A0EC-4B20-8668-A1AE7FB66AE9}.Release|Any CPU.Build.0 = Release|Any CPU
		{C49AC92A-A0EC-4B20-8668-A1AE7FB66AE9}.Release|x64.ActiveCfg = Release|Any CPU
		{C49AC92A-A0EC-4B20-8668-A1AE7FB66AE9}.Release|x64.Build.0 = Release|Any CPU
		{C49AC92A-A0EC-4B20-8668-A1AE7FB66AE9}.Release|x86.ActiveCfg = Release|Any CPU
		{C49AC92A-A0EC-4B20-8668-A1AE7FB66AE9}.Release|x86.Build.0 = Release|Any CPU
		{41339886-3637-44D1-AA89-7B722B5222BB}.Debug|Any CPU.ActiveCfg = Debug|Any CPU
		{41339886-3637-44D1-AA89-7B722B5222BB}.Debug|Any CPU.Build.0 = Debug|Any CPU
		{41339886-3637-44D1-AA89-7B722B5222BB}.Debug|x64.ActiveCfg = Debug|Any CPU
		{41339886-3637-44D1-AA89-7B722B5222BB}.Debug|x64.Build.0 = Debug|Any CPU
		{41339886-3637-44D1-AA89-7B722B5222BB}.Debug|x86.ActiveCfg = Debug|Any CPU
		{41339886-3637-44D1-AA89-7B722B5222BB}.Debug|x86.Build.0 = Debug|Any CPU
		{41339886-3637-44D1-AA89-7B722B5222BB}.Release|Any CPU.ActiveCfg = Release|Any CPU
		{41339886-3637-44D1-AA89-7B722B5222BB}.Release|Any CPU.Build.0 = Release|Any CPU
		{41339886-3637-44D1-AA89-7B722B5222BB}.Release|x64.ActiveCfg = Release|Any CPU
		{41339886-3637-44D1-AA89-7B722B5222BB}.Release|x64.Build.0 = Release|Any CPU
		{41339886-3637-44D1-AA89-7B722B5222BB}.Release|x86.ActiveCfg = Release|Any CPU
		{41339886-3637-44D1-AA89-7B722B5222BB}.Release|x86.Build.0 = Release|Any CPU
	EndGlobalSection
	GlobalSection(NestedProjects) = preSolution
		{497F7085-D20F-4B44-ABBA-A9444AAC4773} = {901B479E-8AED-4A24-A083-42FE8F52B90A}
		{E9A2CA79-75C2-461C-9AD6-20EB8D84F6EF} = {901B479E-8AED-4A24-A083-42FE8F52B90A}
		{20EB063A-1BD1-4FB2-9EA9-0864E06D0EDA} = {901B479E-8AED-4A24-A083-42FE8F52B90A}
		{D4944154-F802-4B92-91ED-B3391AFA0762} = {901B479E-8AED-4A24-A083-42FE8F52B90A}
		{84B03334-95A2-430A-A4AB-10A24D8FDE00} = {901B479E-8AED-4A24-A083-42FE8F52B90A}
		{559DCE9B-1B2B-4DF8-900B-C2E2813D5F1E} = {8049F371-C3A0-43EE-AD9C-C1DD7FB0C4C4}
		{C49AC92A-A0EC-4B20-8668-A1AE7FB66AE9} = {8049F371-C3A0-43EE-AD9C-C1DD7FB0C4C4}
		{41339886-3637-44D1-AA89-7B722B5222BB} = {8049F371-C3A0-43EE-AD9C-C1DD7FB0C4C4}
	EndGlobalSection
EndGlobal
